// !$*UTF8*$!
{
	archiveVersion = 1;
	classes = {
	};
	objectVersion = 46;
	objects = {

/* Begin PBXBuildFile section */
		31CC1663B4E8B0C1E4B303A8 /* Pods_Spika.framework in Frameworks */ = {isa = PBXBuildFile; fileRef = 3D793BEC9E449E4D8672A410 /* Pods_Spika.framework */; };
		4E03A6C61E7A922E00511DCB /* UIColor+Alpha.swift in Sources */ = {isa = PBXBuildFile; fileRef = 4E03A6C51E7A922E00511DCB /* UIColor+Alpha.swift */; };
		4E03A6C81E7A9B9100511DCB /* NSNotification+Spika.swift in Sources */ = {isa = PBXBuildFile; fileRef = 4E03A6C71E7A9B9100511DCB /* NSNotification+Spika.swift */; };
		4E03A6CA1E7AAA4500511DCB /* UIDevice+Version.swift in Sources */ = {isa = PBXBuildFile; fileRef = 4E03A6C91E7AAA4500511DCB /* UIDevice+Version.swift */; };
		4E03A6CC1E7AAB8200511DCB /* Date+Formatter.swift in Sources */ = {isa = PBXBuildFile; fileRef = 4E03A6CB1E7AAB8200511DCB /* Date+Formatter.swift */; };
		4E03A6D01E7BD67600511DCB /* UIAlertController+APIError.swift in Sources */ = {isa = PBXBuildFile; fileRef = 4E03A6CF1E7BD67600511DCB /* UIAlertController+APIError.swift */; };
		4E5F0AAF1E655DF800107A34 /* AppDelegate.swift in Sources */ = {isa = PBXBuildFile; fileRef = 4E5F0AAD1E655DF800107A34 /* AppDelegate.swift */; };
		4E5F0AB01E655DF800107A34 /* ViewController.swift in Sources */ = {isa = PBXBuildFile; fileRef = 4E5F0AAE1E655DF800107A34 /* ViewController.swift */; };
		4E5F0AB21E6561C100107A34 /* JSONValueTransformer+CustomTransformer.swift in Sources */ = {isa = PBXBuildFile; fileRef = 4E5F0AB11E6561C100107A34 /* JSONValueTransformer+CustomTransformer.swift */; };
		4E5F0AC11E656A5500107A34 /* CSSeenByModel.swift in Sources */ = {isa = PBXBuildFile; fileRef = 4E5F0AB31E656A5500107A34 /* CSSeenByModel.swift */; };
		4E5F0AC21E656A5500107A34 /* CSStickerPageModel.swift in Sources */ = {isa = PBXBuildFile; fileRef = 4E5F0AB41E656A5500107A34 /* CSStickerPageModel.swift */; };
		4E5F0AC31E656A5500107A34 /* CSStickerModel.swift in Sources */ = {isa = PBXBuildFile; fileRef = 4E5F0AB51E656A5500107A34 /* CSStickerModel.swift */; };
		4E5F0AC41E656A5500107A34 /* CSModel.swift in Sources */ = {isa = PBXBuildFile; fileRef = 4E5F0AB61E656A5500107A34 /* CSModel.swift */; };
		4E5F0AC51E656A5500107A34 /* CSMessageModel.swift in Sources */ = {isa = PBXBuildFile; fileRef = 4E5F0AB71E656A5500107A34 /* CSMessageModel.swift */; };
		4E5F0AC61E656A5500107A34 /* CSFileDetailsModel.swift in Sources */ = {isa = PBXBuildFile; fileRef = 4E5F0AB81E656A5500107A34 /* CSFileDetailsModel.swift */; };
		4E5F0AC71E656A5500107A34 /* CSFileModel.swift in Sources */ = {isa = PBXBuildFile; fileRef = 4E5F0AB91E656A5500107A34 /* CSFileModel.swift */; };
		4E5F0AC81E656A5500107A34 /* CSGetMessages.swift in Sources */ = {isa = PBXBuildFile; fileRef = 4E5F0ABA1E656A5500107A34 /* CSGetMessages.swift */; };
		4E5F0AC91E656A5500107A34 /* CSLocationModel.swift in Sources */ = {isa = PBXBuildFile; fileRef = 4E5F0ABB1E656A5500107A34 /* CSLocationModel.swift */; };
		4E5F0ACA1E656A5500107A34 /* CSLoginResult.swift in Sources */ = {isa = PBXBuildFile; fileRef = 4E5F0ABC1E656A5500107A34 /* CSLoginResult.swift */; };
		4E5F0ACB1E656A5500107A34 /* CSResponseModel.swift in Sources */ = {isa = PBXBuildFile; fileRef = 4E5F0ABD1E656A5500107A34 /* CSResponseModel.swift */; };
		4E5F0ACC1E656A5500107A34 /* CSStickerListModel.swift in Sources */ = {isa = PBXBuildFile; fileRef = 4E5F0ABE1E656A5500107A34 /* CSStickerListModel.swift */; };
		4E5F0ACD1E656A5500107A34 /* CSTypingModel.swift in Sources */ = {isa = PBXBuildFile; fileRef = 4E5F0ABF1E656A5500107A34 /* CSTypingModel.swift */; };
		4E5F0ACE1E656A5500107A34 /* CSUserModel.swift in Sources */ = {isa = PBXBuildFile; fileRef = 4E5F0AC01E656A5500107A34 /* CSUserModel.swift */; };
		4E5F0AD91E65722D00107A34 /* CSApiManager.swift in Sources */ = {isa = PBXBuildFile; fileRef = 4E5F0ACF1E65722D00107A34 /* CSApiManager.swift */; };
		4E5F0ADA1E65722D00107A34 /* CSAvatarLoader.swift in Sources */ = {isa = PBXBuildFile; fileRef = 4E5F0AD01E65722D00107A34 /* CSAvatarLoader.swift */; };
		4E5F0ADB1E65722D00107A34 /* CSChatErrorCodes.swift in Sources */ = {isa = PBXBuildFile; fileRef = 4E5F0AD11E65722D00107A34 /* CSChatErrorCodes.swift */; };
		4E5F0ADC1E65722D00107A34 /* CSConfig.swift in Sources */ = {isa = PBXBuildFile; fileRef = 4E5F0AD21E65722D00107A34 /* CSConfig.swift */; };
		4E5F0ADD1E65722D00107A34 /* CSCustomConfig.swift in Sources */ = {isa = PBXBuildFile; fileRef = 4E5F0AD31E65722D00107A34 /* CSCustomConfig.swift */; };
		4E5F0ADE1E65722D00107A34 /* CSDownloadManager.swift in Sources */ = {isa = PBXBuildFile; fileRef = 4E5F0AD41E65722D00107A34 /* CSDownloadManager.swift */; };
		4E5F0ADF1E65722D00107A34 /* CSEmitJsonCreator.swift in Sources */ = {isa = PBXBuildFile; fileRef = 4E5F0AD51E65722D00107A34 /* CSEmitJsonCreator.swift */; };
		4E5F0AE01E65722D00107A34 /* CSSocketController.swift in Sources */ = {isa = PBXBuildFile; fileRef = 4E5F0AD61E65722D00107A34 /* CSSocketController.swift */; };
		4E5F0AE11E65722D00107A34 /* CSUploadManager.swift in Sources */ = {isa = PBXBuildFile; fileRef = 4E5F0AD71E65722D00107A34 /* CSUploadManager.swift */; };
		4E5F0AE21E65722D00107A34 /* CSUtils.swift in Sources */ = {isa = PBXBuildFile; fileRef = 4E5F0AD81E65722D00107A34 /* CSUtils.swift */; };
		4E5F0AE71E657D3200107A34 /* SocketEventHandler.swift in Sources */ = {isa = PBXBuildFile; fileRef = 4E5F0AE51E657D3200107A34 /* SocketEventHandler.swift */; };
		4E5F0AE81E657D3200107A34 /* SIOSocket.swift in Sources */ = {isa = PBXBuildFile; fileRef = 4E5F0AE61E657D3200107A34 /* SIOSocket.swift */; };
		4E5F0AEA1E65A73B00107A34 /* CSProgressUploadingView.swift in Sources */ = {isa = PBXBuildFile; fileRef = 4E5F0AE91E65A73B00107A34 /* CSProgressUploadingView.swift */; };
		4E5F0AEC1E65AFCD00107A34 /* CSProgressLoadingView.swift in Sources */ = {isa = PBXBuildFile; fileRef = 4E5F0AEB1E65AFCD00107A34 /* CSProgressLoadingView.swift */; };
		4E5F0AEE1E65B2B400107A34 /* CSBaseViewController.swift in Sources */ = {isa = PBXBuildFile; fileRef = 4E5F0AED1E65B2B400107A34 /* CSBaseViewController.swift */; };
		4E5F0AF01E65BD9F00107A34 /* SE2AudioPlayerView.swift in Sources */ = {isa = PBXBuildFile; fileRef = 4E5F0AEF1E65BD9F00107A34 /* SE2AudioPlayerView.swift */; };
		4E5F0AF21E65BE5B00107A34 /* CSAudioPreviewView.swift in Sources */ = {isa = PBXBuildFile; fileRef = 4E5F0AF11E65BE5B00107A34 /* CSAudioPreviewView.swift */; };
		4E5F0AF41E65BEA300107A34 /* CSBasePreviewView.swift in Sources */ = {isa = PBXBuildFile; fileRef = 4E5F0AF31E65BEA300107A34 /* CSBasePreviewView.swift */; };
		4E5F0AF61E65C21A00107A34 /* CSAvatarView.swift in Sources */ = {isa = PBXBuildFile; fileRef = 4E5F0AF51E65C21A00107A34 /* CSAvatarView.swift */; };
		4E5F0AF81E65C24E00107A34 /* CSCustomView.swift in Sources */ = {isa = PBXBuildFile; fileRef = 4E5F0AF71E65C24E00107A34 /* CSCustomView.swift */; };
		4E5F0AFB1E65C5D800107A34 /* ChatSettingsViewDelegate.swift in Sources */ = {isa = PBXBuildFile; fileRef = 4E5F0AF91E65C5D800107A34 /* ChatSettingsViewDelegate.swift */; };
		4E5F0AFC1E65C5D800107A34 /* CSChatSettingsView.swift in Sources */ = {isa = PBXBuildFile; fileRef = 4E5F0AFA1E65C5D800107A34 /* CSChatSettingsView.swift */; };
		4E5F0AFF1E65EDA800107A34 /* CSStickerDelegate.swift in Sources */ = {isa = PBXBuildFile; fileRef = 4E5F0AFD1E65EDA800107A34 /* CSStickerDelegate.swift */; };
		4E5F0B001E65EDA800107A34 /* CSStickerView.swift in Sources */ = {isa = PBXBuildFile; fileRef = 4E5F0AFE1E65EDA800107A34 /* CSStickerView.swift */; };
		4E5F0B041E65EF7800107A34 /* CSStickerCategoryCollectionViewCell.swift in Sources */ = {isa = PBXBuildFile; fileRef = 4E5F0B011E65EF7800107A34 /* CSStickerCategoryCollectionViewCell.swift */; };
		4E5F0B051E65EF7800107A34 /* CSStickerPageCollectionViewCell.swift in Sources */ = {isa = PBXBuildFile; fileRef = 4E5F0B021E65EF7800107A34 /* CSStickerPageCollectionViewCell.swift */; };
		4E5F0B061E65EF7800107A34 /* CSStickerCollectionViewCell.swift in Sources */ = {isa = PBXBuildFile; fileRef = 4E5F0B031E65EF7800107A34 /* CSStickerCollectionViewCell.swift */; };
		4E5F0B081E65F6DE00107A34 /* CSTitleView.swift in Sources */ = {isa = PBXBuildFile; fileRef = 4E5F0B071E65F6DE00107A34 /* CSTitleView.swift */; };
		4E5F0B0B1E65F78400107A34 /* CSNotificationOverlayQueue.swift in Sources */ = {isa = PBXBuildFile; fileRef = 4E5F0B091E65F78400107A34 /* CSNotificationOverlayQueue.swift */; };
		4E5F0B0C1E65F78400107A34 /* CSNotificationOverlayView.swift in Sources */ = {isa = PBXBuildFile; fileRef = 4E5F0B0A1E65F78400107A34 /* CSNotificationOverlayView.swift */; };
		4E5F0B0E1E65FABF00107A34 /* CSImagePreviewView.swift in Sources */ = {isa = PBXBuildFile; fileRef = 4E5F0B0D1E65FABF00107A34 /* CSImagePreviewView.swift */; };
		4E5F0B111E65FBA400107A34 /* CSMenuViewDelegate.swift in Sources */ = {isa = PBXBuildFile; fileRef = 4E5F0B0F1E65FBA400107A34 /* CSMenuViewDelegate.swift */; };
		4E5F0B121E65FBA400107A34 /* CSMenuView.swift in Sources */ = {isa = PBXBuildFile; fileRef = 4E5F0B101E65FBA400107A34 /* CSMenuView.swift */; };
		4E5F0B141E65FF4700107A34 /* CSVideoPreviewView.swift in Sources */ = {isa = PBXBuildFile; fileRef = 4E5F0B131E65FF4700107A34 /* CSVideoPreviewView.swift */; };
		4E5F0B161E6602F800107A34 /* CSCellClickedDelegate.swift in Sources */ = {isa = PBXBuildFile; fileRef = 4E5F0B151E6602F800107A34 /* CSCellClickedDelegate.swift */; };
		4E5F0B181E66030C00107A34 /* CSBaseTableViewCell.swift in Sources */ = {isa = PBXBuildFile; fileRef = 4E5F0B171E66030C00107A34 /* CSBaseTableViewCell.swift */; };
		4E5F0B1A1E66057F00107A34 /* CSMyStickerMessageCell.swift in Sources */ = {isa = PBXBuildFile; fileRef = 4E5F0B191E66057F00107A34 /* CSMyStickerMessageCell.swift */; };
		4E5F0B1C1E6606E900107A34 /* CSYourStickerMessageCell.swift in Sources */ = {isa = PBXBuildFile; fileRef = 4E5F0B1B1E6606E900107A34 /* CSYourStickerMessageCell.swift */; };
		4E5F0B1E1E66088100107A34 /* CSMyImageMessageTableViewCell.swift in Sources */ = {isa = PBXBuildFile; fileRef = 4E5F0B1D1E66088100107A34 /* CSMyImageMessageTableViewCell.swift */; };
		4E5F0B201E660BD700107A34 /* CSMyMediaMessageTableViewCell.swift in Sources */ = {isa = PBXBuildFile; fileRef = 4E5F0B1F1E660BD700107A34 /* CSMyMediaMessageTableViewCell.swift */; };
		4E5F0B221E66B71B00107A34 /* CSMyTextMessageTableViewCell.swift in Sources */ = {isa = PBXBuildFile; fileRef = 4E5F0B211E66B71B00107A34 /* CSMyTextMessageTableViewCell.swift */; };
		4E5F0B241E66B8A700107A34 /* CSSeenByTableViewCell.swift in Sources */ = {isa = PBXBuildFile; fileRef = 4E5F0B231E66B8A700107A34 /* CSSeenByTableViewCell.swift */; };
		4E5F0B261E66BC6400107A34 /* CSUserInfoTableViewCell.swift in Sources */ = {isa = PBXBuildFile; fileRef = 4E5F0B251E66BC6400107A34 /* CSUserInfoTableViewCell.swift */; };
		4E5F0B281E66BD5200107A34 /* CSUsersTableViewCell.swift in Sources */ = {isa = PBXBuildFile; fileRef = 4E5F0B271E66BD5200107A34 /* CSUsersTableViewCell.swift */; };
		4E5F0B2A1E66BDB600107A34 /* CSYourImageMessageTableViewCell.swift in Sources */ = {isa = PBXBuildFile; fileRef = 4E5F0B291E66BDB600107A34 /* CSYourImageMessageTableViewCell.swift */; };
		4E5F0B2C1E66BE4500107A34 /* CSYourMediaMessageTableViewCell.swift in Sources */ = {isa = PBXBuildFile; fileRef = 4E5F0B2B1E66BE4500107A34 /* CSYourMediaMessageTableViewCell.swift */; };
		4E5F0B2E1E66BF0700107A34 /* CSYourTextMessageTableViewCell.swift in Sources */ = {isa = PBXBuildFile; fileRef = 4E5F0B2D1E66BF0700107A34 /* CSYourTextMessageTableViewCell.swift */; };
		4E5F0B301E66BFEB00107A34 /* CSUsersViewController.swift in Sources */ = {isa = PBXBuildFile; fileRef = 4E5F0B2F1E66BFEB00107A34 /* CSUsersViewController.swift */; };
		4E5F0B331E66CB1A00107A34 /* CSMapViewController.swift in Sources */ = {isa = PBXBuildFile; fileRef = 4E5F0B311E66CB1A00107A34 /* CSMapViewController.swift */; };
		4E5F0B341E66CB1A00107A34 /* CSDisplayMap.swift in Sources */ = {isa = PBXBuildFile; fileRef = 4E5F0B321E66CB1A00107A34 /* CSDisplayMap.swift */; };
		4E5F0B361E66CC0700107A34 /* CSMessageInfoViewController.swift in Sources */ = {isa = PBXBuildFile; fileRef = 4E5F0B351E66CC0700107A34 /* CSMessageInfoViewController.swift */; };
		4E5F0B381E66CDAA00107A34 /* CSRecordAudioViewController.swift in Sources */ = {isa = PBXBuildFile; fileRef = 4E5F0B371E66CDAA00107A34 /* CSRecordAudioViewController.swift */; };
		4E5F0B3A1E66D03F00107A34 /* CSUploadImagePreviewViewController.swift in Sources */ = {isa = PBXBuildFile; fileRef = 4E5F0B391E66D03F00107A34 /* CSUploadImagePreviewViewController.swift */; };
		4E5F0B3C1E66D19F00107A34 /* CSUploadVideoPreviewViewController.swift in Sources */ = {isa = PBXBuildFile; fileRef = 4E5F0B3B1E66D19F00107A34 /* CSUploadVideoPreviewViewController.swift */; };
		4E5F0B3E1E66D43E00107A34 /* CSChatViewController.swift in Sources */ = {isa = PBXBuildFile; fileRef = 4E5F0B3D1E66D43E00107A34 /* CSChatViewController.swift */; };
		EA4AB2711CAA8CE300A4EEDE /* CSRecordAudioViewController.xib in Resources */ = {isa = PBXBuildFile; fileRef = EA4AB26F1CAA8CE300A4EEDE /* CSRecordAudioViewController.xib */; };
		EA4AB2771CAA8D0600A4EEDE /* SE2AudioPlayerView.xib in Resources */ = {isa = PBXBuildFile; fileRef = EA4AB2751CAA8D0600A4EEDE /* SE2AudioPlayerView.xib */; };
		EA77FABF1C4E5E2C003005E9 /* CSNotificationOverlayView.xib in Resources */ = {isa = PBXBuildFile; fileRef = EA77FABC1C4E5E2C003005E9 /* CSNotificationOverlayView.xib */; };
		EAB9AA621C19D1FA00460730 /* CSAvatarView.xib in Resources */ = {isa = PBXBuildFile; fileRef = EAB9AA611C19D1FA00460730 /* CSAvatarView.xib */; };
		EABB0BC61CA3F26800FE7350 /* CSStickerCategoryCollectionViewCell.xib in Resources */ = {isa = PBXBuildFile; fileRef = EABB0BC41CA3F26800FE7350 /* CSStickerCategoryCollectionViewCell.xib */; };
		EABB0BD11CA3FC6700FE7350 /* CSMyStickerMessageCell.xib in Resources */ = {isa = PBXBuildFile; fileRef = EABB0BD01CA3FC6700FE7350 /* CSMyStickerMessageCell.xib */; };
		EABB0BD61CA3FD5100FE7350 /* CSYourStickerMessageCell.xib in Resources */ = {isa = PBXBuildFile; fileRef = EABB0BD51CA3FD5100FE7350 /* CSYourStickerMessageCell.xib */; };
		EAC6BE4E1C1703D80038CCB6 /* Assets.xcassets in Resources */ = {isa = PBXBuildFile; fileRef = EAC6BE431C1703D80038CCB6 /* Assets.xcassets */; };
		EAC6BE4F1C1703D80038CCB6 /* LaunchScreen.storyboard in Resources */ = {isa = PBXBuildFile; fileRef = EAC6BE451C1703D80038CCB6 /* LaunchScreen.storyboard */; };
		EAC6BE501C1703D80038CCB6 /* Main.storyboard in Resources */ = {isa = PBXBuildFile; fileRef = EAC6BE471C1703D80038CCB6 /* Main.storyboard */; };
		EAC6BEA81C17186F0038CCB6 /* CSChatViewController.xib in Resources */ = {isa = PBXBuildFile; fileRef = EAC6BE8C1C17186F0038CCB6 /* CSChatViewController.xib */; };
		EAC6BEAB1C17186F0038CCB6 /* CSMapViewController.xib in Resources */ = {isa = PBXBuildFile; fileRef = EAC6BE921C17186F0038CCB6 /* CSMapViewController.xib */; };
		EAC6BEAD1C17186F0038CCB6 /* CSMessageInfoViewController.xib in Resources */ = {isa = PBXBuildFile; fileRef = EAC6BE961C17186F0038CCB6 /* CSMessageInfoViewController.xib */; };
		EAC6BEB11C17186F0038CCB6 /* CSUploadImagePreviewViewController.xib in Resources */ = {isa = PBXBuildFile; fileRef = EAC6BE9E1C17186F0038CCB6 /* CSUploadImagePreviewViewController.xib */; };
		EAC6BEB31C17186F0038CCB6 /* CSUploadVideoPreviewViewController.xib in Resources */ = {isa = PBXBuildFile; fileRef = EAC6BEA21C17186F0038CCB6 /* CSUploadVideoPreviewViewController.xib */; };
		EAC6BEB51C17186F0038CCB6 /* CSUsersViewController.xib in Resources */ = {isa = PBXBuildFile; fileRef = EAC6BEA61C17186F0038CCB6 /* CSUsersViewController.xib */; };
		EAC6BEBD1C1719260038CCB6 /* CSChatSettingsView.xib in Resources */ = {isa = PBXBuildFile; fileRef = EAC6BEBA1C1719260038CCB6 /* CSChatSettingsView.xib */; };
		EAC6BEC41C171A290038CCB6 /* CSMenuView.xib in Resources */ = {isa = PBXBuildFile; fileRef = EAC6BEC11C171A290038CCB6 /* CSMenuView.xib */; };
		EAC6BECE1C171C4D0038CCB6 /* CSUsersTableViewCell.xib in Resources */ = {isa = PBXBuildFile; fileRef = EAC6BECC1C171C4D0038CCB6 /* CSUsersTableViewCell.xib */; };
		EAC6BED41C171CFF0038CCB6 /* CSProgressUploadingView.xib in Resources */ = {isa = PBXBuildFile; fileRef = EAC6BED21C171CFF0038CCB6 /* CSProgressUploadingView.xib */; };
		EAC6BEDA1C171D770038CCB6 /* CSSeenByTableViewCell.xib in Resources */ = {isa = PBXBuildFile; fileRef = EAC6BED81C171D770038CCB6 /* CSSeenByTableViewCell.xib */; };
		EAC6BEE61C171EF10038CCB6 /* CSMyTextMessageTableViewCell.xib in Resources */ = {isa = PBXBuildFile; fileRef = EAC6BEE41C171EF10038CCB6 /* CSMyTextMessageTableViewCell.xib */; };
		EAC6BEF01C171F940038CCB6 /* CSUserInfoTableViewCell.xib in Resources */ = {isa = PBXBuildFile; fileRef = EAC6BEEE1C171F940038CCB6 /* CSUserInfoTableViewCell.xib */; };
		EAC6BEF61C171FE20038CCB6 /* CSYourTextMessageTableViewCell.xib in Resources */ = {isa = PBXBuildFile; fileRef = EAC6BEF41C171FE20038CCB6 /* CSYourTextMessageTableViewCell.xib */; };
		EAC6BEFC1C17206A0038CCB6 /* CSYourImageMessageTableViewCell.xib in Resources */ = {isa = PBXBuildFile; fileRef = EAC6BEFA1C17206A0038CCB6 /* CSYourImageMessageTableViewCell.xib */; };
		EAC6BF031C1722460038CCB6 /* CSMyImageMessageTableViewCell.xib in Resources */ = {isa = PBXBuildFile; fileRef = EAC6BF011C1722460038CCB6 /* CSMyImageMessageTableViewCell.xib */; };
		EAC6BF091C1722920038CCB6 /* CSYourMediaMessageTableViewCell.xib in Resources */ = {isa = PBXBuildFile; fileRef = EAC6BF071C1722920038CCB6 /* CSYourMediaMessageTableViewCell.xib */; };
		EAC6BF0F1C1722DA0038CCB6 /* CSMyMediaMessageTableViewCell.xib in Resources */ = {isa = PBXBuildFile; fileRef = EAC6BF0D1C1722DA0038CCB6 /* CSMyMediaMessageTableViewCell.xib */; };
		EAC6BF151C1724090038CCB6 /* CSImagePreviewView.xib in Resources */ = {isa = PBXBuildFile; fileRef = EAC6BF131C1724090038CCB6 /* CSImagePreviewView.xib */; };
		EAC6BF221C1724A00038CCB6 /* CSProgressLoadingView.xib in Resources */ = {isa = PBXBuildFile; fileRef = EAC6BF201C1724A00038CCB6 /* CSProgressLoadingView.xib */; };
		EAC6BF281C1724D30038CCB6 /* CSVideoPreviewView.xib in Resources */ = {isa = PBXBuildFile; fileRef = EAC6BF261C1724D30038CCB6 /* CSVideoPreviewView.xib */; };
		EAC6BF2E1C1725400038CCB6 /* CSAudioPreviewView.xib in Resources */ = {isa = PBXBuildFile; fileRef = EAC6BF2C1C1725400038CCB6 /* CSAudioPreviewView.xib */; };
		EAC6BF331C172A330038CCB6 /* Images.xcassets in Resources */ = {isa = PBXBuildFile; fileRef = EAC6BF321C172A330038CCB6 /* Images.xcassets */; };
		EAEA8AC41CA2B4D100E849E6 /* CSStickerView.xib in Resources */ = {isa = PBXBuildFile; fileRef = EAEA8AC31CA2B4D100E849E6 /* CSStickerView.xib */; };
		EAEA8ACB1CA2CA7200E849E6 /* CSStickerCollectionViewCell.xib in Resources */ = {isa = PBXBuildFile; fileRef = EAEA8AC91CA2CA7200E849E6 /* CSStickerCollectionViewCell.xib */; };
		EAEA8AD01CA2D1BC00E849E6 /* CSStickerPageCollectionViewCell.xib in Resources */ = {isa = PBXBuildFile; fileRef = EAEA8ACE1CA2D1BC00E849E6 /* CSStickerPageCollectionViewCell.xib */; };
		EAF767E91C4FAF2E00EB126E /* CSChatErrorCodes.strings in Resources */ = {isa = PBXBuildFile; fileRef = EAF767EB1C4FAF2E00EB126E /* CSChatErrorCodes.strings */; };
		EAF767F01C4FD6B900EB126E /* CSChatLocalization.strings in Resources */ = {isa = PBXBuildFile; fileRef = EAF767F21C4FD6B900EB126E /* CSChatLocalization.strings */; };
/* End PBXBuildFile section */

/* Begin PBXFileReference section */
		1E24982593672E2BE1DCF485 /* Pods-Spika.release.xcconfig */ = {isa = PBXFileReference; includeInIndex = 1; lastKnownFileType = text.xcconfig; name = "Pods-Spika.release.xcconfig"; path = "Pods/Target Support Files/Pods-Spika/Pods-Spika.release.xcconfig"; sourceTree = "<group>"; };
		3D793BEC9E449E4D8672A410 /* Pods_Spika.framework */ = {isa = PBXFileReference; explicitFileType = wrapper.framework; includeInIndex = 0; path = Pods_Spika.framework; sourceTree = BUILT_PRODUCTS_DIR; };
		4E03A6C51E7A922E00511DCB /* UIColor+Alpha.swift */ = {isa = PBXFileReference; fileEncoding = 4; lastKnownFileType = sourcecode.swift; path = "UIColor+Alpha.swift"; sourceTree = "<group>"; };
		4E03A6C71E7A9B9100511DCB /* NSNotification+Spika.swift */ = {isa = PBXFileReference; fileEncoding = 4; lastKnownFileType = sourcecode.swift; path = "NSNotification+Spika.swift"; sourceTree = "<group>"; };
		4E03A6C91E7AAA4500511DCB /* UIDevice+Version.swift */ = {isa = PBXFileReference; fileEncoding = 4; lastKnownFileType = sourcecode.swift; path = "UIDevice+Version.swift"; sourceTree = "<group>"; };
		4E03A6CB1E7AAB8200511DCB /* Date+Formatter.swift */ = {isa = PBXFileReference; fileEncoding = 4; lastKnownFileType = sourcecode.swift; path = "Date+Formatter.swift"; sourceTree = "<group>"; };
		4E03A6CF1E7BD67600511DCB /* UIAlertController+APIError.swift */ = {isa = PBXFileReference; fileEncoding = 4; lastKnownFileType = sourcecode.swift; path = "UIAlertController+APIError.swift"; sourceTree = "<group>"; };
		4E5F0AAC1E655DF800107A34 /* Spika-Bridging-Header.h */ = {isa = PBXFileReference; lastKnownFileType = sourcecode.c.h; path = "Spika-Bridging-Header.h"; sourceTree = "<group>"; };
		4E5F0AAD1E655DF800107A34 /* AppDelegate.swift */ = {isa = PBXFileReference; fileEncoding = 4; lastKnownFileType = sourcecode.swift; path = AppDelegate.swift; sourceTree = "<group>"; };
		4E5F0AAE1E655DF800107A34 /* ViewController.swift */ = {isa = PBXFileReference; fileEncoding = 4; lastKnownFileType = sourcecode.swift; path = ViewController.swift; sourceTree = "<group>"; };
		4E5F0AB11E6561C100107A34 /* JSONValueTransformer+CustomTransformer.swift */ = {isa = PBXFileReference; fileEncoding = 4; lastKnownFileType = sourcecode.swift; path = "JSONValueTransformer+CustomTransformer.swift"; sourceTree = "<group>"; };
		4E5F0AB31E656A5500107A34 /* CSSeenByModel.swift */ = {isa = PBXFileReference; fileEncoding = 4; lastKnownFileType = sourcecode.swift; path = CSSeenByModel.swift; sourceTree = "<group>"; };
		4E5F0AB41E656A5500107A34 /* CSStickerPageModel.swift */ = {isa = PBXFileReference; fileEncoding = 4; lastKnownFileType = sourcecode.swift; path = CSStickerPageModel.swift; sourceTree = "<group>"; };
		4E5F0AB51E656A5500107A34 /* CSStickerModel.swift */ = {isa = PBXFileReference; fileEncoding = 4; lastKnownFileType = sourcecode.swift; path = CSStickerModel.swift; sourceTree = "<group>"; };
		4E5F0AB61E656A5500107A34 /* CSModel.swift */ = {isa = PBXFileReference; fileEncoding = 4; lastKnownFileType = sourcecode.swift; path = CSModel.swift; sourceTree = "<group>"; };
		4E5F0AB71E656A5500107A34 /* CSMessageModel.swift */ = {isa = PBXFileReference; fileEncoding = 4; lastKnownFileType = sourcecode.swift; path = CSMessageModel.swift; sourceTree = "<group>"; };
		4E5F0AB81E656A5500107A34 /* CSFileDetailsModel.swift */ = {isa = PBXFileReference; fileEncoding = 4; lastKnownFileType = sourcecode.swift; path = CSFileDetailsModel.swift; sourceTree = "<group>"; };
		4E5F0AB91E656A5500107A34 /* CSFileModel.swift */ = {isa = PBXFileReference; fileEncoding = 4; lastKnownFileType = sourcecode.swift; path = CSFileModel.swift; sourceTree = "<group>"; };
		4E5F0ABA1E656A5500107A34 /* CSGetMessages.swift */ = {isa = PBXFileReference; fileEncoding = 4; lastKnownFileType = sourcecode.swift; path = CSGetMessages.swift; sourceTree = "<group>"; };
		4E5F0ABB1E656A5500107A34 /* CSLocationModel.swift */ = {isa = PBXFileReference; fileEncoding = 4; lastKnownFileType = sourcecode.swift; path = CSLocationModel.swift; sourceTree = "<group>"; };
		4E5F0ABC1E656A5500107A34 /* CSLoginResult.swift */ = {isa = PBXFileReference; fileEncoding = 4; lastKnownFileType = sourcecode.swift; path = CSLoginResult.swift; sourceTree = "<group>"; };
		4E5F0ABD1E656A5500107A34 /* CSResponseModel.swift */ = {isa = PBXFileReference; fileEncoding = 4; lastKnownFileType = sourcecode.swift; path = CSResponseModel.swift; sourceTree = "<group>"; };
		4E5F0ABE1E656A5500107A34 /* CSStickerListModel.swift */ = {isa = PBXFileReference; fileEncoding = 4; lastKnownFileType = sourcecode.swift; path = CSStickerListModel.swift; sourceTree = "<group>"; };
		4E5F0ABF1E656A5500107A34 /* CSTypingModel.swift */ = {isa = PBXFileReference; fileEncoding = 4; lastKnownFileType = sourcecode.swift; path = CSTypingModel.swift; sourceTree = "<group>"; };
		4E5F0AC01E656A5500107A34 /* CSUserModel.swift */ = {isa = PBXFileReference; fileEncoding = 4; lastKnownFileType = sourcecode.swift; path = CSUserModel.swift; sourceTree = "<group>"; };
		4E5F0ACF1E65722D00107A34 /* CSApiManager.swift */ = {isa = PBXFileReference; fileEncoding = 4; lastKnownFileType = sourcecode.swift; path = CSApiManager.swift; sourceTree = "<group>"; };
		4E5F0AD01E65722D00107A34 /* CSAvatarLoader.swift */ = {isa = PBXFileReference; fileEncoding = 4; lastKnownFileType = sourcecode.swift; path = CSAvatarLoader.swift; sourceTree = "<group>"; };
		4E5F0AD11E65722D00107A34 /* CSChatErrorCodes.swift */ = {isa = PBXFileReference; fileEncoding = 4; lastKnownFileType = sourcecode.swift; path = CSChatErrorCodes.swift; sourceTree = "<group>"; };
		4E5F0AD21E65722D00107A34 /* CSConfig.swift */ = {isa = PBXFileReference; fileEncoding = 4; lastKnownFileType = sourcecode.swift; path = CSConfig.swift; sourceTree = "<group>"; };
		4E5F0AD31E65722D00107A34 /* CSCustomConfig.swift */ = {isa = PBXFileReference; fileEncoding = 4; lastKnownFileType = sourcecode.swift; path = CSCustomConfig.swift; sourceTree = "<group>"; };
		4E5F0AD41E65722D00107A34 /* CSDownloadManager.swift */ = {isa = PBXFileReference; fileEncoding = 4; lastKnownFileType = sourcecode.swift; path = CSDownloadManager.swift; sourceTree = "<group>"; };
		4E5F0AD51E65722D00107A34 /* CSEmitJsonCreator.swift */ = {isa = PBXFileReference; fileEncoding = 4; lastKnownFileType = sourcecode.swift; path = CSEmitJsonCreator.swift; sourceTree = "<group>"; };
		4E5F0AD61E65722D00107A34 /* CSSocketController.swift */ = {isa = PBXFileReference; fileEncoding = 4; lastKnownFileType = sourcecode.swift; path = CSSocketController.swift; sourceTree = "<group>"; };
		4E5F0AD71E65722D00107A34 /* CSUploadManager.swift */ = {isa = PBXFileReference; fileEncoding = 4; lastKnownFileType = sourcecode.swift; path = CSUploadManager.swift; sourceTree = "<group>"; };
		4E5F0AD81E65722D00107A34 /* CSUtils.swift */ = {isa = PBXFileReference; fileEncoding = 4; lastKnownFileType = sourcecode.swift; path = CSUtils.swift; sourceTree = "<group>"; };
		4E5F0AE51E657D3200107A34 /* SocketEventHandler.swift */ = {isa = PBXFileReference; fileEncoding = 4; lastKnownFileType = sourcecode.swift; path = SocketEventHandler.swift; sourceTree = "<group>"; };
		4E5F0AE61E657D3200107A34 /* SIOSocket.swift */ = {isa = PBXFileReference; fileEncoding = 4; lastKnownFileType = sourcecode.swift; path = SIOSocket.swift; sourceTree = "<group>"; };
		4E5F0AE91E65A73B00107A34 /* CSProgressUploadingView.swift */ = {isa = PBXFileReference; fileEncoding = 4; lastKnownFileType = sourcecode.swift; path = CSProgressUploadingView.swift; sourceTree = "<group>"; };
		4E5F0AEB1E65AFCD00107A34 /* CSProgressLoadingView.swift */ = {isa = PBXFileReference; fileEncoding = 4; lastKnownFileType = sourcecode.swift; path = CSProgressLoadingView.swift; sourceTree = "<group>"; };
		4E5F0AED1E65B2B400107A34 /* CSBaseViewController.swift */ = {isa = PBXFileReference; fileEncoding = 4; lastKnownFileType = sourcecode.swift; path = CSBaseViewController.swift; sourceTree = "<group>"; };
		4E5F0AEF1E65BD9F00107A34 /* SE2AudioPlayerView.swift */ = {isa = PBXFileReference; fileEncoding = 4; lastKnownFileType = sourcecode.swift; path = SE2AudioPlayerView.swift; sourceTree = "<group>"; };
		4E5F0AF11E65BE5B00107A34 /* CSAudioPreviewView.swift */ = {isa = PBXFileReference; fileEncoding = 4; lastKnownFileType = sourcecode.swift; path = CSAudioPreviewView.swift; sourceTree = "<group>"; };
		4E5F0AF31E65BEA300107A34 /* CSBasePreviewView.swift */ = {isa = PBXFileReference; fileEncoding = 4; lastKnownFileType = sourcecode.swift; path = CSBasePreviewView.swift; sourceTree = "<group>"; };
		4E5F0AF51E65C21A00107A34 /* CSAvatarView.swift */ = {isa = PBXFileReference; fileEncoding = 4; lastKnownFileType = sourcecode.swift; path = CSAvatarView.swift; sourceTree = "<group>"; };
		4E5F0AF71E65C24E00107A34 /* CSCustomView.swift */ = {isa = PBXFileReference; fileEncoding = 4; lastKnownFileType = sourcecode.swift; path = CSCustomView.swift; sourceTree = "<group>"; };
		4E5F0AF91E65C5D800107A34 /* ChatSettingsViewDelegate.swift */ = {isa = PBXFileReference; fileEncoding = 4; lastKnownFileType = sourcecode.swift; path = ChatSettingsViewDelegate.swift; sourceTree = "<group>"; };
		4E5F0AFA1E65C5D800107A34 /* CSChatSettingsView.swift */ = {isa = PBXFileReference; fileEncoding = 4; lastKnownFileType = sourcecode.swift; path = CSChatSettingsView.swift; sourceTree = "<group>"; };
		4E5F0AFD1E65EDA800107A34 /* CSStickerDelegate.swift */ = {isa = PBXFileReference; fileEncoding = 4; lastKnownFileType = sourcecode.swift; path = CSStickerDelegate.swift; sourceTree = "<group>"; };
		4E5F0AFE1E65EDA800107A34 /* CSStickerView.swift */ = {isa = PBXFileReference; fileEncoding = 4; lastKnownFileType = sourcecode.swift; path = CSStickerView.swift; sourceTree = "<group>"; };
		4E5F0B011E65EF7800107A34 /* CSStickerCategoryCollectionViewCell.swift */ = {isa = PBXFileReference; fileEncoding = 4; lastKnownFileType = sourcecode.swift; path = CSStickerCategoryCollectionViewCell.swift; sourceTree = "<group>"; };
		4E5F0B021E65EF7800107A34 /* CSStickerPageCollectionViewCell.swift */ = {isa = PBXFileReference; fileEncoding = 4; lastKnownFileType = sourcecode.swift; path = CSStickerPageCollectionViewCell.swift; sourceTree = "<group>"; };
		4E5F0B031E65EF7800107A34 /* CSStickerCollectionViewCell.swift */ = {isa = PBXFileReference; fileEncoding = 4; lastKnownFileType = sourcecode.swift; path = CSStickerCollectionViewCell.swift; sourceTree = "<group>"; };
		4E5F0B071E65F6DE00107A34 /* CSTitleView.swift */ = {isa = PBXFileReference; fileEncoding = 4; lastKnownFileType = sourcecode.swift; path = CSTitleView.swift; sourceTree = "<group>"; };
		4E5F0B091E65F78400107A34 /* CSNotificationOverlayQueue.swift */ = {isa = PBXFileReference; fileEncoding = 4; lastKnownFileType = sourcecode.swift; path = CSNotificationOverlayQueue.swift; sourceTree = "<group>"; };
		4E5F0B0A1E65F78400107A34 /* CSNotificationOverlayView.swift */ = {isa = PBXFileReference; fileEncoding = 4; lastKnownFileType = sourcecode.swift; path = CSNotificationOverlayView.swift; sourceTree = "<group>"; };
		4E5F0B0D1E65FABF00107A34 /* CSImagePreviewView.swift */ = {isa = PBXFileReference; fileEncoding = 4; lastKnownFileType = sourcecode.swift; path = CSImagePreviewView.swift; sourceTree = "<group>"; };
		4E5F0B0F1E65FBA400107A34 /* CSMenuViewDelegate.swift */ = {isa = PBXFileReference; fileEncoding = 4; lastKnownFileType = sourcecode.swift; path = CSMenuViewDelegate.swift; sourceTree = "<group>"; };
		4E5F0B101E65FBA400107A34 /* CSMenuView.swift */ = {isa = PBXFileReference; fileEncoding = 4; lastKnownFileType = sourcecode.swift; path = CSMenuView.swift; sourceTree = "<group>"; };
		4E5F0B131E65FF4700107A34 /* CSVideoPreviewView.swift */ = {isa = PBXFileReference; fileEncoding = 4; lastKnownFileType = sourcecode.swift; path = CSVideoPreviewView.swift; sourceTree = "<group>"; };
		4E5F0B151E6602F800107A34 /* CSCellClickedDelegate.swift */ = {isa = PBXFileReference; fileEncoding = 4; lastKnownFileType = sourcecode.swift; path = CSCellClickedDelegate.swift; sourceTree = "<group>"; };
		4E5F0B171E66030C00107A34 /* CSBaseTableViewCell.swift */ = {isa = PBXFileReference; fileEncoding = 4; lastKnownFileType = sourcecode.swift; path = CSBaseTableViewCell.swift; sourceTree = "<group>"; };
		4E5F0B191E66057F00107A34 /* CSMyStickerMessageCell.swift */ = {isa = PBXFileReference; fileEncoding = 4; lastKnownFileType = sourcecode.swift; path = CSMyStickerMessageCell.swift; sourceTree = "<group>"; };
		4E5F0B1B1E6606E900107A34 /* CSYourStickerMessageCell.swift */ = {isa = PBXFileReference; fileEncoding = 4; lastKnownFileType = sourcecode.swift; path = CSYourStickerMessageCell.swift; sourceTree = "<group>"; };
		4E5F0B1D1E66088100107A34 /* CSMyImageMessageTableViewCell.swift */ = {isa = PBXFileReference; fileEncoding = 4; lastKnownFileType = sourcecode.swift; path = CSMyImageMessageTableViewCell.swift; sourceTree = "<group>"; };
		4E5F0B1F1E660BD700107A34 /* CSMyMediaMessageTableViewCell.swift */ = {isa = PBXFileReference; fileEncoding = 4; lastKnownFileType = sourcecode.swift; path = CSMyMediaMessageTableViewCell.swift; sourceTree = "<group>"; };
		4E5F0B211E66B71B00107A34 /* CSMyTextMessageTableViewCell.swift */ = {isa = PBXFileReference; fileEncoding = 4; lastKnownFileType = sourcecode.swift; path = CSMyTextMessageTableViewCell.swift; sourceTree = "<group>"; };
		4E5F0B231E66B8A700107A34 /* CSSeenByTableViewCell.swift */ = {isa = PBXFileReference; fileEncoding = 4; lastKnownFileType = sourcecode.swift; path = CSSeenByTableViewCell.swift; sourceTree = "<group>"; };
		4E5F0B251E66BC6400107A34 /* CSUserInfoTableViewCell.swift */ = {isa = PBXFileReference; fileEncoding = 4; lastKnownFileType = sourcecode.swift; path = CSUserInfoTableViewCell.swift; sourceTree = "<group>"; };
		4E5F0B271E66BD5200107A34 /* CSUsersTableViewCell.swift */ = {isa = PBXFileReference; fileEncoding = 4; lastKnownFileType = sourcecode.swift; path = CSUsersTableViewCell.swift; sourceTree = "<group>"; };
		4E5F0B291E66BDB600107A34 /* CSYourImageMessageTableViewCell.swift */ = {isa = PBXFileReference; fileEncoding = 4; lastKnownFileType = sourcecode.swift; path = CSYourImageMessageTableViewCell.swift; sourceTree = "<group>"; };
		4E5F0B2B1E66BE4500107A34 /* CSYourMediaMessageTableViewCell.swift */ = {isa = PBXFileReference; fileEncoding = 4; lastKnownFileType = sourcecode.swift; path = CSYourMediaMessageTableViewCell.swift; sourceTree = "<group>"; };
		4E5F0B2D1E66BF0700107A34 /* CSYourTextMessageTableViewCell.swift */ = {isa = PBXFileReference; fileEncoding = 4; lastKnownFileType = sourcecode.swift; path = CSYourTextMessageTableViewCell.swift; sourceTree = "<group>"; };
		4E5F0B2F1E66BFEB00107A34 /* CSUsersViewController.swift */ = {isa = PBXFileReference; fileEncoding = 4; lastKnownFileType = sourcecode.swift; path = CSUsersViewController.swift; sourceTree = "<group>"; };
		4E5F0B311E66CB1A00107A34 /* CSMapViewController.swift */ = {isa = PBXFileReference; fileEncoding = 4; lastKnownFileType = sourcecode.swift; path = CSMapViewController.swift; sourceTree = "<group>"; };
		4E5F0B321E66CB1A00107A34 /* CSDisplayMap.swift */ = {isa = PBXFileReference; fileEncoding = 4; lastKnownFileType = sourcecode.swift; path = CSDisplayMap.swift; sourceTree = "<group>"; };
		4E5F0B351E66CC0700107A34 /* CSMessageInfoViewController.swift */ = {isa = PBXFileReference; fileEncoding = 4; lastKnownFileType = sourcecode.swift; path = CSMessageInfoViewController.swift; sourceTree = "<group>"; };
		4E5F0B371E66CDAA00107A34 /* CSRecordAudioViewController.swift */ = {isa = PBXFileReference; fileEncoding = 4; lastKnownFileType = sourcecode.swift; path = CSRecordAudioViewController.swift; sourceTree = "<group>"; };
		4E5F0B391E66D03F00107A34 /* CSUploadImagePreviewViewController.swift */ = {isa = PBXFileReference; fileEncoding = 4; lastKnownFileType = sourcecode.swift; path = CSUploadImagePreviewViewController.swift; sourceTree = "<group>"; };
		4E5F0B3B1E66D19F00107A34 /* CSUploadVideoPreviewViewController.swift */ = {isa = PBXFileReference; fileEncoding = 4; lastKnownFileType = sourcecode.swift; path = CSUploadVideoPreviewViewController.swift; sourceTree = "<group>"; };
		4E5F0B3D1E66D43E00107A34 /* CSChatViewController.swift */ = {isa = PBXFileReference; fileEncoding = 4; lastKnownFileType = sourcecode.swift; path = CSChatViewController.swift; sourceTree = "<group>"; };
		61CC48AE25EC9843EE5AEC4A /* Pods-Spika.debug.xcconfig */ = {isa = PBXFileReference; includeInIndex = 1; lastKnownFileType = text.xcconfig; name = "Pods-Spika.debug.xcconfig"; path = "Pods/Target Support Files/Pods-Spika/Pods-Spika.debug.xcconfig"; sourceTree = "<group>"; };
		EA4AB26F1CAA8CE300A4EEDE /* CSRecordAudioViewController.xib */ = {isa = PBXFileReference; fileEncoding = 4; lastKnownFileType = file.xib; path = CSRecordAudioViewController.xib; sourceTree = "<group>"; };
		EA4AB2751CAA8D0600A4EEDE /* SE2AudioPlayerView.xib */ = {isa = PBXFileReference; fileEncoding = 4; lastKnownFileType = file.xib; path = SE2AudioPlayerView.xib; sourceTree = "<group>"; };
		EA77FABC1C4E5E2C003005E9 /* CSNotificationOverlayView.xib */ = {isa = PBXFileReference; fileEncoding = 4; lastKnownFileType = file.xib; path = CSNotificationOverlayView.xib; sourceTree = "<group>"; };
		EAB9AA611C19D1FA00460730 /* CSAvatarView.xib */ = {isa = PBXFileReference; fileEncoding = 4; lastKnownFileType = file.xib; path = CSAvatarView.xib; sourceTree = "<group>"; };
		EABB0BC41CA3F26800FE7350 /* CSStickerCategoryCollectionViewCell.xib */ = {isa = PBXFileReference; fileEncoding = 4; lastKnownFileType = file.xib; path = CSStickerCategoryCollectionViewCell.xib; sourceTree = "<group>"; };
		EABB0BD01CA3FC6700FE7350 /* CSMyStickerMessageCell.xib */ = {isa = PBXFileReference; fileEncoding = 4; lastKnownFileType = file.xib; path = CSMyStickerMessageCell.xib; sourceTree = "<group>"; };
		EABB0BD51CA3FD5100FE7350 /* CSYourStickerMessageCell.xib */ = {isa = PBXFileReference; fileEncoding = 4; lastKnownFileType = file.xib; path = CSYourStickerMessageCell.xib; sourceTree = "<group>"; };
		EAC6BE261C16F8460038CCB6 /* Spika.app */ = {isa = PBXFileReference; explicitFileType = wrapper.application; includeInIndex = 0; path = Spika.app; sourceTree = BUILT_PRODUCTS_DIR; };
		EAC6BE431C1703D80038CCB6 /* Assets.xcassets */ = {isa = PBXFileReference; lastKnownFileType = folder.assetcatalog; path = Assets.xcassets; sourceTree = "<group>"; };
		EAC6BE461C1703D80038CCB6 /* Base */ = {isa = PBXFileReference; lastKnownFileType = file.storyboard; name = Base; path = LaunchScreen.storyboard; sourceTree = "<group>"; };
		EAC6BE481C1703D80038CCB6 /* Base */ = {isa = PBXFileReference; lastKnownFileType = file.storyboard; name = Base; path = Main.storyboard; sourceTree = "<group>"; };
		EAC6BE491C1703D80038CCB6 /* Info.plist */ = {isa = PBXFileReference; fileEncoding = 4; lastKnownFileType = text.plist.xml; path = Info.plist; sourceTree = "<group>"; };
		EAC6BE8C1C17186F0038CCB6 /* CSChatViewController.xib */ = {isa = PBXFileReference; fileEncoding = 4; lastKnownFileType = file.xib; path = CSChatViewController.xib; sourceTree = "<group>"; };
		EAC6BE921C17186F0038CCB6 /* CSMapViewController.xib */ = {isa = PBXFileReference; fileEncoding = 4; lastKnownFileType = file.xib; path = CSMapViewController.xib; sourceTree = "<group>"; };
		EAC6BE961C17186F0038CCB6 /* CSMessageInfoViewController.xib */ = {isa = PBXFileReference; fileEncoding = 4; lastKnownFileType = file.xib; path = CSMessageInfoViewController.xib; sourceTree = "<group>"; };
		EAC6BE9E1C17186F0038CCB6 /* CSUploadImagePreviewViewController.xib */ = {isa = PBXFileReference; fileEncoding = 4; lastKnownFileType = file.xib; path = CSUploadImagePreviewViewController.xib; sourceTree = "<group>"; };
		EAC6BEA21C17186F0038CCB6 /* CSUploadVideoPreviewViewController.xib */ = {isa = PBXFileReference; fileEncoding = 4; lastKnownFileType = file.xib; path = CSUploadVideoPreviewViewController.xib; sourceTree = "<group>"; };
		EAC6BEA61C17186F0038CCB6 /* CSUsersViewController.xib */ = {isa = PBXFileReference; fileEncoding = 4; lastKnownFileType = file.xib; path = CSUsersViewController.xib; sourceTree = "<group>"; };
		EAC6BEBA1C1719260038CCB6 /* CSChatSettingsView.xib */ = {isa = PBXFileReference; fileEncoding = 4; lastKnownFileType = file.xib; path = CSChatSettingsView.xib; sourceTree = "<group>"; };
		EAC6BEC11C171A290038CCB6 /* CSMenuView.xib */ = {isa = PBXFileReference; fileEncoding = 4; lastKnownFileType = file.xib; path = CSMenuView.xib; sourceTree = "<group>"; };
		EAC6BECC1C171C4D0038CCB6 /* CSUsersTableViewCell.xib */ = {isa = PBXFileReference; fileEncoding = 4; lastKnownFileType = file.xib; path = CSUsersTableViewCell.xib; sourceTree = "<group>"; };
		EAC6BED21C171CFF0038CCB6 /* CSProgressUploadingView.xib */ = {isa = PBXFileReference; fileEncoding = 4; lastKnownFileType = file.xib; path = CSProgressUploadingView.xib; sourceTree = "<group>"; };
		EAC6BED81C171D770038CCB6 /* CSSeenByTableViewCell.xib */ = {isa = PBXFileReference; fileEncoding = 4; lastKnownFileType = file.xib; path = CSSeenByTableViewCell.xib; sourceTree = "<group>"; };
		EAC6BEE41C171EF10038CCB6 /* CSMyTextMessageTableViewCell.xib */ = {isa = PBXFileReference; fileEncoding = 4; lastKnownFileType = file.xib; path = CSMyTextMessageTableViewCell.xib; sourceTree = "<group>"; };
		EAC6BEEE1C171F940038CCB6 /* CSUserInfoTableViewCell.xib */ = {isa = PBXFileReference; fileEncoding = 4; lastKnownFileType = file.xib; path = CSUserInfoTableViewCell.xib; sourceTree = "<group>"; };
		EAC6BEF41C171FE20038CCB6 /* CSYourTextMessageTableViewCell.xib */ = {isa = PBXFileReference; fileEncoding = 4; lastKnownFileType = file.xib; path = CSYourTextMessageTableViewCell.xib; sourceTree = "<group>"; };
		EAC6BEFA1C17206A0038CCB6 /* CSYourImageMessageTableViewCell.xib */ = {isa = PBXFileReference; fileEncoding = 4; lastKnownFileType = file.xib; path = CSYourImageMessageTableViewCell.xib; sourceTree = "<group>"; };
		EAC6BF011C1722460038CCB6 /* CSMyImageMessageTableViewCell.xib */ = {isa = PBXFileReference; fileEncoding = 4; lastKnownFileType = file.xib; path = CSMyImageMessageTableViewCell.xib; sourceTree = "<group>"; };
		EAC6BF071C1722920038CCB6 /* CSYourMediaMessageTableViewCell.xib */ = {isa = PBXFileReference; fileEncoding = 4; lastKnownFileType = file.xib; path = CSYourMediaMessageTableViewCell.xib; sourceTree = "<group>"; };
		EAC6BF0D1C1722DA0038CCB6 /* CSMyMediaMessageTableViewCell.xib */ = {isa = PBXFileReference; fileEncoding = 4; lastKnownFileType = file.xib; path = CSMyMediaMessageTableViewCell.xib; sourceTree = "<group>"; };
		EAC6BF131C1724090038CCB6 /* CSImagePreviewView.xib */ = {isa = PBXFileReference; fileEncoding = 4; lastKnownFileType = file.xib; path = CSImagePreviewView.xib; sourceTree = "<group>"; };
		EAC6BF201C1724A00038CCB6 /* CSProgressLoadingView.xib */ = {isa = PBXFileReference; fileEncoding = 4; lastKnownFileType = file.xib; path = CSProgressLoadingView.xib; sourceTree = "<group>"; };
		EAC6BF261C1724D30038CCB6 /* CSVideoPreviewView.xib */ = {isa = PBXFileReference; fileEncoding = 4; lastKnownFileType = file.xib; path = CSVideoPreviewView.xib; sourceTree = "<group>"; };
		EAC6BF2C1C1725400038CCB6 /* CSAudioPreviewView.xib */ = {isa = PBXFileReference; fileEncoding = 4; lastKnownFileType = file.xib; path = CSAudioPreviewView.xib; sourceTree = "<group>"; };
		EAC6BF321C172A330038CCB6 /* Images.xcassets */ = {isa = PBXFileReference; lastKnownFileType = folder.assetcatalog; path = Images.xcassets; sourceTree = "<group>"; };
		EAEA8AC31CA2B4D100E849E6 /* CSStickerView.xib */ = {isa = PBXFileReference; fileEncoding = 4; lastKnownFileType = file.xib; path = CSStickerView.xib; sourceTree = "<group>"; };
		EAEA8AC91CA2CA7200E849E6 /* CSStickerCollectionViewCell.xib */ = {isa = PBXFileReference; fileEncoding = 4; lastKnownFileType = file.xib; path = CSStickerCollectionViewCell.xib; sourceTree = "<group>"; };
		EAEA8ACE1CA2D1BC00E849E6 /* CSStickerPageCollectionViewCell.xib */ = {isa = PBXFileReference; fileEncoding = 4; lastKnownFileType = file.xib; path = CSStickerPageCollectionViewCell.xib; sourceTree = "<group>"; };
		EAF767EA1C4FAF2E00EB126E /* en */ = {isa = PBXFileReference; lastKnownFileType = text.plist.strings; name = en; path = en.lproj/CSChatErrorCodes.strings; sourceTree = "<group>"; };
		EAF767ED1C4FB7F700EB126E /* hr */ = {isa = PBXFileReference; lastKnownFileType = text.plist.strings; name = hr; path = hr.lproj/CSChatErrorCodes.strings; sourceTree = "<group>"; };
		EAF767F11C4FD6B900EB126E /* en */ = {isa = PBXFileReference; lastKnownFileType = text.plist.strings; name = en; path = en.lproj/CSChatLocalization.strings; sourceTree = "<group>"; };
		EAF767F31C4FD6BB00EB126E /* hr */ = {isa = PBXFileReference; lastKnownFileType = text.plist.strings; name = hr; path = hr.lproj/CSChatLocalization.strings; sourceTree = "<group>"; };
/* End PBXFileReference section */

/* Begin PBXFrameworksBuildPhase section */
		EAC6BE231C16F8460038CCB6 /* Frameworks */ = {
			isa = PBXFrameworksBuildPhase;
			buildActionMask = 2147483647;
			files = (
				31CC1663B4E8B0C1E4B303A8 /* Pods_Spika.framework in Frameworks */,
			);
			runOnlyForDeploymentPostprocessing = 0;
		};
/* End PBXFrameworksBuildPhase section */

/* Begin PBXGroup section */
		0C0F54BAD9619C61885D1A59 /* Frameworks */ = {
			isa = PBXGroup;
			children = (
				3D793BEC9E449E4D8672A410 /* Pods_Spika.framework */,
			);
			name = Frameworks;
			sourceTree = "<group>";
		};
		4E2491921E3B6249003CB2C2 /* Sockets */ = {
			isa = PBXGroup;
			children = (
				4E5F0AE51E657D3200107A34 /* SocketEventHandler.swift */,
				4E5F0AE61E657D3200107A34 /* SIOSocket.swift */,
			);
			path = Sockets;
			sourceTree = "<group>";
		};
		EA4724D01C47E53500D7B8D4 /* TitleView */ = {
			isa = PBXGroup;
			children = (
				4E5F0B071E65F6DE00107A34 /* CSTitleView.swift */,
			);
			path = TitleView;
			sourceTree = "<group>";
		};
		EA4AB2721CAA8D0600A4EEDE /* AudioPlayerView */ = {
			isa = PBXGroup;
			children = (
				4E5F0AEF1E65BD9F00107A34 /* SE2AudioPlayerView.swift */,
				EA4AB2751CAA8D0600A4EEDE /* SE2AudioPlayerView.xib */,
			);
			path = AudioPlayerView;
			sourceTree = "<group>";
		};
		EA77FAB71C4E5E2C003005E9 /* NotificationOverlayView */ = {
			isa = PBXGroup;
			children = (
				4E5F0B091E65F78400107A34 /* CSNotificationOverlayQueue.swift */,
				4E5F0B0A1E65F78400107A34 /* CSNotificationOverlayView.swift */,
				EA77FABC1C4E5E2C003005E9 /* CSNotificationOverlayView.xib */,
			);
			path = NotificationOverlayView;
			sourceTree = "<group>";
		};
		EAB9AA591C19D16C00460730 /* CustomView */ = {
			isa = PBXGroup;
			children = (
				4E5F0AF71E65C24E00107A34 /* CSCustomView.swift */,
			);
			path = CustomView;
			sourceTree = "<group>";
		};
		EAB9AA5D1C19D19D00460730 /* AvatarView */ = {
			isa = PBXGroup;
			children = (
				4E5F0AF51E65C21A00107A34 /* CSAvatarView.swift */,
				EAB9AA611C19D1FA00460730 /* CSAvatarView.xib */,
			);
			path = AvatarView;
			sourceTree = "<group>";
		};
		EABB0BCB1CA3FBD400FE7350 /* MyStickerMessageCell */ = {
			isa = PBXGroup;
			children = (
				4E5F0B191E66057F00107A34 /* CSMyStickerMessageCell.swift */,
				EABB0BD01CA3FC6700FE7350 /* CSMyStickerMessageCell.xib */,
			);
			path = MyStickerMessageCell;
			sourceTree = "<group>";
		};
		EABB0BCC1CA3FBD400FE7350 /* YourStickerMessageCell */ = {
			isa = PBXGroup;
			children = (
				4E5F0B1B1E6606E900107A34 /* CSYourStickerMessageCell.swift */,
				EABB0BD51CA3FD5100FE7350 /* CSYourStickerMessageCell.xib */,
			);
			path = YourStickerMessageCell;
			sourceTree = "<group>";
		};
		EAC6BE1D1C16F8460038CCB6 = {
			isa = PBXGroup;
			children = (
				EAC6BE401C1703580038CCB6 /* SpikaExample */,
				EAC6BE281C16F8460038CCB6 /* Spika */,
				EAC6BE271C16F8460038CCB6 /* Products */,
				FD67E9535401F42E52A4E642 /* Pods */,
				0C0F54BAD9619C61885D1A59 /* Frameworks */,
			);
			sourceTree = "<group>";
		};
		EAC6BE271C16F8460038CCB6 /* Products */ = {
			isa = PBXGroup;
			children = (
				EAC6BE261C16F8460038CCB6 /* Spika.app */,
			);
			name = Products;
			sourceTree = "<group>";
		};
		EAC6BE281C16F8460038CCB6 /* Spika */ = {
			isa = PBXGroup;
			children = (
				EAF767E61C4FAEFB00EB126E /* Resources */,
				EAC6BF321C172A330038CCB6 /* Images.xcassets */,
				4E2491921E3B6249003CB2C2 /* Sockets */,
				EAC6BEC81C171C240038CCB6 /* Cells */,
				EAC6BEB61C1719010038CCB6 /* Views */,
				EAC6BE631C170D3A0038CCB6 /* JSONModel */,
				EAC6BE5F1C170BFC0038CCB6 /* Models */,
				EAC6BE5E1C1709C70038CCB6 /* Utils */,
				EAC6BE551C1707450038CCB6 /* ViewController */,
			);
			path = Spika;
			sourceTree = "<group>";
		};
		EAC6BE401C1703580038CCB6 /* SpikaExample */ = {
			isa = PBXGroup;
			children = (
				4E5F0AAD1E655DF800107A34 /* AppDelegate.swift */,
				4E5F0AAE1E655DF800107A34 /* ViewController.swift */,
				EAC6BE541C1704210038CCB6 /* Supporting Files */,
				EAC6BE431C1703D80038CCB6 /* Assets.xcassets */,
				EAC6BE441C1703D80038CCB6 /* Base.lproj */,
				4E5F0AAC1E655DF800107A34 /* Spika-Bridging-Header.h */,
			);
			path = SpikaExample;
			sourceTree = "<group>";
		};
		EAC6BE441C1703D80038CCB6 /* Base.lproj */ = {
			isa = PBXGroup;
			children = (
				EAC6BE451C1703D80038CCB6 /* LaunchScreen.storyboard */,
				EAC6BE471C1703D80038CCB6 /* Main.storyboard */,
			);
			path = Base.lproj;
			sourceTree = "<group>";
		};
		EAC6BE541C1704210038CCB6 /* Supporting Files */ = {
			isa = PBXGroup;
			children = (
				EAC6BE491C1703D80038CCB6 /* Info.plist */,
			);
			name = "Supporting Files";
			sourceTree = "<group>";
		};
		EAC6BE551C1707450038CCB6 /* ViewController */ = {
			isa = PBXGroup;
			children = (
				4E03A6CF1E7BD67600511DCB /* UIAlertController+APIError.swift */,
				4E5F0AED1E65B2B400107A34 /* CSBaseViewController.swift */,
				EAC6BE891C17186F0038CCB6 /* ChatViewController */,
				EAC6BE8D1C17186F0038CCB6 /* MapViewController */,
				EAC6BE931C17186F0038CCB6 /* MessageInfoViewController */,
				EAC6BE971C17186F0038CCB6 /* RecordAudioViewConstroller */,
				EAC6BE9B1C17186F0038CCB6 /* UploadImagePreviewViewController */,
				EAC6BE9F1C17186F0038CCB6 /* UploadVideoPreviewViewController */,
				EAC6BEA31C17186F0038CCB6 /* UsersViewController */,
			);
			path = ViewController;
			sourceTree = "<group>";
		};
		EAC6BE5E1C1709C70038CCB6 /* Utils */ = {
			isa = PBXGroup;
			children = (
				4E5F0ACF1E65722D00107A34 /* CSApiManager.swift */,
				4E5F0AD01E65722D00107A34 /* CSAvatarLoader.swift */,
				4E5F0AD11E65722D00107A34 /* CSChatErrorCodes.swift */,
				4E5F0AD21E65722D00107A34 /* CSConfig.swift */,
				4E5F0AD31E65722D00107A34 /* CSCustomConfig.swift */,
				4E5F0AD41E65722D00107A34 /* CSDownloadManager.swift */,
				4E5F0AD51E65722D00107A34 /* CSEmitJsonCreator.swift */,
				4E5F0AD61E65722D00107A34 /* CSSocketController.swift */,
				4E5F0AD71E65722D00107A34 /* CSUploadManager.swift */,
				4E5F0AD81E65722D00107A34 /* CSUtils.swift */,
				4E03A6C51E7A922E00511DCB /* UIColor+Alpha.swift */,
				4E03A6C71E7A9B9100511DCB /* NSNotification+Spika.swift */,
				4E03A6C91E7AAA4500511DCB /* UIDevice+Version.swift */,
				4E03A6CB1E7AAB8200511DCB /* Date+Formatter.swift */,
			);
			path = Utils;
			sourceTree = "<group>";
		};
		EAC6BE5F1C170BFC0038CCB6 /* Models */ = {
			isa = PBXGroup;
			children = (
				4E5F0AB31E656A5500107A34 /* CSSeenByModel.swift */,
				4E5F0AB41E656A5500107A34 /* CSStickerPageModel.swift */,
				4E5F0AB51E656A5500107A34 /* CSStickerModel.swift */,
				4E5F0AB61E656A5500107A34 /* CSModel.swift */,
				4E5F0AB71E656A5500107A34 /* CSMessageModel.swift */,
				4E5F0AB81E656A5500107A34 /* CSFileDetailsModel.swift */,
				4E5F0AB91E656A5500107A34 /* CSFileModel.swift */,
				4E5F0ABA1E656A5500107A34 /* CSGetMessages.swift */,
				4E5F0ABB1E656A5500107A34 /* CSLocationModel.swift */,
				4E5F0ABC1E656A5500107A34 /* CSLoginResult.swift */,
				4E5F0ABD1E656A5500107A34 /* CSResponseModel.swift */,
				4E5F0ABE1E656A5500107A34 /* CSStickerListModel.swift */,
				4E5F0ABF1E656A5500107A34 /* CSTypingModel.swift */,
				4E5F0AC01E656A5500107A34 /* CSUserModel.swift */,
			);
			path = Models;
			sourceTree = "<group>";
		};
		EAC6BE631C170D3A0038CCB6 /* JSONModel */ = {
			isa = PBXGroup;
			children = (
				4E5F0AB11E6561C100107A34 /* JSONValueTransformer+CustomTransformer.swift */,
			);
			path = JSONModel;
			sourceTree = "<group>";
		};
		EAC6BE891C17186F0038CCB6 /* ChatViewController */ = {
			isa = PBXGroup;
			children = (
				4E5F0B3D1E66D43E00107A34 /* CSChatViewController.swift */,
				EAC6BE8C1C17186F0038CCB6 /* CSChatViewController.xib */,
			);
			path = ChatViewController;
			sourceTree = "<group>";
		};
		EAC6BE8D1C17186F0038CCB6 /* MapViewController */ = {
			isa = PBXGroup;
			children = (
				4E5F0B311E66CB1A00107A34 /* CSMapViewController.swift */,
				4E5F0B321E66CB1A00107A34 /* CSDisplayMap.swift */,
				EAC6BE921C17186F0038CCB6 /* CSMapViewController.xib */,
			);
			path = MapViewController;
			sourceTree = "<group>";
		};
		EAC6BE931C17186F0038CCB6 /* MessageInfoViewController */ = {
			isa = PBXGroup;
			children = (
				4E5F0B351E66CC0700107A34 /* CSMessageInfoViewController.swift */,
				EAC6BE961C17186F0038CCB6 /* CSMessageInfoViewController.xib */,
			);
			path = MessageInfoViewController;
			sourceTree = "<group>";
		};
		EAC6BE971C17186F0038CCB6 /* RecordAudioViewConstroller */ = {
			isa = PBXGroup;
			children = (
				4E5F0B371E66CDAA00107A34 /* CSRecordAudioViewController.swift */,
				EA4AB26F1CAA8CE300A4EEDE /* CSRecordAudioViewController.xib */,
			);
			path = RecordAudioViewConstroller;
			sourceTree = "<group>";
		};
		EAC6BE9B1C17186F0038CCB6 /* UploadImagePreviewViewController */ = {
			isa = PBXGroup;
			children = (
				4E5F0B391E66D03F00107A34 /* CSUploadImagePreviewViewController.swift */,
				EAC6BE9E1C17186F0038CCB6 /* CSUploadImagePreviewViewController.xib */,
			);
			path = UploadImagePreviewViewController;
			sourceTree = "<group>";
		};
		EAC6BE9F1C17186F0038CCB6 /* UploadVideoPreviewViewController */ = {
			isa = PBXGroup;
			children = (
				4E5F0B3B1E66D19F00107A34 /* CSUploadVideoPreviewViewController.swift */,
				EAC6BEA21C17186F0038CCB6 /* CSUploadVideoPreviewViewController.xib */,
			);
			path = UploadVideoPreviewViewController;
			sourceTree = "<group>";
		};
		EAC6BEA31C17186F0038CCB6 /* UsersViewController */ = {
			isa = PBXGroup;
			children = (
				4E5F0B2F1E66BFEB00107A34 /* CSUsersViewController.swift */,
				EAC6BEA61C17186F0038CCB6 /* CSUsersViewController.xib */,
			);
			path = UsersViewController;
			sourceTree = "<group>";
		};
		EAC6BEB61C1719010038CCB6 /* Views */ = {
			isa = PBXGroup;
			children = (
				EA4AB2721CAA8D0600A4EEDE /* AudioPlayerView */,
				EAC6BF291C1725400038CCB6 /* AudioPreviewView */,
				EAEA8ABF1CA2B46D00E849E6 /* StickerView */,
				EA77FAB71C4E5E2C003005E9 /* NotificationOverlayView */,
				EA4724D01C47E53500D7B8D4 /* TitleView */,
				EAB9AA5D1C19D19D00460730 /* AvatarView */,
				EAB9AA591C19D16C00460730 /* CustomView */,
				EAC6BF161C17242B0038CCB6 /* BasePreviewView */,
				EAC6BEB71C17191C0038CCB6 /* ChatSettingsView */,
				EAC6BF101C1724090038CCB6 /* ImagePreviewView */,
				EAC6BEBE1C171A290038CCB6 /* MenuView */,
				EAC6BF1D1C1724A00038CCB6 /* ProgressLoadingView */,
				EAC6BECF1C171CFF0038CCB6 /* ProgressUploadingView */,
				EAC6BF231C1724D30038CCB6 /* VideoPreviewView */,
			);
			path = Views;
			sourceTree = "<group>";
		};
		EAC6BEB71C17191C0038CCB6 /* ChatSettingsView */ = {
			isa = PBXGroup;
			children = (
				4E5F0AF91E65C5D800107A34 /* ChatSettingsViewDelegate.swift */,
				4E5F0AFA1E65C5D800107A34 /* CSChatSettingsView.swift */,
				EAC6BEBA1C1719260038CCB6 /* CSChatSettingsView.xib */,
			);
			path = ChatSettingsView;
			sourceTree = "<group>";
		};
		EAC6BEBE1C171A290038CCB6 /* MenuView */ = {
			isa = PBXGroup;
			children = (
				4E5F0B0F1E65FBA400107A34 /* CSMenuViewDelegate.swift */,
				4E5F0B101E65FBA400107A34 /* CSMenuView.swift */,
				EAC6BEC11C171A290038CCB6 /* CSMenuView.xib */,
			);
			path = MenuView;
			sourceTree = "<group>";
		};
		EAC6BEC81C171C240038CCB6 /* Cells */ = {
			isa = PBXGroup;
			children = (
				4E5F0B151E6602F800107A34 /* CSCellClickedDelegate.swift */,
				EABB0BCB1CA3FBD400FE7350 /* MyStickerMessageCell */,
				EABB0BCC1CA3FBD400FE7350 /* YourStickerMessageCell */,
				EAEA8AC61CA2CA5000E849E6 /* StickerCell */,
				EAC6BEE71C171F380038CCB6 /* BaseCell */,
				EAC6BEFE1C1722460038CCB6 /* MyImageMessageCell */,
				EAC6BF0A1C1722DA0038CCB6 /* MyMediaMessageCell */,
				EAC6BEE11C171EF10038CCB6 /* MyTextMessageCell */,
				EAC6BED51C171D770038CCB6 /* SeenByCell */,
				EAC6BEEB1C171F940038CCB6 /* UserInfoCell */,
				EAC6BEC91C171C4D0038CCB6 /* UsersCell */,
				EAC6BEF71C17206A0038CCB6 /* YourImageMessageCell */,
				EAC6BF041C1722920038CCB6 /* YourMediaMessageCell */,
				EAC6BEF11C171FE20038CCB6 /* YourTextMessageCell */,
			);
			path = Cells;
			sourceTree = "<group>";
		};
		EAC6BEC91C171C4D0038CCB6 /* UsersCell */ = {
			isa = PBXGroup;
			children = (
				4E5F0B271E66BD5200107A34 /* CSUsersTableViewCell.swift */,
				EAC6BECC1C171C4D0038CCB6 /* CSUsersTableViewCell.xib */,
			);
			path = UsersCell;
			sourceTree = "<group>";
		};
		EAC6BECF1C171CFF0038CCB6 /* ProgressUploadingView */ = {
			isa = PBXGroup;
			children = (
				4E5F0AE91E65A73B00107A34 /* CSProgressUploadingView.swift */,
				EAC6BED21C171CFF0038CCB6 /* CSProgressUploadingView.xib */,
			);
			path = ProgressUploadingView;
			sourceTree = "<group>";
		};
		EAC6BED51C171D770038CCB6 /* SeenByCell */ = {
			isa = PBXGroup;
			children = (
				4E5F0B231E66B8A700107A34 /* CSSeenByTableViewCell.swift */,
				EAC6BED81C171D770038CCB6 /* CSSeenByTableViewCell.xib */,
			);
			path = SeenByCell;
			sourceTree = "<group>";
		};
		EAC6BEE11C171EF10038CCB6 /* MyTextMessageCell */ = {
			isa = PBXGroup;
			children = (
				4E5F0B211E66B71B00107A34 /* CSMyTextMessageTableViewCell.swift */,
				EAC6BEE41C171EF10038CCB6 /* CSMyTextMessageTableViewCell.xib */,
			);
			path = MyTextMessageCell;
			sourceTree = "<group>";
		};
		EAC6BEE71C171F380038CCB6 /* BaseCell */ = {
			isa = PBXGroup;
			children = (
				4E5F0B171E66030C00107A34 /* CSBaseTableViewCell.swift */,
			);
			path = BaseCell;
			sourceTree = "<group>";
		};
		EAC6BEEB1C171F940038CCB6 /* UserInfoCell */ = {
			isa = PBXGroup;
			children = (
				4E5F0B251E66BC6400107A34 /* CSUserInfoTableViewCell.swift */,
				EAC6BEEE1C171F940038CCB6 /* CSUserInfoTableViewCell.xib */,
			);
			path = UserInfoCell;
			sourceTree = "<group>";
		};
		EAC6BEF11C171FE20038CCB6 /* YourTextMessageCell */ = {
			isa = PBXGroup;
			children = (
				4E5F0B2D1E66BF0700107A34 /* CSYourTextMessageTableViewCell.swift */,
				EAC6BEF41C171FE20038CCB6 /* CSYourTextMessageTableViewCell.xib */,
			);
			path = YourTextMessageCell;
			sourceTree = "<group>";
		};
		EAC6BEF71C17206A0038CCB6 /* YourImageMessageCell */ = {
			isa = PBXGroup;
			children = (
				4E5F0B291E66BDB600107A34 /* CSYourImageMessageTableViewCell.swift */,
				EAC6BEFA1C17206A0038CCB6 /* CSYourImageMessageTableViewCell.xib */,
			);
			path = YourImageMessageCell;
			sourceTree = "<group>";
		};
		EAC6BEFE1C1722460038CCB6 /* MyImageMessageCell */ = {
			isa = PBXGroup;
			children = (
				4E5F0B1D1E66088100107A34 /* CSMyImageMessageTableViewCell.swift */,
				EAC6BF011C1722460038CCB6 /* CSMyImageMessageTableViewCell.xib */,
			);
			path = MyImageMessageCell;
			sourceTree = "<group>";
		};
		EAC6BF041C1722920038CCB6 /* YourMediaMessageCell */ = {
			isa = PBXGroup;
			children = (
				4E5F0B2B1E66BE4500107A34 /* CSYourMediaMessageTableViewCell.swift */,
				EAC6BF071C1722920038CCB6 /* CSYourMediaMessageTableViewCell.xib */,
			);
			path = YourMediaMessageCell;
			sourceTree = "<group>";
		};
		EAC6BF0A1C1722DA0038CCB6 /* MyMediaMessageCell */ = {
			isa = PBXGroup;
			children = (
				4E5F0B1F1E660BD700107A34 /* CSMyMediaMessageTableViewCell.swift */,
				EAC6BF0D1C1722DA0038CCB6 /* CSMyMediaMessageTableViewCell.xib */,
			);
			path = MyMediaMessageCell;
			sourceTree = "<group>";
		};
		EAC6BF101C1724090038CCB6 /* ImagePreviewView */ = {
			isa = PBXGroup;
			children = (
				4E5F0B0D1E65FABF00107A34 /* CSImagePreviewView.swift */,
				EAC6BF131C1724090038CCB6 /* CSImagePreviewView.xib */,
			);
			path = ImagePreviewView;
			sourceTree = "<group>";
		};
		EAC6BF161C17242B0038CCB6 /* BasePreviewView */ = {
			isa = PBXGroup;
			children = (
				4E5F0AF31E65BEA300107A34 /* CSBasePreviewView.swift */,
			);
			path = BasePreviewView;
			sourceTree = "<group>";
		};
		EAC6BF1D1C1724A00038CCB6 /* ProgressLoadingView */ = {
			isa = PBXGroup;
			children = (
				4E5F0AEB1E65AFCD00107A34 /* CSProgressLoadingView.swift */,
				EAC6BF201C1724A00038CCB6 /* CSProgressLoadingView.xib */,
			);
			path = ProgressLoadingView;
			sourceTree = "<group>";
		};
		EAC6BF231C1724D30038CCB6 /* VideoPreviewView */ = {
			isa = PBXGroup;
			children = (
				4E5F0B131E65FF4700107A34 /* CSVideoPreviewView.swift */,
				EAC6BF261C1724D30038CCB6 /* CSVideoPreviewView.xib */,
			);
			path = VideoPreviewView;
			sourceTree = "<group>";
		};
		EAC6BF291C1725400038CCB6 /* AudioPreviewView */ = {
			isa = PBXGroup;
			children = (
				4E5F0AF11E65BE5B00107A34 /* CSAudioPreviewView.swift */,
				EAC6BF2C1C1725400038CCB6 /* CSAudioPreviewView.xib */,
			);
			path = AudioPreviewView;
			sourceTree = "<group>";
		};
		EAEA8ABF1CA2B46D00E849E6 /* StickerView */ = {
			isa = PBXGroup;
			children = (
				4E5F0AFD1E65EDA800107A34 /* CSStickerDelegate.swift */,
				4E5F0AFE1E65EDA800107A34 /* CSStickerView.swift */,
				EAEA8AC31CA2B4D100E849E6 /* CSStickerView.xib */,
			);
			path = StickerView;
			sourceTree = "<group>";
		};
		EAEA8AC61CA2CA5000E849E6 /* StickerCell */ = {
			isa = PBXGroup;
			children = (
				4E5F0B011E65EF7800107A34 /* CSStickerCategoryCollectionViewCell.swift */,
				4E5F0B021E65EF7800107A34 /* CSStickerPageCollectionViewCell.swift */,
				4E5F0B031E65EF7800107A34 /* CSStickerCollectionViewCell.swift */,
				EAEA8AC91CA2CA7200E849E6 /* CSStickerCollectionViewCell.xib */,
				EAEA8ACE1CA2D1BC00E849E6 /* CSStickerPageCollectionViewCell.xib */,
				EABB0BC41CA3F26800FE7350 /* CSStickerCategoryCollectionViewCell.xib */,
			);
			path = StickerCell;
			sourceTree = "<group>";
		};
		EAF767E61C4FAEFB00EB126E /* Resources */ = {
			isa = PBXGroup;
			children = (
				EAF767EB1C4FAF2E00EB126E /* CSChatErrorCodes.strings */,
				EAF767F21C4FD6B900EB126E /* CSChatLocalization.strings */,
			);
			path = Resources;
			sourceTree = "<group>";
		};
		FD67E9535401F42E52A4E642 /* Pods */ = {
			isa = PBXGroup;
			children = (
				61CC48AE25EC9843EE5AEC4A /* Pods-Spika.debug.xcconfig */,
				1E24982593672E2BE1DCF485 /* Pods-Spika.release.xcconfig */,
			);
			name = Pods;
			sourceTree = "<group>";
		};
/* End PBXGroup section */

/* Begin PBXNativeTarget section */
		EAC6BE251C16F8460038CCB6 /* Spika */ = {
			isa = PBXNativeTarget;
			buildConfigurationList = EAC6BE3D1C16F8460038CCB6 /* Build configuration list for PBXNativeTarget "Spika" */;
			buildPhases = (
				3C82CE8035ABA151542852EE /* [CP] Check Pods Manifest.lock */,
				EAC6BE221C16F8460038CCB6 /* Sources */,
				EAC6BE231C16F8460038CCB6 /* Frameworks */,
				EAC6BE241C16F8460038CCB6 /* Resources */,
				6C3A564813E40520BF1DD41B /* [CP] Embed Pods Frameworks */,
				DF07FAA5E18ACC26CB134E42 /* [CP] Copy Pods Resources */,
			);
			buildRules = (
			);
			dependencies = (
			);
			name = Spika;
			productName = Spika;
			productReference = EAC6BE261C16F8460038CCB6 /* Spika.app */;
			productType = "com.apple.product-type.application";
		};
/* End PBXNativeTarget section */

/* Begin PBXProject section */
		EAC6BE1E1C16F8460038CCB6 /* Project object */ = {
			isa = PBXProject;
			attributes = {
				CLASSPREFIX = CS;
				LastUpgradeCheck = 0820;
				ORGANIZATIONNAME = "Clover Studio";
				TargetAttributes = {
					EAC6BE251C16F8460038CCB6 = {
						CreatedOnToolsVersion = 7.1.1;
						DevelopmentTeam = 7S572U2C68;
						LastSwiftMigration = 0820;
						ProvisioningStyle = Automatic;
					};
				};
			};
			buildConfigurationList = EAC6BE211C16F8460038CCB6 /* Build configuration list for PBXProject "Spika" */;
			compatibilityVersion = "Xcode 3.2";
			developmentRegion = English;
			hasScannedForEncodings = 0;
			knownRegions = (
				en,
				Base,
				hr,
			);
			mainGroup = EAC6BE1D1C16F8460038CCB6;
			productRefGroup = EAC6BE271C16F8460038CCB6 /* Products */;
			projectDirPath = "";
			projectRoot = "";
			targets = (
				EAC6BE251C16F8460038CCB6 /* Spika */,
			);
		};
/* End PBXProject section */

/* Begin PBXResourcesBuildPhase section */
		EAC6BE241C16F8460038CCB6 /* Resources */ = {
			isa = PBXResourcesBuildPhase;
			buildActionMask = 2147483647;
			files = (
				EAEA8ACB1CA2CA7200E849E6 /* CSStickerCollectionViewCell.xib in Resources */,
				EAC6BEF01C171F940038CCB6 /* CSUserInfoTableViewCell.xib in Resources */,
				EAC6BF031C1722460038CCB6 /* CSMyImageMessageTableViewCell.xib in Resources */,
				EA4AB2771CAA8D0600A4EEDE /* SE2AudioPlayerView.xib in Resources */,
				EAC6BF151C1724090038CCB6 /* CSImagePreviewView.xib in Resources */,
				EAC6BE4E1C1703D80038CCB6 /* Assets.xcassets in Resources */,
				EAEA8AD01CA2D1BC00E849E6 /* CSStickerPageCollectionViewCell.xib in Resources */,
				EAF767E91C4FAF2E00EB126E /* CSChatErrorCodes.strings in Resources */,
				EAC6BEC41C171A290038CCB6 /* CSMenuView.xib in Resources */,
				EA77FABF1C4E5E2C003005E9 /* CSNotificationOverlayView.xib in Resources */,
				EAC6BEE61C171EF10038CCB6 /* CSMyTextMessageTableViewCell.xib in Resources */,
				EABB0BC61CA3F26800FE7350 /* CSStickerCategoryCollectionViewCell.xib in Resources */,
				EAEA8AC41CA2B4D100E849E6 /* CSStickerView.xib in Resources */,
				EAC6BF221C1724A00038CCB6 /* CSProgressLoadingView.xib in Resources */,
				EAC6BE501C1703D80038CCB6 /* Main.storyboard in Resources */,
				EAC6BEAD1C17186F0038CCB6 /* CSMessageInfoViewController.xib in Resources */,
				EABB0BD61CA3FD5100FE7350 /* CSYourStickerMessageCell.xib in Resources */,
				EAC6BF331C172A330038CCB6 /* Images.xcassets in Resources */,
				EAC6BEA81C17186F0038CCB6 /* CSChatViewController.xib in Resources */,
				EAC6BEBD1C1719260038CCB6 /* CSChatSettingsView.xib in Resources */,
				EAF767F01C4FD6B900EB126E /* CSChatLocalization.strings in Resources */,
				EAC6BEB31C17186F0038CCB6 /* CSUploadVideoPreviewViewController.xib in Resources */,
				EAB9AA621C19D1FA00460730 /* CSAvatarView.xib in Resources */,
				EAC6BF281C1724D30038CCB6 /* CSVideoPreviewView.xib in Resources */,
				EAC6BF0F1C1722DA0038CCB6 /* CSMyMediaMessageTableViewCell.xib in Resources */,
				EAC6BEB51C17186F0038CCB6 /* CSUsersViewController.xib in Resources */,
				EAC6BEF61C171FE20038CCB6 /* CSYourTextMessageTableViewCell.xib in Resources */,
				EAC6BF2E1C1725400038CCB6 /* CSAudioPreviewView.xib in Resources */,
				EAC6BECE1C171C4D0038CCB6 /* CSUsersTableViewCell.xib in Resources */,
				EAC6BEDA1C171D770038CCB6 /* CSSeenByTableViewCell.xib in Resources */,
				EAC6BEAB1C17186F0038CCB6 /* CSMapViewController.xib in Resources */,
				EABB0BD11CA3FC6700FE7350 /* CSMyStickerMessageCell.xib in Resources */,
				EA4AB2711CAA8CE300A4EEDE /* CSRecordAudioViewController.xib in Resources */,
				EAC6BEFC1C17206A0038CCB6 /* CSYourImageMessageTableViewCell.xib in Resources */,
				EAC6BED41C171CFF0038CCB6 /* CSProgressUploadingView.xib in Resources */,
				EAC6BEB11C17186F0038CCB6 /* CSUploadImagePreviewViewController.xib in Resources */,
				EAC6BF091C1722920038CCB6 /* CSYourMediaMessageTableViewCell.xib in Resources */,
				EAC6BE4F1C1703D80038CCB6 /* LaunchScreen.storyboard in Resources */,
			);
			runOnlyForDeploymentPostprocessing = 0;
		};
/* End PBXResourcesBuildPhase section */

/* Begin PBXShellScriptBuildPhase section */
		3C82CE8035ABA151542852EE /* [CP] Check Pods Manifest.lock */ = {
			isa = PBXShellScriptBuildPhase;
			buildActionMask = 2147483647;
			files = (
			);
			inputPaths = (
			);
			name = "[CP] Check Pods Manifest.lock";
			outputPaths = (
			);
			runOnlyForDeploymentPostprocessing = 0;
			shellPath = /bin/sh;
			shellScript = "diff \"${PODS_ROOT}/../Podfile.lock\" \"${PODS_ROOT}/Manifest.lock\" > /dev/null\nif [ $? != 0 ] ; then\n    # print error to STDERR\n    echo \"error: The sandbox is not in sync with the Podfile.lock. Run 'pod install' or update your CocoaPods installation.\" >&2\n    exit 1\nfi\n";
			showEnvVarsInLog = 0;
		};
		6C3A564813E40520BF1DD41B /* [CP] Embed Pods Frameworks */ = {
			isa = PBXShellScriptBuildPhase;
			buildActionMask = 2147483647;
			files = (
			);
			inputPaths = (
			);
			name = "[CP] Embed Pods Frameworks";
			outputPaths = (
			);
			runOnlyForDeploymentPostprocessing = 0;
			shellPath = /bin/sh;
			shellScript = "\"${SRCROOT}/Pods/Target Support Files/Pods-Spika/Pods-Spika-frameworks.sh\"\n";
			showEnvVarsInLog = 0;
		};
		DF07FAA5E18ACC26CB134E42 /* [CP] Copy Pods Resources */ = {
			isa = PBXShellScriptBuildPhase;
			buildActionMask = 2147483647;
			files = (
			);
			inputPaths = (
			);
			name = "[CP] Copy Pods Resources";
			outputPaths = (
			);
			runOnlyForDeploymentPostprocessing = 0;
			shellPath = /bin/sh;
			shellScript = "\"${SRCROOT}/Pods/Target Support Files/Pods-Spika/Pods-Spika-resources.sh\"\n";
			showEnvVarsInLog = 0;
		};
/* End PBXShellScriptBuildPhase section */

/* Begin PBXSourcesBuildPhase section */
		EAC6BE221C16F8460038CCB6 /* Sources */ = {
			isa = PBXSourcesBuildPhase;
			buildActionMask = 2147483647;
			files = (
				4E5F0ACD1E656A5500107A34 /* CSTypingModel.swift in Sources */,
				4E5F0B0E1E65FABF00107A34 /* CSImagePreviewView.swift in Sources */,
				4E5F0B201E660BD700107A34 /* CSMyMediaMessageTableViewCell.swift in Sources */,
				4E5F0AE01E65722D00107A34 /* CSSocketController.swift in Sources */,
				4E5F0AEE1E65B2B400107A34 /* CSBaseViewController.swift in Sources */,
				4E5F0B301E66BFEB00107A34 /* CSUsersViewController.swift in Sources */,
				4E5F0AE81E657D3200107A34 /* SIOSocket.swift in Sources */,
				4E5F0B0C1E65F78400107A34 /* CSNotificationOverlayView.swift in Sources */,
				4E5F0B0B1E65F78400107A34 /* CSNotificationOverlayQueue.swift in Sources */,
				4E5F0AC91E656A5500107A34 /* CSLocationModel.swift in Sources */,
				4E5F0B331E66CB1A00107A34 /* CSMapViewController.swift in Sources */,
				4E5F0B111E65FBA400107A34 /* CSMenuViewDelegate.swift in Sources */,
				4E5F0AE21E65722D00107A34 /* CSUtils.swift in Sources */,
				4E5F0AC81E656A5500107A34 /* CSGetMessages.swift in Sources */,
				4E5F0AFF1E65EDA800107A34 /* CSStickerDelegate.swift in Sources */,
				4E5F0B2C1E66BE4500107A34 /* CSYourMediaMessageTableViewCell.swift in Sources */,
				4E5F0B121E65FBA400107A34 /* CSMenuView.swift in Sources */,
				4E5F0B261E66BC6400107A34 /* CSUserInfoTableViewCell.swift in Sources */,
				4E5F0ADB1E65722D00107A34 /* CSChatErrorCodes.swift in Sources */,
				4E5F0ADA1E65722D00107A34 /* CSAvatarLoader.swift in Sources */,
				4E5F0B1E1E66088100107A34 /* CSMyImageMessageTableViewCell.swift in Sources */,
				4E5F0B001E65EDA800107A34 /* CSStickerView.swift in Sources */,
				4E5F0B3A1E66D03F00107A34 /* CSUploadImagePreviewViewController.swift in Sources */,
				4E5F0B181E66030C00107A34 /* CSBaseTableViewCell.swift in Sources */,
				4E5F0B081E65F6DE00107A34 /* CSTitleView.swift in Sources */,
				4E5F0B2A1E66BDB600107A34 /* CSYourImageMessageTableViewCell.swift in Sources */,
				4E5F0AB01E655DF800107A34 /* ViewController.swift in Sources */,
				4E5F0AEA1E65A73B00107A34 /* CSProgressUploadingView.swift in Sources */,
				4E5F0AAF1E655DF800107A34 /* AppDelegate.swift in Sources */,
				4E5F0AC41E656A5500107A34 /* CSModel.swift in Sources */,
				4E5F0AC71E656A5500107A34 /* CSFileModel.swift in Sources */,
				4E5F0AE11E65722D00107A34 /* CSUploadManager.swift in Sources */,
				4E5F0ADF1E65722D00107A34 /* CSEmitJsonCreator.swift in Sources */,
				4E5F0AC51E656A5500107A34 /* CSMessageModel.swift in Sources */,
				4E5F0B051E65EF7800107A34 /* CSStickerPageCollectionViewCell.swift in Sources */,
				4E5F0AB21E6561C100107A34 /* JSONValueTransformer+CustomTransformer.swift in Sources */,
				4E03A6CC1E7AAB8200511DCB /* Date+Formatter.swift in Sources */,
				4E5F0ACC1E656A5500107A34 /* CSStickerListModel.swift in Sources */,
				4E5F0AF01E65BD9F00107A34 /* SE2AudioPlayerView.swift in Sources */,
				4E03A6C81E7A9B9100511DCB /* NSNotification+Spika.swift in Sources */,
				4E5F0ADE1E65722D00107A34 /* CSDownloadManager.swift in Sources */,
				4E03A6D01E7BD67600511DCB /* UIAlertController+APIError.swift in Sources */,
				4E5F0B3E1E66D43E00107A34 /* CSChatViewController.swift in Sources */,
				4E5F0B1A1E66057F00107A34 /* CSMyStickerMessageCell.swift in Sources */,
				4E5F0B361E66CC0700107A34 /* CSMessageInfoViewController.swift in Sources */,
				4E5F0AF81E65C24E00107A34 /* CSCustomView.swift in Sources */,
				4E5F0ADC1E65722D00107A34 /* CSConfig.swift in Sources */,
				4E03A6CA1E7AAA4500511DCB /* UIDevice+Version.swift in Sources */,
				4E5F0B381E66CDAA00107A34 /* CSRecordAudioViewController.swift in Sources */,
				4E5F0ACB1E656A5500107A34 /* CSResponseModel.swift in Sources */,
				4E5F0AC21E656A5500107A34 /* CSStickerPageModel.swift in Sources */,
				4E5F0AF41E65BEA300107A34 /* CSBasePreviewView.swift in Sources */,
				4E5F0AF21E65BE5B00107A34 /* CSAudioPreviewView.swift in Sources */,
				4E5F0AD91E65722D00107A34 /* CSApiManager.swift in Sources */,
				4E5F0B341E66CB1A00107A34 /* CSDisplayMap.swift in Sources */,
				4E5F0AFB1E65C5D800107A34 /* ChatSettingsViewDelegate.swift in Sources */,
				4E5F0AE71E657D3200107A34 /* SocketEventHandler.swift in Sources */,
				4E5F0AF61E65C21A00107A34 /* CSAvatarView.swift in Sources */,
				4E5F0B141E65FF4700107A34 /* CSVideoPreviewView.swift in Sources */,
				4E5F0B061E65EF7800107A34 /* CSStickerCollectionViewCell.swift in Sources */,
				4E5F0AC11E656A5500107A34 /* CSSeenByModel.swift in Sources */,
				4E5F0B041E65EF7800107A34 /* CSStickerCategoryCollectionViewCell.swift in Sources */,
				4E5F0B241E66B8A700107A34 /* CSSeenByTableViewCell.swift in Sources */,
				4E5F0AEC1E65AFCD00107A34 /* CSProgressLoadingView.swift in Sources */,
				4E5F0B281E66BD5200107A34 /* CSUsersTableViewCell.swift in Sources */,
				4E5F0B1C1E6606E900107A34 /* CSYourStickerMessageCell.swift in Sources */,
				4E5F0ACE1E656A5500107A34 /* CSUserModel.swift in Sources */,
				4E5F0ACA1E656A5500107A34 /* CSLoginResult.swift in Sources */,
				4E5F0AC31E656A5500107A34 /* CSStickerModel.swift in Sources */,
				4E5F0B221E66B71B00107A34 /* CSMyTextMessageTableViewCell.swift in Sources */,
				4E5F0B2E1E66BF0700107A34 /* CSYourTextMessageTableViewCell.swift in Sources */,
				4E5F0AFC1E65C5D800107A34 /* CSChatSettingsView.swift in Sources */,
				4E03A6C61E7A922E00511DCB /* UIColor+Alpha.swift in Sources */,
				4E5F0ADD1E65722D00107A34 /* CSCustomConfig.swift in Sources */,
				4E5F0AC61E656A5500107A34 /* CSFileDetailsModel.swift in Sources */,
				4E5F0B3C1E66D19F00107A34 /* CSUploadVideoPreviewViewController.swift in Sources */,
				4E5F0B161E6602F800107A34 /* CSCellClickedDelegate.swift in Sources */,
			);
			runOnlyForDeploymentPostprocessing = 0;
		};
/* End PBXSourcesBuildPhase section */

/* Begin PBXVariantGroup section */
		EAC6BE451C1703D80038CCB6 /* LaunchScreen.storyboard */ = {
			isa = PBXVariantGroup;
			children = (
				EAC6BE461C1703D80038CCB6 /* Base */,
			);
			name = LaunchScreen.storyboard;
			sourceTree = "<group>";
		};
		EAC6BE471C1703D80038CCB6 /* Main.storyboard */ = {
			isa = PBXVariantGroup;
			children = (
				EAC6BE481C1703D80038CCB6 /* Base */,
			);
			name = Main.storyboard;
			sourceTree = "<group>";
		};
		EAF767EB1C4FAF2E00EB126E /* CSChatErrorCodes.strings */ = {
			isa = PBXVariantGroup;
			children = (
				EAF767EA1C4FAF2E00EB126E /* en */,
				EAF767ED1C4FB7F700EB126E /* hr */,
			);
			name = CSChatErrorCodes.strings;
			sourceTree = "<group>";
		};
		EAF767F21C4FD6B900EB126E /* CSChatLocalization.strings */ = {
			isa = PBXVariantGroup;
			children = (
				EAF767F11C4FD6B900EB126E /* en */,
				EAF767F31C4FD6BB00EB126E /* hr */,
			);
			name = CSChatLocalization.strings;
			sourceTree = "<group>";
		};
/* End PBXVariantGroup section */

/* Begin XCBuildConfiguration section */
		EAC6BE3B1C16F8460038CCB6 /* Debug */ = {
			isa = XCBuildConfiguration;
			buildSettings = {
				ALWAYS_SEARCH_USER_PATHS = NO;
				CLANG_ANALYZER_LOCALIZABILITY_NONLOCALIZED = YES;
				CLANG_CXX_LANGUAGE_STANDARD = "gnu++0x";
				CLANG_CXX_LIBRARY = "libc++";
				CLANG_ENABLE_MODULES = YES;
				CLANG_ENABLE_OBJC_ARC = YES;
				CLANG_WARN_BOOL_CONVERSION = YES;
				CLANG_WARN_CONSTANT_CONVERSION = YES;
				CLANG_WARN_DIRECT_OBJC_ISA_USAGE = YES_ERROR;
				CLANG_WARN_EMPTY_BODY = YES;
				CLANG_WARN_ENUM_CONVERSION = YES;
				CLANG_WARN_INFINITE_RECURSION = YES;
				CLANG_WARN_INT_CONVERSION = YES;
				CLANG_WARN_OBJC_ROOT_CLASS = YES_ERROR;
				CLANG_WARN_SUSPICIOUS_MOVE = YES;
				CLANG_WARN_UNREACHABLE_CODE = YES;
				CLANG_WARN__DUPLICATE_METHOD_MATCH = YES;
				CODE_SIGN_IDENTITY = "iPhone Developer: Ken Yasue (WD4936TY3H)";
				"CODE_SIGN_IDENTITY[sdk=iphoneos*]" = "iPhone Developer: Ken Yasue (WD4936TY3H)";
				COPY_PHASE_STRIP = NO;
				DEBUG_INFORMATION_FORMAT = dwarf;
				ENABLE_STRICT_OBJC_MSGSEND = YES;
				ENABLE_TESTABILITY = YES;
				GCC_C_LANGUAGE_STANDARD = gnu99;
				GCC_DYNAMIC_NO_PIC = NO;
				GCC_NO_COMMON_BLOCKS = YES;
				GCC_OPTIMIZATION_LEVEL = 0;
				GCC_PREPROCESSOR_DEFINITIONS = (
					"DEBUG=1",
					"$(inherited)",
				);
				GCC_WARN_64_TO_32_BIT_CONVERSION = YES;
				GCC_WARN_ABOUT_RETURN_TYPE = YES_ERROR;
				GCC_WARN_UNDECLARED_SELECTOR = YES;
				GCC_WARN_UNINITIALIZED_AUTOS = YES_AGGRESSIVE;
				GCC_WARN_UNUSED_FUNCTION = YES;
				GCC_WARN_UNUSED_VARIABLE = YES;
				IPHONEOS_DEPLOYMENT_TARGET = 10.2;
				MTL_ENABLE_DEBUG_INFO = YES;
				ONLY_ACTIVE_ARCH = YES;
				SDKROOT = iphoneos;
			};
			name = Debug;
		};
		EAC6BE3C1C16F8460038CCB6 /* Release */ = {
			isa = XCBuildConfiguration;
			buildSettings = {
				ALWAYS_SEARCH_USER_PATHS = NO;
				CLANG_ANALYZER_LOCALIZABILITY_NONLOCALIZED = YES;
				CLANG_CXX_LANGUAGE_STANDARD = "gnu++0x";
				CLANG_CXX_LIBRARY = "libc++";
				CLANG_ENABLE_MODULES = YES;
				CLANG_ENABLE_OBJC_ARC = YES;
				CLANG_WARN_BOOL_CONVERSION = YES;
				CLANG_WARN_CONSTANT_CONVERSION = YES;
				CLANG_WARN_DIRECT_OBJC_ISA_USAGE = YES_ERROR;
				CLANG_WARN_EMPTY_BODY = YES;
				CLANG_WARN_ENUM_CONVERSION = YES;
				CLANG_WARN_INFINITE_RECURSION = YES;
				CLANG_WARN_INT_CONVERSION = YES;
				CLANG_WARN_OBJC_ROOT_CLASS = YES_ERROR;
				CLANG_WARN_SUSPICIOUS_MOVE = YES;
				CLANG_WARN_UNREACHABLE_CODE = YES;
				CLANG_WARN__DUPLICATE_METHOD_MATCH = YES;
				CODE_SIGN_IDENTITY = "iPhone Developer";
				"CODE_SIGN_IDENTITY[sdk=iphoneos*]" = "iPhone Developer";
				COPY_PHASE_STRIP = NO;
				DEBUG_INFORMATION_FORMAT = "dwarf-with-dsym";
				ENABLE_NS_ASSERTIONS = NO;
				ENABLE_STRICT_OBJC_MSGSEND = YES;
				GCC_C_LANGUAGE_STANDARD = gnu99;
				GCC_NO_COMMON_BLOCKS = YES;
				GCC_WARN_64_TO_32_BIT_CONVERSION = YES;
				GCC_WARN_ABOUT_RETURN_TYPE = YES_ERROR;
				GCC_WARN_UNDECLARED_SELECTOR = YES;
				GCC_WARN_UNINITIALIZED_AUTOS = YES_AGGRESSIVE;
				GCC_WARN_UNUSED_FUNCTION = YES;
				GCC_WARN_UNUSED_VARIABLE = YES;
				IPHONEOS_DEPLOYMENT_TARGET = 10.2;
				MTL_ENABLE_DEBUG_INFO = NO;
				SDKROOT = iphoneos;
				SWIFT_OPTIMIZATION_LEVEL = "-Owholemodule";
				VALIDATE_PRODUCT = YES;
			};
			name = Release;
		};
		EAC6BE3E1C16F8460038CCB6 /* Debug */ = {
			isa = XCBuildConfiguration;
			baseConfigurationReference = 61CC48AE25EC9843EE5AEC4A /* Pods-Spika.debug.xcconfig */;
			buildSettings = {
				ALWAYS_EMBED_SWIFT_STANDARD_LIBRARIES = YES;
				ASSETCATALOG_COMPILER_APPICON_NAME = AppIcon;
				CLANG_ENABLE_MODULES = YES;
				CODE_SIGN_IDENTITY = "iPhone Developer: Mislav Bagovic (96YEKUB6MR)";
				"CODE_SIGN_IDENTITY[sdk=iphoneos*]" = "iPhone Developer";
				DEVELOPMENT_TEAM = 7S572U2C68;
				INFOPLIST_FILE = "$(SRCROOT)/SpikaExample/Info.plist";
				IPHONEOS_DEPLOYMENT_TARGET = 8.0;
				LD_RUNPATH_SEARCH_PATHS = "$(inherited) @executable_path/Frameworks";
				PRODUCT_BUNDLE_IDENTIFIER = ru.turing.spika;
				PRODUCT_NAME = "$(TARGET_NAME)";
				PROVISIONING_PROFILE = "";
				SWIFT_OBJC_BRIDGING_HEADER = "SpikaExample/Spika-Bridging-Header.h";
				SWIFT_OPTIMIZATION_LEVEL = "-Onone";
				SWIFT_VERSION = 3.0;
				TARGETED_DEVICE_FAMILY = "1,2";
			};
			name = Debug;
		};
		EAC6BE3F1C16F8460038CCB6 /* Release */ = {
			isa = XCBuildConfiguration;
			baseConfigurationReference = 1E24982593672E2BE1DCF485 /* Pods-Spika.release.xcconfig */;
			buildSettings = {
				ALWAYS_EMBED_SWIFT_STANDARD_LIBRARIES = YES;
				ASSETCATALOG_COMPILER_APPICON_NAME = AppIcon;
				CLANG_ENABLE_MODULES = YES;
				CODE_SIGN_IDENTITY = "iPhone Developer: Mislav Bagovic (96YEKUB6MR)";
				"CODE_SIGN_IDENTITY[sdk=iphoneos*]" = "iPhone Developer";
				DEVELOPMENT_TEAM = 7S572U2C68;
				INFOPLIST_FILE = "$(SRCROOT)/SpikaExample/Info.plist";
				IPHONEOS_DEPLOYMENT_TARGET = 8.0;
				LD_RUNPATH_SEARCH_PATHS = "$(inherited) @executable_path/Frameworks";
				PRODUCT_BUNDLE_IDENTIFIER = ru.turing.spika;
				PRODUCT_NAME = "$(TARGET_NAME)";
				PROVISIONING_PROFILE = "";
				SWIFT_OBJC_BRIDGING_HEADER = "SpikaExample/Spika-Bridging-Header.h";
				SWIFT_VERSION = 3.0;
				TARGETED_DEVICE_FAMILY = "1,2";
			};
			name = Release;
		};
/* End XCBuildConfiguration section */

/* Begin XCConfigurationList section */
		EAC6BE211C16F8460038CCB6 /* Build configuration list for PBXProject "Spika" */ = {
			isa = XCConfigurationList;
			buildConfigurations = (
				EAC6BE3B1C16F8460038CCB6 /* Debug */,
				EAC6BE3C1C16F8460038CCB6 /* Release */,
			);
			defaultConfigurationIsVisible = 0;
			defaultConfigurationName = Release;
		};
		EAC6BE3D1C16F8460038CCB6 /* Build configuration list for PBXNativeTarget "Spika" */ = {
			isa = XCConfigurationList;
			buildConfigurations = (
				EAC6BE3E1C16F8460038CCB6 /* Debug */,
				EAC6BE3F1C16F8460038CCB6 /* Release */,
			);
			defaultConfigurationIsVisible = 0;
			defaultConfigurationName = Release;
		};
/* End XCConfigurationList section */
	};
	rootObject = EAC6BE1E1C16F8460038CCB6 /* Project object */;
}
