// !$*UTF8*$!
{
	archiveVersion = 1;
	classes = {
	};
	objectVersion = 46;
	objects = {

/* Begin PBXBuildFile section */
		31CC1663B4E8B0C1E4B303A8 /* Pods_Spika.framework in Frameworks */ = {isa = PBXBuildFile; fileRef = 3D793BEC9E449E4D8672A410 /* Pods_Spika.framework */; };
		4E5F0AAF1E655DF800107A34 /* AppDelegate.swift in Sources */ = {isa = PBXBuildFile; fileRef = 4E5F0AAD1E655DF800107A34 /* AppDelegate.swift */; };
		4E5F0AB01E655DF800107A34 /* ViewController.swift in Sources */ = {isa = PBXBuildFile; fileRef = 4E5F0AAE1E655DF800107A34 /* ViewController.swift */; };
		4E5F0AE71E657D3200107A34 /* SocketEventHandler.swift in Sources */ = {isa = PBXBuildFile; fileRef = 4E5F0AE51E657D3200107A34 /* SocketEventHandler.swift */; };
		4E5F0AE81E657D3200107A34 /* SIOSocket.swift in Sources */ = {isa = PBXBuildFile; fileRef = 4E5F0AE61E657D3200107A34 /* SIOSocket.swift */; };
		4E5F0B1A1E66057F00107A34 /* CSMyStickerMessageCell.swift in Sources */ = {isa = PBXBuildFile; fileRef = 4E5F0B191E66057F00107A34 /* CSMyStickerMessageCell.swift */; };
		4EE751A31E81578200B1BC53 /* CSFileDetailsModel.swift in Sources */ = {isa = PBXBuildFile; fileRef = 4EE751951E81578200B1BC53 /* CSFileDetailsModel.swift */; };
		4EE751A41E81578200B1BC53 /* CSFileModel.swift in Sources */ = {isa = PBXBuildFile; fileRef = 4EE751961E81578200B1BC53 /* CSFileModel.swift */; };
		4EE751A51E81578200B1BC53 /* CSGetMessages.swift in Sources */ = {isa = PBXBuildFile; fileRef = 4EE751971E81578200B1BC53 /* CSGetMessages.swift */; };
		4EE751A61E81578200B1BC53 /* CSLocationModel.swift in Sources */ = {isa = PBXBuildFile; fileRef = 4EE751981E81578200B1BC53 /* CSLocationModel.swift */; };
		4EE751A71E81578200B1BC53 /* CSLoginResult.swift in Sources */ = {isa = PBXBuildFile; fileRef = 4EE751991E81578200B1BC53 /* CSLoginResult.swift */; };
		4EE751A81E81578200B1BC53 /* CSMessageModel.swift in Sources */ = {isa = PBXBuildFile; fileRef = 4EE7519A1E81578200B1BC53 /* CSMessageModel.swift */; };
		4EE751A91E81578200B1BC53 /* CSModel.swift in Sources */ = {isa = PBXBuildFile; fileRef = 4EE7519B1E81578200B1BC53 /* CSModel.swift */; };
		4EE751AA1E81578200B1BC53 /* CSResponseModel.swift in Sources */ = {isa = PBXBuildFile; fileRef = 4EE7519C1E81578200B1BC53 /* CSResponseModel.swift */; };
		4EE751AB1E81578200B1BC53 /* CSSeenByModel.swift in Sources */ = {isa = PBXBuildFile; fileRef = 4EE7519D1E81578200B1BC53 /* CSSeenByModel.swift */; };
		4EE751AC1E81578200B1BC53 /* CSStickerListModel.swift in Sources */ = {isa = PBXBuildFile; fileRef = 4EE7519E1E81578200B1BC53 /* CSStickerListModel.swift */; };
		4EE751AD1E81578200B1BC53 /* CSStickerModel.swift in Sources */ = {isa = PBXBuildFile; fileRef = 4EE7519F1E81578200B1BC53 /* CSStickerModel.swift */; };
		4EE751AE1E81578200B1BC53 /* CSStickerPageModel.swift in Sources */ = {isa = PBXBuildFile; fileRef = 4EE751A01E81578200B1BC53 /* CSStickerPageModel.swift */; };
		4EE751AF1E81578200B1BC53 /* CSTypingModel.swift in Sources */ = {isa = PBXBuildFile; fileRef = 4EE751A11E81578200B1BC53 /* CSTypingModel.swift */; };
		4EE751B01E81578200B1BC53 /* CSUserModel.swift in Sources */ = {isa = PBXBuildFile; fileRef = 4EE751A21E81578200B1BC53 /* CSUserModel.swift */; };
		4EE751B21E81579000B1BC53 /* JSONValueTransformer+CustomTransformer.swift in Sources */ = {isa = PBXBuildFile; fileRef = 4EE751B11E81579000B1BC53 /* JSONValueTransformer+CustomTransformer.swift */; };
		4EE751B41E8157A000B1BC53 /* CSBaseViewController.swift in Sources */ = {isa = PBXBuildFile; fileRef = 4EE751B31E8157A000B1BC53 /* CSBaseViewController.swift */; };
		4EE751B61E8157A900B1BC53 /* UIAlertController+APIError.swift in Sources */ = {isa = PBXBuildFile; fileRef = 4EE751B51E8157A900B1BC53 /* UIAlertController+APIError.swift */; };
		4EE751B91E8157B500B1BC53 /* CSChatViewController.swift in Sources */ = {isa = PBXBuildFile; fileRef = 4EE751B71E8157B500B1BC53 /* CSChatViewController.swift */; };
		4EE751BA1E8157B500B1BC53 /* CSChatViewController.xib in Resources */ = {isa = PBXBuildFile; fileRef = 4EE751B81E8157B500B1BC53 /* CSChatViewController.xib */; };
		4EE751BE1E8157C500B1BC53 /* CSDisplayMap.swift in Sources */ = {isa = PBXBuildFile; fileRef = 4EE751BB1E8157C500B1BC53 /* CSDisplayMap.swift */; };
		4EE751BF1E8157C500B1BC53 /* CSMapViewController.swift in Sources */ = {isa = PBXBuildFile; fileRef = 4EE751BC1E8157C500B1BC53 /* CSMapViewController.swift */; };
		4EE751C01E8157C500B1BC53 /* CSMapViewController.xib in Resources */ = {isa = PBXBuildFile; fileRef = 4EE751BD1E8157C500B1BC53 /* CSMapViewController.xib */; };
		4EE751C31E8157CF00B1BC53 /* CSMessageInfoViewController.swift in Sources */ = {isa = PBXBuildFile; fileRef = 4EE751C11E8157CF00B1BC53 /* CSMessageInfoViewController.swift */; };
		4EE751C41E8157CF00B1BC53 /* CSMessageInfoViewController.xib in Resources */ = {isa = PBXBuildFile; fileRef = 4EE751C21E8157CF00B1BC53 /* CSMessageInfoViewController.xib */; };
		4EE751C71E8157DA00B1BC53 /* CSRecordAudioViewController.swift in Sources */ = {isa = PBXBuildFile; fileRef = 4EE751C51E8157DA00B1BC53 /* CSRecordAudioViewController.swift */; };
		4EE751C81E8157DA00B1BC53 /* CSRecordAudioViewController.xib in Resources */ = {isa = PBXBuildFile; fileRef = 4EE751C61E8157DA00B1BC53 /* CSRecordAudioViewController.xib */; };
		4EE751CB1E8157E500B1BC53 /* CSUploadImagePreviewViewController.swift in Sources */ = {isa = PBXBuildFile; fileRef = 4EE751C91E8157E500B1BC53 /* CSUploadImagePreviewViewController.swift */; };
		4EE751CC1E8157E500B1BC53 /* CSUploadImagePreviewViewController.xib in Resources */ = {isa = PBXBuildFile; fileRef = 4EE751CA1E8157E500B1BC53 /* CSUploadImagePreviewViewController.xib */; };
		4EE751CF1E8157EF00B1BC53 /* CSUploadVideoPreviewViewController.swift in Sources */ = {isa = PBXBuildFile; fileRef = 4EE751CD1E8157EF00B1BC53 /* CSUploadVideoPreviewViewController.swift */; };
		4EE751D01E8157EF00B1BC53 /* CSUploadVideoPreviewViewController.xib in Resources */ = {isa = PBXBuildFile; fileRef = 4EE751CE1E8157EF00B1BC53 /* CSUploadVideoPreviewViewController.xib */; };
		4EE751D31E8157F900B1BC53 /* CSUsersViewController.swift in Sources */ = {isa = PBXBuildFile; fileRef = 4EE751D11E8157F900B1BC53 /* CSUsersViewController.swift */; };
		4EE751D41E8157F900B1BC53 /* CSUsersViewController.xib in Resources */ = {isa = PBXBuildFile; fileRef = 4EE751D21E8157F900B1BC53 /* CSUsersViewController.xib */; };
		4EE751E31E81580800B1BC53 /* CSApiManager.swift in Sources */ = {isa = PBXBuildFile; fileRef = 4EE751D51E81580800B1BC53 /* CSApiManager.swift */; };
		4EE751E41E81580800B1BC53 /* CSAvatarLoader.swift in Sources */ = {isa = PBXBuildFile; fileRef = 4EE751D61E81580800B1BC53 /* CSAvatarLoader.swift */; };
		4EE751E51E81580800B1BC53 /* CSChatErrorCodes.swift in Sources */ = {isa = PBXBuildFile; fileRef = 4EE751D71E81580800B1BC53 /* CSChatErrorCodes.swift */; };
		4EE751E61E81580800B1BC53 /* CSConfig.swift in Sources */ = {isa = PBXBuildFile; fileRef = 4EE751D81E81580800B1BC53 /* CSConfig.swift */; };
		4EE751E71E81580800B1BC53 /* CSCustomConfig.swift in Sources */ = {isa = PBXBuildFile; fileRef = 4EE751D91E81580800B1BC53 /* CSCustomConfig.swift */; };
		4EE751E81E81580800B1BC53 /* CSDownloadManager.swift in Sources */ = {isa = PBXBuildFile; fileRef = 4EE751DA1E81580800B1BC53 /* CSDownloadManager.swift */; };
		4EE751E91E81580800B1BC53 /* CSEmitJsonCreator.swift in Sources */ = {isa = PBXBuildFile; fileRef = 4EE751DB1E81580800B1BC53 /* CSEmitJsonCreator.swift */; };
		4EE751EA1E81580800B1BC53 /* CSSocketController.swift in Sources */ = {isa = PBXBuildFile; fileRef = 4EE751DC1E81580800B1BC53 /* CSSocketController.swift */; };
		4EE751EB1E81580800B1BC53 /* CSUploadManager.swift in Sources */ = {isa = PBXBuildFile; fileRef = 4EE751DD1E81580800B1BC53 /* CSUploadManager.swift */; };
		4EE751EC1E81580800B1BC53 /* CSUtils.swift in Sources */ = {isa = PBXBuildFile; fileRef = 4EE751DE1E81580800B1BC53 /* CSUtils.swift */; };
		4EE751ED1E81580800B1BC53 /* Date+Formatter.swift in Sources */ = {isa = PBXBuildFile; fileRef = 4EE751DF1E81580800B1BC53 /* Date+Formatter.swift */; };
		4EE751EE1E81580800B1BC53 /* NSNotification+Spika.swift in Sources */ = {isa = PBXBuildFile; fileRef = 4EE751E01E81580800B1BC53 /* NSNotification+Spika.swift */; };
		4EE751EF1E81580800B1BC53 /* UIColor+Alpha.swift in Sources */ = {isa = PBXBuildFile; fileRef = 4EE751E11E81580800B1BC53 /* UIColor+Alpha.swift */; };
		4EE751F01E81580800B1BC53 /* UIDevice+Version.swift in Sources */ = {isa = PBXBuildFile; fileRef = 4EE751E21E81580800B1BC53 /* UIDevice+Version.swift */; };
		4EE751F31E81589500B1BC53 /* CSCellClickedDelegate.swift in Sources */ = {isa = PBXBuildFile; fileRef = 4EE751F21E81589500B1BC53 /* CSCellClickedDelegate.swift */; };
		4EE751FB1E8158D700B1BC53 /* CSMyStickerMessageCell.xib in Resources */ = {isa = PBXBuildFile; fileRef = 4EE751FA1E8158D700B1BC53 /* CSMyStickerMessageCell.xib */; };
		4EE751FE1E8158F800B1BC53 /* CSYourStickerMessageCell.swift in Sources */ = {isa = PBXBuildFile; fileRef = 4EE751FC1E8158F800B1BC53 /* CSYourStickerMessageCell.swift */; };
		4EE751FF1E8158F800B1BC53 /* CSYourStickerMessageCell.xib in Resources */ = {isa = PBXBuildFile; fileRef = 4EE751FD1E8158F800B1BC53 /* CSYourStickerMessageCell.xib */; };
		4EE7520D1E81590700B1BC53 /* CSStickerCategoryCollectionViewCell.swift in Sources */ = {isa = PBXBuildFile; fileRef = 4EE752021E81590700B1BC53 /* CSStickerCategoryCollectionViewCell.swift */; };
		4EE7520E1E81590700B1BC53 /* CSStickerCategoryCollectionViewCell.xib in Resources */ = {isa = PBXBuildFile; fileRef = 4EE752031E81590700B1BC53 /* CSStickerCategoryCollectionViewCell.xib */; };
		4EE752101E81590700B1BC53 /* CSStickerCollectionViewCell.swift in Sources */ = {isa = PBXBuildFile; fileRef = 4EE752061E81590700B1BC53 /* CSStickerCollectionViewCell.swift */; };
		4EE752111E81590700B1BC53 /* CSStickerCollectionViewCell.xib in Resources */ = {isa = PBXBuildFile; fileRef = 4EE752071E81590700B1BC53 /* CSStickerCollectionViewCell.xib */; };
		4EE752131E81590700B1BC53 /* CSStickerPageCollectionViewCell.swift in Sources */ = {isa = PBXBuildFile; fileRef = 4EE7520A1E81590700B1BC53 /* CSStickerPageCollectionViewCell.swift */; };
		4EE752141E81590700B1BC53 /* CSStickerPageCollectionViewCell.xib in Resources */ = {isa = PBXBuildFile; fileRef = 4EE7520B1E81590700B1BC53 /* CSStickerPageCollectionViewCell.xib */; };
		4EE752191E81592500B1BC53 /* CSBaseTableViewCell.swift in Sources */ = {isa = PBXBuildFile; fileRef = 4EE752171E81592500B1BC53 /* CSBaseTableViewCell.swift */; };
		4EE7521F1E81593A00B1BC53 /* CSMyImageMessageTableViewCell.swift in Sources */ = {isa = PBXBuildFile; fileRef = 4EE7521C1E81593A00B1BC53 /* CSMyImageMessageTableViewCell.swift */; };
		4EE752201E81593A00B1BC53 /* CSMyImageMessageTableViewCell.xib in Resources */ = {isa = PBXBuildFile; fileRef = 4EE7521D1E81593A00B1BC53 /* CSMyImageMessageTableViewCell.xib */; };
		4EE752261E81595C00B1BC53 /* CSMyMediaMessageTableViewCell.swift in Sources */ = {isa = PBXBuildFile; fileRef = 4EE752231E81595C00B1BC53 /* CSMyMediaMessageTableViewCell.swift */; };
		4EE752271E81595C00B1BC53 /* CSMyMediaMessageTableViewCell.xib in Resources */ = {isa = PBXBuildFile; fileRef = 4EE752241E81595C00B1BC53 /* CSMyMediaMessageTableViewCell.xib */; };
		4EE7522D1E81596F00B1BC53 /* CSMyTextMessageTableViewCell.swift in Sources */ = {isa = PBXBuildFile; fileRef = 4EE7522A1E81596F00B1BC53 /* CSMyTextMessageTableViewCell.swift */; };
		4EE7522E1E81596F00B1BC53 /* CSMyTextMessageTableViewCell.xib in Resources */ = {isa = PBXBuildFile; fileRef = 4EE7522B1E81596F00B1BC53 /* CSMyTextMessageTableViewCell.xib */; };
		4EE752341E81598300B1BC53 /* CSSeenByTableViewCell.swift in Sources */ = {isa = PBXBuildFile; fileRef = 4EE752311E81598300B1BC53 /* CSSeenByTableViewCell.swift */; };
		4EE752351E81598300B1BC53 /* CSSeenByTableViewCell.xib in Resources */ = {isa = PBXBuildFile; fileRef = 4EE752321E81598300B1BC53 /* CSSeenByTableViewCell.xib */; };
		4EE7523B1E81599700B1BC53 /* CSUserInfoTableViewCell.swift in Sources */ = {isa = PBXBuildFile; fileRef = 4EE752381E81599700B1BC53 /* CSUserInfoTableViewCell.swift */; };
		4EE7523C1E81599700B1BC53 /* CSUserInfoTableViewCell.xib in Resources */ = {isa = PBXBuildFile; fileRef = 4EE752391E81599700B1BC53 /* CSUserInfoTableViewCell.xib */; };
		4EE752421E8159B700B1BC53 /* CSUsersTableViewCell.swift in Sources */ = {isa = PBXBuildFile; fileRef = 4EE7523F1E8159B700B1BC53 /* CSUsersTableViewCell.swift */; };
		4EE752431E8159B700B1BC53 /* CSUsersTableViewCell.xib in Resources */ = {isa = PBXBuildFile; fileRef = 4EE752401E8159B700B1BC53 /* CSUsersTableViewCell.xib */; };
		4EE752491E8159BE00B1BC53 /* CSYourImageMessageTableViewCell.swift in Sources */ = {isa = PBXBuildFile; fileRef = 4EE752461E8159BE00B1BC53 /* CSYourImageMessageTableViewCell.swift */; };
		4EE7524A1E8159BE00B1BC53 /* CSYourImageMessageTableViewCell.xib in Resources */ = {isa = PBXBuildFile; fileRef = 4EE752471E8159BE00B1BC53 /* CSYourImageMessageTableViewCell.xib */; };
		4EE752501E8159D300B1BC53 /* CSYourMediaMessageTableViewCell.swift in Sources */ = {isa = PBXBuildFile; fileRef = 4EE7524D1E8159D300B1BC53 /* CSYourMediaMessageTableViewCell.swift */; };
		4EE752511E8159D300B1BC53 /* CSYourMediaMessageTableViewCell.xib in Resources */ = {isa = PBXBuildFile; fileRef = 4EE7524E1E8159D300B1BC53 /* CSYourMediaMessageTableViewCell.xib */; };
		4EE752571E8159DD00B1BC53 /* CSYourTextMessageTableViewCell.swift in Sources */ = {isa = PBXBuildFile; fileRef = 4EE752541E8159DD00B1BC53 /* CSYourTextMessageTableViewCell.swift */; };
		4EE752581E8159DD00B1BC53 /* CSYourTextMessageTableViewCell.xib in Resources */ = {isa = PBXBuildFile; fileRef = 4EE752551E8159DD00B1BC53 /* CSYourTextMessageTableViewCell.xib */; };
		4EE752A61E815A3600B1BC53 /* SE2AudioPlayerView.swift in Sources */ = {isa = PBXBuildFile; fileRef = 4EE7525C1E815A3600B1BC53 /* SE2AudioPlayerView.swift */; };
		4EE752A71E815A3600B1BC53 /* SE2AudioPlayerView.xib in Resources */ = {isa = PBXBuildFile; fileRef = 4EE7525D1E815A3600B1BC53 /* SE2AudioPlayerView.xib */; };
		4EE752A91E815A3600B1BC53 /* CSAudioPreviewView.swift in Sources */ = {isa = PBXBuildFile; fileRef = 4EE752611E815A3600B1BC53 /* CSAudioPreviewView.swift */; };
		4EE752AA1E815A3600B1BC53 /* CSAudioPreviewView.xib in Resources */ = {isa = PBXBuildFile; fileRef = 4EE752621E815A3600B1BC53 /* CSAudioPreviewView.xib */; };
		4EE752AC1E815A3600B1BC53 /* CSAvatarView.swift in Sources */ = {isa = PBXBuildFile; fileRef = 4EE752661E815A3600B1BC53 /* CSAvatarView.swift */; };
		4EE752AD1E815A3600B1BC53 /* CSAvatarView.xib in Resources */ = {isa = PBXBuildFile; fileRef = 4EE752671E815A3600B1BC53 /* CSAvatarView.xib */; };
		4EE752AF1E815A3600B1BC53 /* CSBasePreviewView.swift in Sources */ = {isa = PBXBuildFile; fileRef = 4EE7526B1E815A3600B1BC53 /* CSBasePreviewView.swift */; };
		4EE752B01E815A3600B1BC53 /* ChatSettingsViewDelegate.swift in Sources */ = {isa = PBXBuildFile; fileRef = 4EE7526E1E815A3600B1BC53 /* ChatSettingsViewDelegate.swift */; };
		4EE752B21E815A3600B1BC53 /* CSChatSettingsView.swift in Sources */ = {isa = PBXBuildFile; fileRef = 4EE752711E815A3600B1BC53 /* CSChatSettingsView.swift */; };
		4EE752B31E815A3600B1BC53 /* CSChatSettingsView.xib in Resources */ = {isa = PBXBuildFile; fileRef = 4EE752721E815A3600B1BC53 /* CSChatSettingsView.xib */; };
		4EE752B51E815A3600B1BC53 /* CSCustomView.swift in Sources */ = {isa = PBXBuildFile; fileRef = 4EE752761E815A3600B1BC53 /* CSCustomView.swift */; };
		4EE752B71E815A3600B1BC53 /* CSImagePreviewView.swift in Sources */ = {isa = PBXBuildFile; fileRef = 4EE7527A1E815A3600B1BC53 /* CSImagePreviewView.swift */; };
		4EE752B81E815A3600B1BC53 /* CSImagePreviewView.xib in Resources */ = {isa = PBXBuildFile; fileRef = 4EE7527B1E815A3600B1BC53 /* CSImagePreviewView.xib */; };
		4EE752BA1E815A3600B1BC53 /* CSMenuView.swift in Sources */ = {isa = PBXBuildFile; fileRef = 4EE7527F1E815A3600B1BC53 /* CSMenuView.swift */; };
		4EE752BB1E815A3600B1BC53 /* CSMenuView.xib in Resources */ = {isa = PBXBuildFile; fileRef = 4EE752801E815A3600B1BC53 /* CSMenuView.xib */; };
		4EE752BC1E815A3600B1BC53 /* CSMenuViewDelegate.swift in Sources */ = {isa = PBXBuildFile; fileRef = 4EE752821E815A3600B1BC53 /* CSMenuViewDelegate.swift */; };
		4EE752BE1E815A3600B1BC53 /* CSNotificationOverlayQueue.swift in Sources */ = {isa = PBXBuildFile; fileRef = 4EE752861E815A3600B1BC53 /* CSNotificationOverlayQueue.swift */; };
		4EE752C01E815A3600B1BC53 /* CSNotificationOverlayView.swift in Sources */ = {isa = PBXBuildFile; fileRef = 4EE752891E815A3600B1BC53 /* CSNotificationOverlayView.swift */; };
		4EE752C11E815A3600B1BC53 /* CSNotificationOverlayView.xib in Resources */ = {isa = PBXBuildFile; fileRef = 4EE7528A1E815A3600B1BC53 /* CSNotificationOverlayView.xib */; };
		4EE752C31E815A3600B1BC53 /* CSProgressLoadingView.swift in Sources */ = {isa = PBXBuildFile; fileRef = 4EE7528E1E815A3600B1BC53 /* CSProgressLoadingView.swift */; };
		4EE752C41E815A3600B1BC53 /* CSProgressLoadingView.xib in Resources */ = {isa = PBXBuildFile; fileRef = 4EE7528F1E815A3600B1BC53 /* CSProgressLoadingView.xib */; };
		4EE752C61E815A3600B1BC53 /* CSProgressUploadingView.swift in Sources */ = {isa = PBXBuildFile; fileRef = 4EE752931E815A3600B1BC53 /* CSProgressUploadingView.swift */; };
		4EE752C71E815A3600B1BC53 /* CSProgressUploadingView.xib in Resources */ = {isa = PBXBuildFile; fileRef = 4EE752941E815A3600B1BC53 /* CSProgressUploadingView.xib */; };
		4EE752C81E815A3600B1BC53 /* CSStickerDelegate.swift in Sources */ = {isa = PBXBuildFile; fileRef = 4EE752971E815A3600B1BC53 /* CSStickerDelegate.swift */; };
		4EE752CA1E815A3600B1BC53 /* CSStickerView.swift in Sources */ = {isa = PBXBuildFile; fileRef = 4EE7529A1E815A3600B1BC53 /* CSStickerView.swift */; };
		4EE752CB1E815A3600B1BC53 /* CSStickerView.xib in Resources */ = {isa = PBXBuildFile; fileRef = 4EE7529B1E815A3600B1BC53 /* CSStickerView.xib */; };
		4EE752CD1E815A3600B1BC53 /* CSTitleView.swift in Sources */ = {isa = PBXBuildFile; fileRef = 4EE7529F1E815A3600B1BC53 /* CSTitleView.swift */; };
		4EE752CF1E815A3600B1BC53 /* CSVideoPreviewView.swift in Sources */ = {isa = PBXBuildFile; fileRef = 4EE752A31E815A3600B1BC53 /* CSVideoPreviewView.swift */; };
		4EE752D01E815A3600B1BC53 /* CSVideoPreviewView.xib in Resources */ = {isa = PBXBuildFile; fileRef = 4EE752A41E815A3600B1BC53 /* CSVideoPreviewView.xib */; };
		EAC6BE4E1C1703D80038CCB6 /* Assets.xcassets in Resources */ = {isa = PBXBuildFile; fileRef = EAC6BE431C1703D80038CCB6 /* Assets.xcassets */; };
		EAC6BE4F1C1703D80038CCB6 /* LaunchScreen.storyboard in Resources */ = {isa = PBXBuildFile; fileRef = EAC6BE451C1703D80038CCB6 /* LaunchScreen.storyboard */; };
		EAC6BE501C1703D80038CCB6 /* Main.storyboard in Resources */ = {isa = PBXBuildFile; fileRef = EAC6BE471C1703D80038CCB6 /* Main.storyboard */; };
		EAC6BF331C172A330038CCB6 /* Images.xcassets in Resources */ = {isa = PBXBuildFile; fileRef = EAC6BF321C172A330038CCB6 /* Images.xcassets */; };
		EAF767E91C4FAF2E00EB126E /* CSChatErrorCodes.strings in Resources */ = {isa = PBXBuildFile; fileRef = EAF767EB1C4FAF2E00EB126E /* CSChatErrorCodes.strings */; };
		EAF767F01C4FD6B900EB126E /* CSChatLocalization.strings in Resources */ = {isa = PBXBuildFile; fileRef = EAF767F21C4FD6B900EB126E /* CSChatLocalization.strings */; };
/* End PBXBuildFile section */

/* Begin PBXFileReference section */
		1E24982593672E2BE1DCF485 /* Pods-Spika.release.xcconfig */ = {isa = PBXFileReference; includeInIndex = 1; lastKnownFileType = text.xcconfig; name = "Pods-Spika.release.xcconfig"; path = "Pods/Target Support Files/Pods-Spika/Pods-Spika.release.xcconfig"; sourceTree = "<group>"; };
		3D793BEC9E449E4D8672A410 /* Pods_Spika.framework */ = {isa = PBXFileReference; explicitFileType = wrapper.framework; includeInIndex = 0; path = Pods_Spika.framework; sourceTree = BUILT_PRODUCTS_DIR; };
		4E5F0AAD1E655DF800107A34 /* AppDelegate.swift */ = {isa = PBXFileReference; fileEncoding = 4; lastKnownFileType = sourcecode.swift; path = AppDelegate.swift; sourceTree = "<group>"; };
		4E5F0AAE1E655DF800107A34 /* ViewController.swift */ = {isa = PBXFileReference; fileEncoding = 4; lastKnownFileType = sourcecode.swift; path = ViewController.swift; sourceTree = "<group>"; };
		4E5F0AE51E657D3200107A34 /* SocketEventHandler.swift */ = {isa = PBXFileReference; fileEncoding = 4; lastKnownFileType = sourcecode.swift; path = SocketEventHandler.swift; sourceTree = "<group>"; };
		4E5F0AE61E657D3200107A34 /* SIOSocket.swift */ = {isa = PBXFileReference; fileEncoding = 4; lastKnownFileType = sourcecode.swift; path = SIOSocket.swift; sourceTree = "<group>"; };
		4E5F0B191E66057F00107A34 /* CSMyStickerMessageCell.swift */ = {isa = PBXFileReference; fileEncoding = 4; lastKnownFileType = sourcecode.swift; path = CSMyStickerMessageCell.swift; sourceTree = "<group>"; };
		4EE751951E81578200B1BC53 /* CSFileDetailsModel.swift */ = {isa = PBXFileReference; fileEncoding = 4; lastKnownFileType = sourcecode.swift; path = CSFileDetailsModel.swift; sourceTree = "<group>"; };
		4EE751961E81578200B1BC53 /* CSFileModel.swift */ = {isa = PBXFileReference; fileEncoding = 4; lastKnownFileType = sourcecode.swift; path = CSFileModel.swift; sourceTree = "<group>"; };
		4EE751971E81578200B1BC53 /* CSGetMessages.swift */ = {isa = PBXFileReference; fileEncoding = 4; lastKnownFileType = sourcecode.swift; path = CSGetMessages.swift; sourceTree = "<group>"; };
		4EE751981E81578200B1BC53 /* CSLocationModel.swift */ = {isa = PBXFileReference; fileEncoding = 4; lastKnownFileType = sourcecode.swift; path = CSLocationModel.swift; sourceTree = "<group>"; };
		4EE751991E81578200B1BC53 /* CSLoginResult.swift */ = {isa = PBXFileReference; fileEncoding = 4; lastKnownFileType = sourcecode.swift; path = CSLoginResult.swift; sourceTree = "<group>"; };
		4EE7519A1E81578200B1BC53 /* CSMessageModel.swift */ = {isa = PBXFileReference; fileEncoding = 4; lastKnownFileType = sourcecode.swift; path = CSMessageModel.swift; sourceTree = "<group>"; };
		4EE7519B1E81578200B1BC53 /* CSModel.swift */ = {isa = PBXFileReference; fileEncoding = 4; lastKnownFileType = sourcecode.swift; path = CSModel.swift; sourceTree = "<group>"; };
		4EE7519C1E81578200B1BC53 /* CSResponseModel.swift */ = {isa = PBXFileReference; fileEncoding = 4; lastKnownFileType = sourcecode.swift; path = CSResponseModel.swift; sourceTree = "<group>"; };
		4EE7519D1E81578200B1BC53 /* CSSeenByModel.swift */ = {isa = PBXFileReference; fileEncoding = 4; lastKnownFileType = sourcecode.swift; path = CSSeenByModel.swift; sourceTree = "<group>"; };
		4EE7519E1E81578200B1BC53 /* CSStickerListModel.swift */ = {isa = PBXFileReference; fileEncoding = 4; lastKnownFileType = sourcecode.swift; path = CSStickerListModel.swift; sourceTree = "<group>"; };
		4EE7519F1E81578200B1BC53 /* CSStickerModel.swift */ = {isa = PBXFileReference; fileEncoding = 4; lastKnownFileType = sourcecode.swift; path = CSStickerModel.swift; sourceTree = "<group>"; };
		4EE751A01E81578200B1BC53 /* CSStickerPageModel.swift */ = {isa = PBXFileReference; fileEncoding = 4; lastKnownFileType = sourcecode.swift; path = CSStickerPageModel.swift; sourceTree = "<group>"; };
		4EE751A11E81578200B1BC53 /* CSTypingModel.swift */ = {isa = PBXFileReference; fileEncoding = 4; lastKnownFileType = sourcecode.swift; path = CSTypingModel.swift; sourceTree = "<group>"; };
		4EE751A21E81578200B1BC53 /* CSUserModel.swift */ = {isa = PBXFileReference; fileEncoding = 4; lastKnownFileType = sourcecode.swift; path = CSUserModel.swift; sourceTree = "<group>"; };
		4EE751B11E81579000B1BC53 /* JSONValueTransformer+CustomTransformer.swift */ = {isa = PBXFileReference; fileEncoding = 4; lastKnownFileType = sourcecode.swift; path = "JSONValueTransformer+CustomTransformer.swift"; sourceTree = "<group>"; };
		4EE751B31E8157A000B1BC53 /* CSBaseViewController.swift */ = {isa = PBXFileReference; fileEncoding = 4; lastKnownFileType = sourcecode.swift; path = CSBaseViewController.swift; sourceTree = "<group>"; };
		4EE751B51E8157A900B1BC53 /* UIAlertController+APIError.swift */ = {isa = PBXFileReference; fileEncoding = 4; lastKnownFileType = sourcecode.swift; path = "UIAlertController+APIError.swift"; sourceTree = "<group>"; };
		4EE751B71E8157B500B1BC53 /* CSChatViewController.swift */ = {isa = PBXFileReference; fileEncoding = 4; lastKnownFileType = sourcecode.swift; path = CSChatViewController.swift; sourceTree = "<group>"; };
		4EE751B81E8157B500B1BC53 /* CSChatViewController.xib */ = {isa = PBXFileReference; fileEncoding = 4; lastKnownFileType = file.xib; path = CSChatViewController.xib; sourceTree = "<group>"; };
		4EE751BB1E8157C500B1BC53 /* CSDisplayMap.swift */ = {isa = PBXFileReference; fileEncoding = 4; lastKnownFileType = sourcecode.swift; path = CSDisplayMap.swift; sourceTree = "<group>"; };
		4EE751BC1E8157C500B1BC53 /* CSMapViewController.swift */ = {isa = PBXFileReference; fileEncoding = 4; lastKnownFileType = sourcecode.swift; path = CSMapViewController.swift; sourceTree = "<group>"; };
		4EE751BD1E8157C500B1BC53 /* CSMapViewController.xib */ = {isa = PBXFileReference; fileEncoding = 4; lastKnownFileType = file.xib; path = CSMapViewController.xib; sourceTree = "<group>"; };
		4EE751C11E8157CF00B1BC53 /* CSMessageInfoViewController.swift */ = {isa = PBXFileReference; fileEncoding = 4; lastKnownFileType = sourcecode.swift; path = CSMessageInfoViewController.swift; sourceTree = "<group>"; };
		4EE751C21E8157CF00B1BC53 /* CSMessageInfoViewController.xib */ = {isa = PBXFileReference; fileEncoding = 4; lastKnownFileType = file.xib; path = CSMessageInfoViewController.xib; sourceTree = "<group>"; };
		4EE751C51E8157DA00B1BC53 /* CSRecordAudioViewController.swift */ = {isa = PBXFileReference; fileEncoding = 4; lastKnownFileType = sourcecode.swift; path = CSRecordAudioViewController.swift; sourceTree = "<group>"; };
		4EE751C61E8157DA00B1BC53 /* CSRecordAudioViewController.xib */ = {isa = PBXFileReference; fileEncoding = 4; lastKnownFileType = file.xib; path = CSRecordAudioViewController.xib; sourceTree = "<group>"; };
		4EE751C91E8157E500B1BC53 /* CSUploadImagePreviewViewController.swift */ = {isa = PBXFileReference; fileEncoding = 4; lastKnownFileType = sourcecode.swift; path = CSUploadImagePreviewViewController.swift; sourceTree = "<group>"; };
		4EE751CA1E8157E500B1BC53 /* CSUploadImagePreviewViewController.xib */ = {isa = PBXFileReference; fileEncoding = 4; lastKnownFileType = file.xib; path = CSUploadImagePreviewViewController.xib; sourceTree = "<group>"; };
		4EE751CD1E8157EF00B1BC53 /* CSUploadVideoPreviewViewController.swift */ = {isa = PBXFileReference; fileEncoding = 4; lastKnownFileType = sourcecode.swift; path = CSUploadVideoPreviewViewController.swift; sourceTree = "<group>"; };
		4EE751CE1E8157EF00B1BC53 /* CSUploadVideoPreviewViewController.xib */ = {isa = PBXFileReference; fileEncoding = 4; lastKnownFileType = file.xib; path = CSUploadVideoPreviewViewController.xib; sourceTree = "<group>"; };
		4EE751D11E8157F900B1BC53 /* CSUsersViewController.swift */ = {isa = PBXFileReference; fileEncoding = 4; lastKnownFileType = sourcecode.swift; path = CSUsersViewController.swift; sourceTree = "<group>"; };
		4EE751D21E8157F900B1BC53 /* CSUsersViewController.xib */ = {isa = PBXFileReference; fileEncoding = 4; lastKnownFileType = file.xib; path = CSUsersViewController.xib; sourceTree = "<group>"; };
		4EE751D51E81580800B1BC53 /* CSApiManager.swift */ = {isa = PBXFileReference; fileEncoding = 4; lastKnownFileType = sourcecode.swift; path = CSApiManager.swift; sourceTree = "<group>"; };
		4EE751D61E81580800B1BC53 /* CSAvatarLoader.swift */ = {isa = PBXFileReference; fileEncoding = 4; lastKnownFileType = sourcecode.swift; path = CSAvatarLoader.swift; sourceTree = "<group>"; };
		4EE751D71E81580800B1BC53 /* CSChatErrorCodes.swift */ = {isa = PBXFileReference; fileEncoding = 4; lastKnownFileType = sourcecode.swift; path = CSChatErrorCodes.swift; sourceTree = "<group>"; };
		4EE751D81E81580800B1BC53 /* CSConfig.swift */ = {isa = PBXFileReference; fileEncoding = 4; lastKnownFileType = sourcecode.swift; path = CSConfig.swift; sourceTree = "<group>"; };
		4EE751D91E81580800B1BC53 /* CSCustomConfig.swift */ = {isa = PBXFileReference; fileEncoding = 4; lastKnownFileType = sourcecode.swift; path = CSCustomConfig.swift; sourceTree = "<group>"; };
		4EE751DA1E81580800B1BC53 /* CSDownloadManager.swift */ = {isa = PBXFileReference; fileEncoding = 4; lastKnownFileType = sourcecode.swift; path = CSDownloadManager.swift; sourceTree = "<group>"; };
		4EE751DB1E81580800B1BC53 /* CSEmitJsonCreator.swift */ = {isa = PBXFileReference; fileEncoding = 4; lastKnownFileType = sourcecode.swift; path = CSEmitJsonCreator.swift; sourceTree = "<group>"; };
		4EE751DC1E81580800B1BC53 /* CSSocketController.swift */ = {isa = PBXFileReference; fileEncoding = 4; lastKnownFileType = sourcecode.swift; path = CSSocketController.swift; sourceTree = "<group>"; };
		4EE751DD1E81580800B1BC53 /* CSUploadManager.swift */ = {isa = PBXFileReference; fileEncoding = 4; lastKnownFileType = sourcecode.swift; path = CSUploadManager.swift; sourceTree = "<group>"; };
		4EE751DE1E81580800B1BC53 /* CSUtils.swift */ = {isa = PBXFileReference; fileEncoding = 4; lastKnownFileType = sourcecode.swift; path = CSUtils.swift; sourceTree = "<group>"; };
		4EE751DF1E81580800B1BC53 /* Date+Formatter.swift */ = {isa = PBXFileReference; fileEncoding = 4; lastKnownFileType = sourcecode.swift; path = "Date+Formatter.swift"; sourceTree = "<group>"; };
		4EE751E01E81580800B1BC53 /* NSNotification+Spika.swift */ = {isa = PBXFileReference; fileEncoding = 4; lastKnownFileType = sourcecode.swift; path = "NSNotification+Spika.swift"; sourceTree = "<group>"; };
		4EE751E11E81580800B1BC53 /* UIColor+Alpha.swift */ = {isa = PBXFileReference; fileEncoding = 4; lastKnownFileType = sourcecode.swift; path = "UIColor+Alpha.swift"; sourceTree = "<group>"; };
		4EE751E21E81580800B1BC53 /* UIDevice+Version.swift */ = {isa = PBXFileReference; fileEncoding = 4; lastKnownFileType = sourcecode.swift; path = "UIDevice+Version.swift"; sourceTree = "<group>"; };
		4EE751F21E81589500B1BC53 /* CSCellClickedDelegate.swift */ = {isa = PBXFileReference; fileEncoding = 4; lastKnownFileType = sourcecode.swift; path = CSCellClickedDelegate.swift; sourceTree = "<group>"; };
		4EE751FA1E8158D700B1BC53 /* CSMyStickerMessageCell.xib */ = {isa = PBXFileReference; fileEncoding = 4; lastKnownFileType = file.xib; path = CSMyStickerMessageCell.xib; sourceTree = "<group>"; };
		4EE751FC1E8158F800B1BC53 /* CSYourStickerMessageCell.swift */ = {isa = PBXFileReference; fileEncoding = 4; lastKnownFileType = sourcecode.swift; path = CSYourStickerMessageCell.swift; sourceTree = "<group>"; };
		4EE751FD1E8158F800B1BC53 /* CSYourStickerMessageCell.xib */ = {isa = PBXFileReference; fileEncoding = 4; lastKnownFileType = file.xib; path = CSYourStickerMessageCell.xib; sourceTree = "<group>"; };
		4EE752021E81590700B1BC53 /* CSStickerCategoryCollectionViewCell.swift */ = {isa = PBXFileReference; fileEncoding = 4; lastKnownFileType = sourcecode.swift; path = CSStickerCategoryCollectionViewCell.swift; sourceTree = "<group>"; };
		4EE752031E81590700B1BC53 /* CSStickerCategoryCollectionViewCell.xib */ = {isa = PBXFileReference; fileEncoding = 4; lastKnownFileType = file.xib; path = CSStickerCategoryCollectionViewCell.xib; sourceTree = "<group>"; };
		4EE752061E81590700B1BC53 /* CSStickerCollectionViewCell.swift */ = {isa = PBXFileReference; fileEncoding = 4; lastKnownFileType = sourcecode.swift; path = CSStickerCollectionViewCell.swift; sourceTree = "<group>"; };
		4EE752071E81590700B1BC53 /* CSStickerCollectionViewCell.xib */ = {isa = PBXFileReference; fileEncoding = 4; lastKnownFileType = file.xib; path = CSStickerCollectionViewCell.xib; sourceTree = "<group>"; };
		4EE7520A1E81590700B1BC53 /* CSStickerPageCollectionViewCell.swift */ = {isa = PBXFileReference; fileEncoding = 4; lastKnownFileType = sourcecode.swift; path = CSStickerPageCollectionViewCell.swift; sourceTree = "<group>"; };
		4EE7520B1E81590700B1BC53 /* CSStickerPageCollectionViewCell.xib */ = {isa = PBXFileReference; fileEncoding = 4; lastKnownFileType = file.xib; path = CSStickerPageCollectionViewCell.xib; sourceTree = "<group>"; };
		4EE752171E81592500B1BC53 /* CSBaseTableViewCell.swift */ = {isa = PBXFileReference; fileEncoding = 4; lastKnownFileType = sourcecode.swift; path = CSBaseTableViewCell.swift; sourceTree = "<group>"; };
		4EE7521C1E81593A00B1BC53 /* CSMyImageMessageTableViewCell.swift */ = {isa = PBXFileReference; fileEncoding = 4; lastKnownFileType = sourcecode.swift; path = CSMyImageMessageTableViewCell.swift; sourceTree = "<group>"; };
		4EE7521D1E81593A00B1BC53 /* CSMyImageMessageTableViewCell.xib */ = {isa = PBXFileReference; fileEncoding = 4; lastKnownFileType = file.xib; path = CSMyImageMessageTableViewCell.xib; sourceTree = "<group>"; };
		4EE752231E81595C00B1BC53 /* CSMyMediaMessageTableViewCell.swift */ = {isa = PBXFileReference; fileEncoding = 4; lastKnownFileType = sourcecode.swift; path = CSMyMediaMessageTableViewCell.swift; sourceTree = "<group>"; };
		4EE752241E81595C00B1BC53 /* CSMyMediaMessageTableViewCell.xib */ = {isa = PBXFileReference; fileEncoding = 4; lastKnownFileType = file.xib; path = CSMyMediaMessageTableViewCell.xib; sourceTree = "<group>"; };
		4EE7522A1E81596F00B1BC53 /* CSMyTextMessageTableViewCell.swift */ = {isa = PBXFileReference; fileEncoding = 4; lastKnownFileType = sourcecode.swift; path = CSMyTextMessageTableViewCell.swift; sourceTree = "<group>"; };
		4EE7522B1E81596F00B1BC53 /* CSMyTextMessageTableViewCell.xib */ = {isa = PBXFileReference; fileEncoding = 4; lastKnownFileType = file.xib; path = CSMyTextMessageTableViewCell.xib; sourceTree = "<group>"; };
		4EE752311E81598300B1BC53 /* CSSeenByTableViewCell.swift */ = {isa = PBXFileReference; fileEncoding = 4; lastKnownFileType = sourcecode.swift; path = CSSeenByTableViewCell.swift; sourceTree = "<group>"; };
		4EE752321E81598300B1BC53 /* CSSeenByTableViewCell.xib */ = {isa = PBXFileReference; fileEncoding = 4; lastKnownFileType = file.xib; path = CSSeenByTableViewCell.xib; sourceTree = "<group>"; };
		4EE752381E81599700B1BC53 /* CSUserInfoTableViewCell.swift */ = {isa = PBXFileReference; fileEncoding = 4; lastKnownFileType = sourcecode.swift; path = CSUserInfoTableViewCell.swift; sourceTree = "<group>"; };
		4EE752391E81599700B1BC53 /* CSUserInfoTableViewCell.xib */ = {isa = PBXFileReference; fileEncoding = 4; lastKnownFileType = file.xib; path = CSUserInfoTableViewCell.xib; sourceTree = "<group>"; };
		4EE7523F1E8159B700B1BC53 /* CSUsersTableViewCell.swift */ = {isa = PBXFileReference; fileEncoding = 4; lastKnownFileType = sourcecode.swift; path = CSUsersTableViewCell.swift; sourceTree = "<group>"; };
		4EE752401E8159B700B1BC53 /* CSUsersTableViewCell.xib */ = {isa = PBXFileReference; fileEncoding = 4; lastKnownFileType = file.xib; path = CSUsersTableViewCell.xib; sourceTree = "<group>"; };
		4EE752461E8159BE00B1BC53 /* CSYourImageMessageTableViewCell.swift */ = {isa = PBXFileReference; fileEncoding = 4; lastKnownFileType = sourcecode.swift; path = CSYourImageMessageTableViewCell.swift; sourceTree = "<group>"; };
		4EE752471E8159BE00B1BC53 /* CSYourImageMessageTableViewCell.xib */ = {isa = PBXFileReference; fileEncoding = 4; lastKnownFileType = file.xib; path = CSYourImageMessageTableViewCell.xib; sourceTree = "<group>"; };
		4EE7524D1E8159D300B1BC53 /* CSYourMediaMessageTableViewCell.swift */ = {isa = PBXFileReference; fileEncoding = 4; lastKnownFileType = sourcecode.swift; path = CSYourMediaMessageTableViewCell.swift; sourceTree = "<group>"; };
		4EE7524E1E8159D300B1BC53 /* CSYourMediaMessageTableViewCell.xib */ = {isa = PBXFileReference; fileEncoding = 4; lastKnownFileType = file.xib; path = CSYourMediaMessageTableViewCell.xib; sourceTree = "<group>"; };
		4EE752541E8159DD00B1BC53 /* CSYourTextMessageTableViewCell.swift */ = {isa = PBXFileReference; fileEncoding = 4; lastKnownFileType = sourcecode.swift; path = CSYourTextMessageTableViewCell.swift; sourceTree = "<group>"; };
		4EE752551E8159DD00B1BC53 /* CSYourTextMessageTableViewCell.xib */ = {isa = PBXFileReference; fileEncoding = 4; lastKnownFileType = file.xib; path = CSYourTextMessageTableViewCell.xib; sourceTree = "<group>"; };
		4EE7525C1E815A3600B1BC53 /* SE2AudioPlayerView.swift */ = {isa = PBXFileReference; fileEncoding = 4; lastKnownFileType = sourcecode.swift; path = SE2AudioPlayerView.swift; sourceTree = "<group>"; };
		4EE7525D1E815A3600B1BC53 /* SE2AudioPlayerView.xib */ = {isa = PBXFileReference; fileEncoding = 4; lastKnownFileType = file.xib; path = SE2AudioPlayerView.xib; sourceTree = "<group>"; };
		4EE752611E815A3600B1BC53 /* CSAudioPreviewView.swift */ = {isa = PBXFileReference; fileEncoding = 4; lastKnownFileType = sourcecode.swift; path = CSAudioPreviewView.swift; sourceTree = "<group>"; };
		4EE752621E815A3600B1BC53 /* CSAudioPreviewView.xib */ = {isa = PBXFileReference; fileEncoding = 4; lastKnownFileType = file.xib; path = CSAudioPreviewView.xib; sourceTree = "<group>"; };
		4EE752661E815A3600B1BC53 /* CSAvatarView.swift */ = {isa = PBXFileReference; fileEncoding = 4; lastKnownFileType = sourcecode.swift; path = CSAvatarView.swift; sourceTree = "<group>"; };
		4EE752671E815A3600B1BC53 /* CSAvatarView.xib */ = {isa = PBXFileReference; fileEncoding = 4; lastKnownFileType = file.xib; path = CSAvatarView.xib; sourceTree = "<group>"; };
		4EE7526B1E815A3600B1BC53 /* CSBasePreviewView.swift */ = {isa = PBXFileReference; fileEncoding = 4; lastKnownFileType = sourcecode.swift; path = CSBasePreviewView.swift; sourceTree = "<group>"; };
		4EE7526E1E815A3600B1BC53 /* ChatSettingsViewDelegate.swift */ = {isa = PBXFileReference; fileEncoding = 4; lastKnownFileType = sourcecode.swift; path = ChatSettingsViewDelegate.swift; sourceTree = "<group>"; };
		4EE752711E815A3600B1BC53 /* CSChatSettingsView.swift */ = {isa = PBXFileReference; fileEncoding = 4; lastKnownFileType = sourcecode.swift; path = CSChatSettingsView.swift; sourceTree = "<group>"; };
		4EE752721E815A3600B1BC53 /* CSChatSettingsView.xib */ = {isa = PBXFileReference; fileEncoding = 4; lastKnownFileType = file.xib; path = CSChatSettingsView.xib; sourceTree = "<group>"; };
		4EE752761E815A3600B1BC53 /* CSCustomView.swift */ = {isa = PBXFileReference; fileEncoding = 4; lastKnownFileType = sourcecode.swift; path = CSCustomView.swift; sourceTree = "<group>"; };
		4EE7527A1E815A3600B1BC53 /* CSImagePreviewView.swift */ = {isa = PBXFileReference; fileEncoding = 4; lastKnownFileType = sourcecode.swift; path = CSImagePreviewView.swift; sourceTree = "<group>"; };
		4EE7527B1E815A3600B1BC53 /* CSImagePreviewView.xib */ = {isa = PBXFileReference; fileEncoding = 4; lastKnownFileType = file.xib; path = CSImagePreviewView.xib; sourceTree = "<group>"; };
		4EE7527F1E815A3600B1BC53 /* CSMenuView.swift */ = {isa = PBXFileReference; fileEncoding = 4; lastKnownFileType = sourcecode.swift; path = CSMenuView.swift; sourceTree = "<group>"; };
		4EE752801E815A3600B1BC53 /* CSMenuView.xib */ = {isa = PBXFileReference; fileEncoding = 4; lastKnownFileType = file.xib; path = CSMenuView.xib; sourceTree = "<group>"; };
		4EE752821E815A3600B1BC53 /* CSMenuViewDelegate.swift */ = {isa = PBXFileReference; fileEncoding = 4; lastKnownFileType = sourcecode.swift; path = CSMenuViewDelegate.swift; sourceTree = "<group>"; };
		4EE752861E815A3600B1BC53 /* CSNotificationOverlayQueue.swift */ = {isa = PBXFileReference; fileEncoding = 4; lastKnownFileType = sourcecode.swift; path = CSNotificationOverlayQueue.swift; sourceTree = "<group>"; };
		4EE752891E815A3600B1BC53 /* CSNotificationOverlayView.swift */ = {isa = PBXFileReference; fileEncoding = 4; lastKnownFileType = sourcecode.swift; path = CSNotificationOverlayView.swift; sourceTree = "<group>"; };
		4EE7528A1E815A3600B1BC53 /* CSNotificationOverlayView.xib */ = {isa = PBXFileReference; fileEncoding = 4; lastKnownFileType = file.xib; path = CSNotificationOverlayView.xib; sourceTree = "<group>"; };
		4EE7528E1E815A3600B1BC53 /* CSProgressLoadingView.swift */ = {isa = PBXFileReference; fileEncoding = 4; lastKnownFileType = sourcecode.swift; path = CSProgressLoadingView.swift; sourceTree = "<group>"; };
		4EE7528F1E815A3600B1BC53 /* CSProgressLoadingView.xib */ = {isa = PBXFileReference; fileEncoding = 4; lastKnownFileType = file.xib; path = CSProgressLoadingView.xib; sourceTree = "<group>"; };
		4EE752931E815A3600B1BC53 /* CSProgressUploadingView.swift */ = {isa = PBXFileReference; fileEncoding = 4; lastKnownFileType = sourcecode.swift; path = CSProgressUploadingView.swift; sourceTree = "<group>"; };
		4EE752941E815A3600B1BC53 /* CSProgressUploadingView.xib */ = {isa = PBXFileReference; fileEncoding = 4; lastKnownFileType = file.xib; path = CSProgressUploadingView.xib; sourceTree = "<group>"; };
		4EE752971E815A3600B1BC53 /* CSStickerDelegate.swift */ = {isa = PBXFileReference; fileEncoding = 4; lastKnownFileType = sourcecode.swift; path = CSStickerDelegate.swift; sourceTree = "<group>"; };
		4EE7529A1E815A3600B1BC53 /* CSStickerView.swift */ = {isa = PBXFileReference; fileEncoding = 4; lastKnownFileType = sourcecode.swift; path = CSStickerView.swift; sourceTree = "<group>"; };
		4EE7529B1E815A3600B1BC53 /* CSStickerView.xib */ = {isa = PBXFileReference; fileEncoding = 4; lastKnownFileType = file.xib; path = CSStickerView.xib; sourceTree = "<group>"; };
		4EE7529F1E815A3600B1BC53 /* CSTitleView.swift */ = {isa = PBXFileReference; fileEncoding = 4; lastKnownFileType = sourcecode.swift; path = CSTitleView.swift; sourceTree = "<group>"; };
		4EE752A31E815A3600B1BC53 /* CSVideoPreviewView.swift */ = {isa = PBXFileReference; fileEncoding = 4; lastKnownFileType = sourcecode.swift; path = CSVideoPreviewView.swift; sourceTree = "<group>"; };
		4EE752A41E815A3600B1BC53 /* CSVideoPreviewView.xib */ = {isa = PBXFileReference; fileEncoding = 4; lastKnownFileType = file.xib; path = CSVideoPreviewView.xib; sourceTree = "<group>"; };
		61CC48AE25EC9843EE5AEC4A /* Pods-Spika.debug.xcconfig */ = {isa = PBXFileReference; includeInIndex = 1; lastKnownFileType = text.xcconfig; name = "Pods-Spika.debug.xcconfig"; path = "Pods/Target Support Files/Pods-Spika/Pods-Spika.debug.xcconfig"; sourceTree = "<group>"; };
		EAC6BE261C16F8460038CCB6 /* Spika.app */ = {isa = PBXFileReference; explicitFileType = wrapper.application; includeInIndex = 0; path = Spika.app; sourceTree = BUILT_PRODUCTS_DIR; };
		EAC6BE431C1703D80038CCB6 /* Assets.xcassets */ = {isa = PBXFileReference; lastKnownFileType = folder.assetcatalog; path = Assets.xcassets; sourceTree = "<group>"; };
		EAC6BE461C1703D80038CCB6 /* Base */ = {isa = PBXFileReference; lastKnownFileType = file.storyboard; name = Base; path = LaunchScreen.storyboard; sourceTree = "<group>"; };
		EAC6BE481C1703D80038CCB6 /* Base */ = {isa = PBXFileReference; lastKnownFileType = file.storyboard; name = Base; path = Main.storyboard; sourceTree = "<group>"; };
		EAC6BE491C1703D80038CCB6 /* Info.plist */ = {isa = PBXFileReference; fileEncoding = 4; lastKnownFileType = text.plist.xml; path = Info.plist; sourceTree = "<group>"; };
		EAC6BF321C172A330038CCB6 /* Images.xcassets */ = {isa = PBXFileReference; lastKnownFileType = folder.assetcatalog; path = Images.xcassets; sourceTree = "<group>"; };
		EAF767EA1C4FAF2E00EB126E /* en */ = {isa = PBXFileReference; lastKnownFileType = text.plist.strings; name = en; path = en.lproj/CSChatErrorCodes.strings; sourceTree = "<group>"; };
		EAF767ED1C4FB7F700EB126E /* hr */ = {isa = PBXFileReference; lastKnownFileType = text.plist.strings; name = hr; path = hr.lproj/CSChatErrorCodes.strings; sourceTree = "<group>"; };
		EAF767F11C4FD6B900EB126E /* en */ = {isa = PBXFileReference; lastKnownFileType = text.plist.strings; name = en; path = en.lproj/CSChatLocalization.strings; sourceTree = "<group>"; };
		EAF767F31C4FD6BB00EB126E /* hr */ = {isa = PBXFileReference; lastKnownFileType = text.plist.strings; name = hr; path = hr.lproj/CSChatLocalization.strings; sourceTree = "<group>"; };
/* End PBXFileReference section */

/* Begin PBXFrameworksBuildPhase section */
		EAC6BE231C16F8460038CCB6 /* Frameworks */ = {
			isa = PBXFrameworksBuildPhase;
			buildActionMask = 2147483647;
			files = (
				31CC1663B4E8B0C1E4B303A8 /* Pods_Spika.framework in Frameworks */,
			);
			runOnlyForDeploymentPostprocessing = 0;
		};
/* End PBXFrameworksBuildPhase section */

/* Begin PBXGroup section */
		0C0F54BAD9619C61885D1A59 /* Frameworks */ = {
			isa = PBXGroup;
			children = (
				3D793BEC9E449E4D8672A410 /* Pods_Spika.framework */,
			);
			name = Frameworks;
			sourceTree = "<group>";
		};
		4E2491921E3B6249003CB2C2 /* Sockets */ = {
			isa = PBXGroup;
			children = (
				4E5F0AE51E657D3200107A34 /* SocketEventHandler.swift */,
				4E5F0AE61E657D3200107A34 /* SIOSocket.swift */,
			);
			path = Sockets;
			sourceTree = "<group>";
		};
		4EE752591E815A3600B1BC53 /* AudioPlayerView */ = {
			isa = PBXGroup;
			children = (
				4EE7525C1E815A3600B1BC53 /* SE2AudioPlayerView.swift */,
				4EE7525D1E815A3600B1BC53 /* SE2AudioPlayerView.xib */,
			);
			path = AudioPlayerView;
			sourceTree = "<group>";
		};
		4EE7525E1E815A3600B1BC53 /* AudioPreviewView */ = {
			isa = PBXGroup;
			children = (
				4EE752611E815A3600B1BC53 /* CSAudioPreviewView.swift */,
				4EE752621E815A3600B1BC53 /* CSAudioPreviewView.xib */,
			);
			path = AudioPreviewView;
			sourceTree = "<group>";
		};
		4EE752631E815A3600B1BC53 /* AvatarView */ = {
			isa = PBXGroup;
			children = (
				4EE752661E815A3600B1BC53 /* CSAvatarView.swift */,
				4EE752671E815A3600B1BC53 /* CSAvatarView.xib */,
			);
			path = AvatarView;
			sourceTree = "<group>";
		};
		4EE752681E815A3600B1BC53 /* BasePreviewView */ = {
			isa = PBXGroup;
			children = (
				4EE7526B1E815A3600B1BC53 /* CSBasePreviewView.swift */,
			);
			path = BasePreviewView;
			sourceTree = "<group>";
		};
		4EE7526C1E815A3600B1BC53 /* ChatSettingsView */ = {
			isa = PBXGroup;
			children = (
				4EE7526E1E815A3600B1BC53 /* ChatSettingsViewDelegate.swift */,
				4EE752711E815A3600B1BC53 /* CSChatSettingsView.swift */,
				4EE752721E815A3600B1BC53 /* CSChatSettingsView.xib */,
			);
			path = ChatSettingsView;
			sourceTree = "<group>";
		};
		4EE752731E815A3600B1BC53 /* CustomView */ = {
			isa = PBXGroup;
			children = (
				4EE752761E815A3600B1BC53 /* CSCustomView.swift */,
			);
			path = CustomView;
			sourceTree = "<group>";
		};
		4EE752771E815A3600B1BC53 /* ImagePreviewView */ = {
			isa = PBXGroup;
			children = (
				4EE7527A1E815A3600B1BC53 /* CSImagePreviewView.swift */,
				4EE7527B1E815A3600B1BC53 /* CSImagePreviewView.xib */,
			);
			path = ImagePreviewView;
			sourceTree = "<group>";
		};
		4EE7527C1E815A3600B1BC53 /* MenuView */ = {
			isa = PBXGroup;
			children = (
				4EE7527F1E815A3600B1BC53 /* CSMenuView.swift */,
				4EE752801E815A3600B1BC53 /* CSMenuView.xib */,
				4EE752821E815A3600B1BC53 /* CSMenuViewDelegate.swift */,
			);
			path = MenuView;
			sourceTree = "<group>";
		};
		4EE752831E815A3600B1BC53 /* NotificationOverlayView */ = {
			isa = PBXGroup;
			children = (
				4EE752861E815A3600B1BC53 /* CSNotificationOverlayQueue.swift */,
				4EE752891E815A3600B1BC53 /* CSNotificationOverlayView.swift */,
				4EE7528A1E815A3600B1BC53 /* CSNotificationOverlayView.xib */,
			);
			path = NotificationOverlayView;
			sourceTree = "<group>";
		};
		4EE7528B1E815A3600B1BC53 /* ProgressLoadingView */ = {
			isa = PBXGroup;
			children = (
				4EE7528E1E815A3600B1BC53 /* CSProgressLoadingView.swift */,
				4EE7528F1E815A3600B1BC53 /* CSProgressLoadingView.xib */,
			);
			path = ProgressLoadingView;
			sourceTree = "<group>";
		};
		4EE752901E815A3600B1BC53 /* ProgressUploadingView */ = {
			isa = PBXGroup;
			children = (
				4EE752931E815A3600B1BC53 /* CSProgressUploadingView.swift */,
				4EE752941E815A3600B1BC53 /* CSProgressUploadingView.xib */,
			);
			path = ProgressUploadingView;
			sourceTree = "<group>";
		};
		4EE752951E815A3600B1BC53 /* StickerView */ = {
			isa = PBXGroup;
			children = (
				4EE752971E815A3600B1BC53 /* CSStickerDelegate.swift */,
				4EE7529A1E815A3600B1BC53 /* CSStickerView.swift */,
				4EE7529B1E815A3600B1BC53 /* CSStickerView.xib */,
			);
			path = StickerView;
			sourceTree = "<group>";
		};
		4EE7529C1E815A3600B1BC53 /* TitleView */ = {
			isa = PBXGroup;
			children = (
				4EE7529F1E815A3600B1BC53 /* CSTitleView.swift */,
			);
			path = TitleView;
			sourceTree = "<group>";
		};
		4EE752A01E815A3600B1BC53 /* VideoPreviewView */ = {
			isa = PBXGroup;
			children = (
				4EE752A31E815A3600B1BC53 /* CSVideoPreviewView.swift */,
				4EE752A41E815A3600B1BC53 /* CSVideoPreviewView.xib */,
			);
			path = VideoPreviewView;
			sourceTree = "<group>";
		};
		EABB0BCB1CA3FBD400FE7350 /* MyStickerMessageCell */ = {
			isa = PBXGroup;
			children = (
				4EE751FA1E8158D700B1BC53 /* CSMyStickerMessageCell.xib */,
				4E5F0B191E66057F00107A34 /* CSMyStickerMessageCell.swift */,
			);
			path = MyStickerMessageCell;
			sourceTree = "<group>";
		};
		EABB0BCC1CA3FBD400FE7350 /* YourStickerMessageCell */ = {
			isa = PBXGroup;
			children = (
				4EE751FC1E8158F800B1BC53 /* CSYourStickerMessageCell.swift */,
				4EE751FD1E8158F800B1BC53 /* CSYourStickerMessageCell.xib */,
			);
			path = YourStickerMessageCell;
			sourceTree = "<group>";
		};
		EAC6BE1D1C16F8460038CCB6 = {
			isa = PBXGroup;
			children = (
				EAC6BE401C1703580038CCB6 /* SpikaExample */,
				EAC6BE281C16F8460038CCB6 /* Spika */,
				EAC6BE271C16F8460038CCB6 /* Products */,
				FD67E9535401F42E52A4E642 /* Pods */,
				0C0F54BAD9619C61885D1A59 /* Frameworks */,
			);
			sourceTree = "<group>";
		};
		EAC6BE271C16F8460038CCB6 /* Products */ = {
			isa = PBXGroup;
			children = (
				EAC6BE261C16F8460038CCB6 /* Spika.app */,
			);
			name = Products;
			sourceTree = "<group>";
		};
		EAC6BE281C16F8460038CCB6 /* Spika */ = {
			isa = PBXGroup;
			children = (
				EAF767E61C4FAEFB00EB126E /* Resources */,
				EAC6BF321C172A330038CCB6 /* Images.xcassets */,
				4E2491921E3B6249003CB2C2 /* Sockets */,
				EAC6BEC81C171C240038CCB6 /* Cells */,
				EAC6BEB61C1719010038CCB6 /* Views */,
				EAC6BE631C170D3A0038CCB6 /* JSONModel */,
				EAC6BE5F1C170BFC0038CCB6 /* Models */,
				EAC6BE5E1C1709C70038CCB6 /* Utils */,
				EAC6BE551C1707450038CCB6 /* ViewController */,
			);
			path = Spika;
			sourceTree = "<group>";
		};
		EAC6BE401C1703580038CCB6 /* SpikaExample */ = {
			isa = PBXGroup;
			children = (
				4E5F0AAD1E655DF800107A34 /* AppDelegate.swift */,
				4E5F0AAE1E655DF800107A34 /* ViewController.swift */,
				EAC6BE541C1704210038CCB6 /* Supporting Files */,
				EAC6BE431C1703D80038CCB6 /* Assets.xcassets */,
				EAC6BE441C1703D80038CCB6 /* Base.lproj */,
			);
			path = SpikaExample;
			sourceTree = "<group>";
		};
		EAC6BE441C1703D80038CCB6 /* Base.lproj */ = {
			isa = PBXGroup;
			children = (
				EAC6BE451C1703D80038CCB6 /* LaunchScreen.storyboard */,
				EAC6BE471C1703D80038CCB6 /* Main.storyboard */,
			);
			path = Base.lproj;
			sourceTree = "<group>";
		};
		EAC6BE541C1704210038CCB6 /* Supporting Files */ = {
			isa = PBXGroup;
			children = (
				EAC6BE491C1703D80038CCB6 /* Info.plist */,
			);
			name = "Supporting Files";
			sourceTree = "<group>";
		};
		EAC6BE551C1707450038CCB6 /* ViewController */ = {
			isa = PBXGroup;
			children = (
				4EE751B51E8157A900B1BC53 /* UIAlertController+APIError.swift */,
				4EE751B31E8157A000B1BC53 /* CSBaseViewController.swift */,
				EAC6BE891C17186F0038CCB6 /* ChatViewController */,
				EAC6BE8D1C17186F0038CCB6 /* MapViewController */,
				EAC6BE931C17186F0038CCB6 /* MessageInfoViewController */,
				EAC6BE971C17186F0038CCB6 /* RecordAudioViewConstroller */,
				EAC6BE9B1C17186F0038CCB6 /* UploadImagePreviewViewController */,
				EAC6BE9F1C17186F0038CCB6 /* UploadVideoPreviewViewController */,
				EAC6BEA31C17186F0038CCB6 /* UsersViewController */,
			);
			path = ViewController;
			sourceTree = "<group>";
		};
		EAC6BE5E1C1709C70038CCB6 /* Utils */ = {
			isa = PBXGroup;
			children = (
				4EE751D51E81580800B1BC53 /* CSApiManager.swift */,
				4EE751D61E81580800B1BC53 /* CSAvatarLoader.swift */,
				4EE751D71E81580800B1BC53 /* CSChatErrorCodes.swift */,
				4EE751D81E81580800B1BC53 /* CSConfig.swift */,
				4EE751D91E81580800B1BC53 /* CSCustomConfig.swift */,
				4EE751DA1E81580800B1BC53 /* CSDownloadManager.swift */,
				4EE751DB1E81580800B1BC53 /* CSEmitJsonCreator.swift */,
				4EE751DC1E81580800B1BC53 /* CSSocketController.swift */,
				4EE751DD1E81580800B1BC53 /* CSUploadManager.swift */,
				4EE751DE1E81580800B1BC53 /* CSUtils.swift */,
				4EE751DF1E81580800B1BC53 /* Date+Formatter.swift */,
				4EE751E01E81580800B1BC53 /* NSNotification+Spika.swift */,
				4EE751E11E81580800B1BC53 /* UIColor+Alpha.swift */,
				4EE751E21E81580800B1BC53 /* UIDevice+Version.swift */,
			);
			path = Utils;
			sourceTree = "<group>";
		};
		EAC6BE5F1C170BFC0038CCB6 /* Models */ = {
			isa = PBXGroup;
			children = (
				4EE751951E81578200B1BC53 /* CSFileDetailsModel.swift */,
				4EE751961E81578200B1BC53 /* CSFileModel.swift */,
				4EE751971E81578200B1BC53 /* CSGetMessages.swift */,
				4EE751981E81578200B1BC53 /* CSLocationModel.swift */,
				4EE751991E81578200B1BC53 /* CSLoginResult.swift */,
				4EE7519A1E81578200B1BC53 /* CSMessageModel.swift */,
				4EE7519B1E81578200B1BC53 /* CSModel.swift */,
				4EE7519C1E81578200B1BC53 /* CSResponseModel.swift */,
				4EE7519D1E81578200B1BC53 /* CSSeenByModel.swift */,
				4EE7519E1E81578200B1BC53 /* CSStickerListModel.swift */,
				4EE7519F1E81578200B1BC53 /* CSStickerModel.swift */,
				4EE751A01E81578200B1BC53 /* CSStickerPageModel.swift */,
				4EE751A11E81578200B1BC53 /* CSTypingModel.swift */,
				4EE751A21E81578200B1BC53 /* CSUserModel.swift */,
			);
			path = Models;
			sourceTree = "<group>";
		};
		EAC6BE631C170D3A0038CCB6 /* JSONModel */ = {
			isa = PBXGroup;
			children = (
				4EE751B11E81579000B1BC53 /* JSONValueTransformer+CustomTransformer.swift */,
			);
			path = JSONModel;
			sourceTree = "<group>";
		};
		EAC6BE891C17186F0038CCB6 /* ChatViewController */ = {
			isa = PBXGroup;
			children = (
				4EE751B71E8157B500B1BC53 /* CSChatViewController.swift */,
				4EE751B81E8157B500B1BC53 /* CSChatViewController.xib */,
			);
			path = ChatViewController;
			sourceTree = "<group>";
		};
		EAC6BE8D1C17186F0038CCB6 /* MapViewController */ = {
			isa = PBXGroup;
			children = (
				4EE751BB1E8157C500B1BC53 /* CSDisplayMap.swift */,
				4EE751BC1E8157C500B1BC53 /* CSMapViewController.swift */,
				4EE751BD1E8157C500B1BC53 /* CSMapViewController.xib */,
			);
			path = MapViewController;
			sourceTree = "<group>";
		};
		EAC6BE931C17186F0038CCB6 /* MessageInfoViewController */ = {
			isa = PBXGroup;
			children = (
				4EE751C11E8157CF00B1BC53 /* CSMessageInfoViewController.swift */,
				4EE751C21E8157CF00B1BC53 /* CSMessageInfoViewController.xib */,
			);
			path = MessageInfoViewController;
			sourceTree = "<group>";
		};
		EAC6BE971C17186F0038CCB6 /* RecordAudioViewConstroller */ = {
			isa = PBXGroup;
			children = (
				4EE751C51E8157DA00B1BC53 /* CSRecordAudioViewController.swift */,
				4EE751C61E8157DA00B1BC53 /* CSRecordAudioViewController.xib */,
			);
			path = RecordAudioViewConstroller;
			sourceTree = "<group>";
		};
		EAC6BE9B1C17186F0038CCB6 /* UploadImagePreviewViewController */ = {
			isa = PBXGroup;
			children = (
				4EE751C91E8157E500B1BC53 /* CSUploadImagePreviewViewController.swift */,
				4EE751CA1E8157E500B1BC53 /* CSUploadImagePreviewViewController.xib */,
			);
			path = UploadImagePreviewViewController;
			sourceTree = "<group>";
		};
		EAC6BE9F1C17186F0038CCB6 /* UploadVideoPreviewViewController */ = {
			isa = PBXGroup;
			children = (
				4EE751CD1E8157EF00B1BC53 /* CSUploadVideoPreviewViewController.swift */,
				4EE751CE1E8157EF00B1BC53 /* CSUploadVideoPreviewViewController.xib */,
			);
			path = UploadVideoPreviewViewController;
			sourceTree = "<group>";
		};
		EAC6BEA31C17186F0038CCB6 /* UsersViewController */ = {
			isa = PBXGroup;
			children = (
				4EE751D11E8157F900B1BC53 /* CSUsersViewController.swift */,
				4EE751D21E8157F900B1BC53 /* CSUsersViewController.xib */,
			);
			path = UsersViewController;
			sourceTree = "<group>";
		};
		EAC6BEB61C1719010038CCB6 /* Views */ = {
			isa = PBXGroup;
			children = (
				4EE752591E815A3600B1BC53 /* AudioPlayerView */,
				4EE7525E1E815A3600B1BC53 /* AudioPreviewView */,
				4EE752631E815A3600B1BC53 /* AvatarView */,
				4EE752681E815A3600B1BC53 /* BasePreviewView */,
				4EE7526C1E815A3600B1BC53 /* ChatSettingsView */,
				4EE752731E815A3600B1BC53 /* CustomView */,
				4EE752771E815A3600B1BC53 /* ImagePreviewView */,
				4EE7527C1E815A3600B1BC53 /* MenuView */,
				4EE752831E815A3600B1BC53 /* NotificationOverlayView */,
				4EE7528B1E815A3600B1BC53 /* ProgressLoadingView */,
				4EE752901E815A3600B1BC53 /* ProgressUploadingView */,
				4EE752951E815A3600B1BC53 /* StickerView */,
				4EE7529C1E815A3600B1BC53 /* TitleView */,
				4EE752A01E815A3600B1BC53 /* VideoPreviewView */,
			);
			path = Views;
			sourceTree = "<group>";
		};
		EAC6BEC81C171C240038CCB6 /* Cells */ = {
			isa = PBXGroup;
			children = (
				4EE751F21E81589500B1BC53 /* CSCellClickedDelegate.swift */,
				EABB0BCB1CA3FBD400FE7350 /* MyStickerMessageCell */,
				EABB0BCC1CA3FBD400FE7350 /* YourStickerMessageCell */,
				EAEA8AC61CA2CA5000E849E6 /* StickerCell */,
				EAC6BEE71C171F380038CCB6 /* BaseCell */,
				EAC6BEFE1C1722460038CCB6 /* MyImageMessageCell */,
				EAC6BF0A1C1722DA0038CCB6 /* MyMediaMessageCell */,
				EAC6BEE11C171EF10038CCB6 /* MyTextMessageCell */,
				EAC6BED51C171D770038CCB6 /* SeenByCell */,
				EAC6BEEB1C171F940038CCB6 /* UserInfoCell */,
				EAC6BEC91C171C4D0038CCB6 /* UsersCell */,
				EAC6BEF71C17206A0038CCB6 /* YourImageMessageCell */,
				EAC6BF041C1722920038CCB6 /* YourMediaMessageCell */,
				EAC6BEF11C171FE20038CCB6 /* YourTextMessageCell */,
			);
			path = Cells;
			sourceTree = "<group>";
		};
		EAC6BEC91C171C4D0038CCB6 /* UsersCell */ = {
			isa = PBXGroup;
			children = (
				4EE7523F1E8159B700B1BC53 /* CSUsersTableViewCell.swift */,
				4EE752401E8159B700B1BC53 /* CSUsersTableViewCell.xib */,
			);
			path = UsersCell;
			sourceTree = "<group>";
		};
		EAC6BED51C171D770038CCB6 /* SeenByCell */ = {
			isa = PBXGroup;
			children = (
				4EE752311E81598300B1BC53 /* CSSeenByTableViewCell.swift */,
				4EE752321E81598300B1BC53 /* CSSeenByTableViewCell.xib */,
			);
			path = SeenByCell;
			sourceTree = "<group>";
		};
		EAC6BEE11C171EF10038CCB6 /* MyTextMessageCell */ = {
			isa = PBXGroup;
			children = (
				4EE7522A1E81596F00B1BC53 /* CSMyTextMessageTableViewCell.swift */,
				4EE7522B1E81596F00B1BC53 /* CSMyTextMessageTableViewCell.xib */,
			);
			path = MyTextMessageCell;
			sourceTree = "<group>";
		};
		EAC6BEE71C171F380038CCB6 /* BaseCell */ = {
			isa = PBXGroup;
			children = (
				4EE752171E81592500B1BC53 /* CSBaseTableViewCell.swift */,
			);
			path = BaseCell;
			sourceTree = "<group>";
		};
		EAC6BEEB1C171F940038CCB6 /* UserInfoCell */ = {
			isa = PBXGroup;
			children = (
				4EE752381E81599700B1BC53 /* CSUserInfoTableViewCell.swift */,
				4EE752391E81599700B1BC53 /* CSUserInfoTableViewCell.xib */,
			);
			path = UserInfoCell;
			sourceTree = "<group>";
		};
		EAC6BEF11C171FE20038CCB6 /* YourTextMessageCell */ = {
			isa = PBXGroup;
			children = (
				4EE752541E8159DD00B1BC53 /* CSYourTextMessageTableViewCell.swift */,
				4EE752551E8159DD00B1BC53 /* CSYourTextMessageTableViewCell.xib */,
			);
			path = YourTextMessageCell;
			sourceTree = "<group>";
		};
		EAC6BEF71C17206A0038CCB6 /* YourImageMessageCell */ = {
			isa = PBXGroup;
			children = (
				4EE752461E8159BE00B1BC53 /* CSYourImageMessageTableViewCell.swift */,
				4EE752471E8159BE00B1BC53 /* CSYourImageMessageTableViewCell.xib */,
			);
			path = YourImageMessageCell;
			sourceTree = "<group>";
		};
		EAC6BEFE1C1722460038CCB6 /* MyImageMessageCell */ = {
			isa = PBXGroup;
			children = (
				4EE7521C1E81593A00B1BC53 /* CSMyImageMessageTableViewCell.swift */,
				4EE7521D1E81593A00B1BC53 /* CSMyImageMessageTableViewCell.xib */,
			);
			path = MyImageMessageCell;
			sourceTree = "<group>";
		};
		EAC6BF041C1722920038CCB6 /* YourMediaMessageCell */ = {
			isa = PBXGroup;
			children = (
				4EE7524D1E8159D300B1BC53 /* CSYourMediaMessageTableViewCell.swift */,
				4EE7524E1E8159D300B1BC53 /* CSYourMediaMessageTableViewCell.xib */,
			);
			path = YourMediaMessageCell;
			sourceTree = "<group>";
		};
		EAC6BF0A1C1722DA0038CCB6 /* MyMediaMessageCell */ = {
			isa = PBXGroup;
			children = (
				4EE752231E81595C00B1BC53 /* CSMyMediaMessageTableViewCell.swift */,
				4EE752241E81595C00B1BC53 /* CSMyMediaMessageTableViewCell.xib */,
			);
			path = MyMediaMessageCell;
			sourceTree = "<group>";
		};
		EAEA8AC61CA2CA5000E849E6 /* StickerCell */ = {
			isa = PBXGroup;
			children = (
				4EE752021E81590700B1BC53 /* CSStickerCategoryCollectionViewCell.swift */,
				4EE752031E81590700B1BC53 /* CSStickerCategoryCollectionViewCell.xib */,
				4EE752061E81590700B1BC53 /* CSStickerCollectionViewCell.swift */,
				4EE752071E81590700B1BC53 /* CSStickerCollectionViewCell.xib */,
				4EE7520A1E81590700B1BC53 /* CSStickerPageCollectionViewCell.swift */,
				4EE7520B1E81590700B1BC53 /* CSStickerPageCollectionViewCell.xib */,
			);
			path = StickerCell;
			sourceTree = "<group>";
		};
		EAF767E61C4FAEFB00EB126E /* Resources */ = {
			isa = PBXGroup;
			children = (
				EAF767EB1C4FAF2E00EB126E /* CSChatErrorCodes.strings */,
				EAF767F21C4FD6B900EB126E /* CSChatLocalization.strings */,
			);
			path = Resources;
			sourceTree = "<group>";
		};
		FD67E9535401F42E52A4E642 /* Pods */ = {
			isa = PBXGroup;
			children = (
				61CC48AE25EC9843EE5AEC4A /* Pods-Spika.debug.xcconfig */,
				1E24982593672E2BE1DCF485 /* Pods-Spika.release.xcconfig */,
			);
			name = Pods;
			sourceTree = "<group>";
		};
/* End PBXGroup section */

/* Begin PBXNativeTarget section */
		EAC6BE251C16F8460038CCB6 /* Spika */ = {
			isa = PBXNativeTarget;
			buildConfigurationList = EAC6BE3D1C16F8460038CCB6 /* Build configuration list for PBXNativeTarget "Spika" */;
			buildPhases = (
				3C82CE8035ABA151542852EE /* [CP] Check Pods Manifest.lock */,
				EAC6BE221C16F8460038CCB6 /* Sources */,
				EAC6BE231C16F8460038CCB6 /* Frameworks */,
				EAC6BE241C16F8460038CCB6 /* Resources */,
				6C3A564813E40520BF1DD41B /* [CP] Embed Pods Frameworks */,
				DF07FAA5E18ACC26CB134E42 /* [CP] Copy Pods Resources */,
			);
			buildRules = (
			);
			dependencies = (
			);
			name = Spika;
			productName = Spika;
			productReference = EAC6BE261C16F8460038CCB6 /* Spika.app */;
			productType = "com.apple.product-type.application";
		};
/* End PBXNativeTarget section */

/* Begin PBXProject section */
		EAC6BE1E1C16F8460038CCB6 /* Project object */ = {
			isa = PBXProject;
			attributes = {
				CLASSPREFIX = CS;
				LastUpgradeCheck = 0820;
				ORGANIZATIONNAME = "Clover Studio";
				TargetAttributes = {
					EAC6BE251C16F8460038CCB6 = {
						CreatedOnToolsVersion = 7.1.1;
						DevelopmentTeam = 7S572U2C68;
						LastSwiftMigration = 0820;
						ProvisioningStyle = Automatic;
					};
				};
			};
			buildConfigurationList = EAC6BE211C16F8460038CCB6 /* Build configuration list for PBXProject "Spika" */;
			compatibilityVersion = "Xcode 3.2";
			developmentRegion = English;
			hasScannedForEncodings = 0;
			knownRegions = (
				en,
				Base,
				hr,
			);
			mainGroup = EAC6BE1D1C16F8460038CCB6;
			productRefGroup = EAC6BE271C16F8460038CCB6 /* Products */;
			projectDirPath = "";
			projectRoot = "";
			targets = (
				EAC6BE251C16F8460038CCB6 /* Spika */,
			);
		};
/* End PBXProject section */

/* Begin PBXResourcesBuildPhase section */
		EAC6BE241C16F8460038CCB6 /* Resources */ = {
			isa = PBXResourcesBuildPhase;
			buildActionMask = 2147483647;
			files = (
				4EE751D01E8157EF00B1BC53 /* CSUploadVideoPreviewViewController.xib in Resources */,
				4EE7522E1E81596F00B1BC53 /* CSMyTextMessageTableViewCell.xib in Resources */,
				4EE752351E81598300B1BC53 /* CSSeenByTableViewCell.xib in Resources */,
				4EE752141E81590700B1BC53 /* CSStickerPageCollectionViewCell.xib in Resources */,
				4EE752CB1E815A3600B1BC53 /* CSStickerView.xib in Resources */,
				4EE751C01E8157C500B1BC53 /* CSMapViewController.xib in Resources */,
				4EE752111E81590700B1BC53 /* CSStickerCollectionViewCell.xib in Resources */,
				4EE752BB1E815A3600B1BC53 /* CSMenuView.xib in Resources */,
				4EE752B31E815A3600B1BC53 /* CSChatSettingsView.xib in Resources */,
				4EE751C81E8157DA00B1BC53 /* CSRecordAudioViewController.xib in Resources */,
				4EE752AA1E815A3600B1BC53 /* CSAudioPreviewView.xib in Resources */,
				4EE752C11E815A3600B1BC53 /* CSNotificationOverlayView.xib in Resources */,
				4EE751FF1E8158F800B1BC53 /* CSYourStickerMessageCell.xib in Resources */,
				4EE752AD1E815A3600B1BC53 /* CSAvatarView.xib in Resources */,
				4EE752C71E815A3600B1BC53 /* CSProgressUploadingView.xib in Resources */,
				4EE752201E81593A00B1BC53 /* CSMyImageMessageTableViewCell.xib in Resources */,
				EAC6BE4E1C1703D80038CCB6 /* Assets.xcassets in Resources */,
				EAF767E91C4FAF2E00EB126E /* CSChatErrorCodes.strings in Resources */,
				4EE751BA1E8157B500B1BC53 /* CSChatViewController.xib in Resources */,
				4EE752C41E815A3600B1BC53 /* CSProgressLoadingView.xib in Resources */,
				4EE751D41E8157F900B1BC53 /* CSUsersViewController.xib in Resources */,
				EAC6BE501C1703D80038CCB6 /* Main.storyboard in Resources */,
				4EE752431E8159B700B1BC53 /* CSUsersTableViewCell.xib in Resources */,
				EAC6BF331C172A330038CCB6 /* Images.xcassets in Resources */,
				4EE752511E8159D300B1BC53 /* CSYourMediaMessageTableViewCell.xib in Resources */,
				EAF767F01C4FD6B900EB126E /* CSChatLocalization.strings in Resources */,
				4EE7524A1E8159BE00B1BC53 /* CSYourImageMessageTableViewCell.xib in Resources */,
				4EE7523C1E81599700B1BC53 /* CSUserInfoTableViewCell.xib in Resources */,
				4EE751CC1E8157E500B1BC53 /* CSUploadImagePreviewViewController.xib in Resources */,
				4EE7520E1E81590700B1BC53 /* CSStickerCategoryCollectionViewCell.xib in Resources */,
				4EE751FB1E8158D700B1BC53 /* CSMyStickerMessageCell.xib in Resources */,
				4EE752A71E815A3600B1BC53 /* SE2AudioPlayerView.xib in Resources */,
				4EE752581E8159DD00B1BC53 /* CSYourTextMessageTableViewCell.xib in Resources */,
				4EE752D01E815A3600B1BC53 /* CSVideoPreviewView.xib in Resources */,
				4EE751C41E8157CF00B1BC53 /* CSMessageInfoViewController.xib in Resources */,
				4EE752B81E815A3600B1BC53 /* CSImagePreviewView.xib in Resources */,
				4EE752271E81595C00B1BC53 /* CSMyMediaMessageTableViewCell.xib in Resources */,
				EAC6BE4F1C1703D80038CCB6 /* LaunchScreen.storyboard in Resources */,
			);
			runOnlyForDeploymentPostprocessing = 0;
		};
/* End PBXResourcesBuildPhase section */

/* Begin PBXShellScriptBuildPhase section */
		3C82CE8035ABA151542852EE /* [CP] Check Pods Manifest.lock */ = {
			isa = PBXShellScriptBuildPhase;
			buildActionMask = 2147483647;
			files = (
			);
			inputPaths = (
			);
			name = "[CP] Check Pods Manifest.lock";
			outputPaths = (
			);
			runOnlyForDeploymentPostprocessing = 0;
			shellPath = /bin/sh;
			shellScript = "diff \"${PODS_ROOT}/../Podfile.lock\" \"${PODS_ROOT}/Manifest.lock\" > /dev/null\nif [ $? != 0 ] ; then\n    # print error to STDERR\n    echo \"error: The sandbox is not in sync with the Podfile.lock. Run 'pod install' or update your CocoaPods installation.\" >&2\n    exit 1\nfi\n";
			showEnvVarsInLog = 0;
		};
		6C3A564813E40520BF1DD41B /* [CP] Embed Pods Frameworks */ = {
			isa = PBXShellScriptBuildPhase;
			buildActionMask = 2147483647;
			files = (
			);
			inputPaths = (
			);
			name = "[CP] Embed Pods Frameworks";
			outputPaths = (
			);
			runOnlyForDeploymentPostprocessing = 0;
			shellPath = /bin/sh;
			shellScript = "\"${SRCROOT}/Pods/Target Support Files/Pods-Spika/Pods-Spika-frameworks.sh\"\n";
			showEnvVarsInLog = 0;
		};
		DF07FAA5E18ACC26CB134E42 /* [CP] Copy Pods Resources */ = {
			isa = PBXShellScriptBuildPhase;
			buildActionMask = 2147483647;
			files = (
			);
			inputPaths = (
			);
			name = "[CP] Copy Pods Resources";
			outputPaths = (
			);
			runOnlyForDeploymentPostprocessing = 0;
			shellPath = /bin/sh;
			shellScript = "\"${SRCROOT}/Pods/Target Support Files/Pods-Spika/Pods-Spika-resources.sh\"\n";
			showEnvVarsInLog = 0;
		};
/* End PBXShellScriptBuildPhase section */

/* Begin PBXSourcesBuildPhase section */
		EAC6BE221C16F8460038CCB6 /* Sources */ = {
			isa = PBXSourcesBuildPhase;
			buildActionMask = 2147483647;
			files = (
				4EE751E41E81580800B1BC53 /* CSAvatarLoader.swift in Sources */,
				4EE752BA1E815A3600B1BC53 /* CSMenuView.swift in Sources */,
				4EE751CB1E8157E500B1BC53 /* CSUploadImagePreviewViewController.swift in Sources */,
				4E5F0AE81E657D3200107A34 /* SIOSocket.swift in Sources */,
				4EE751D31E8157F900B1BC53 /* CSUsersViewController.swift in Sources */,
				4EE7521F1E81593A00B1BC53 /* CSMyImageMessageTableViewCell.swift in Sources */,
				4EE752C61E815A3600B1BC53 /* CSProgressUploadingView.swift in Sources */,
				4EE751C31E8157CF00B1BC53 /* CSMessageInfoViewController.swift in Sources */,
				4EE751A81E81578200B1BC53 /* CSMessageModel.swift in Sources */,
				4EE751AC1E81578200B1BC53 /* CSStickerListModel.swift in Sources */,
				4EE7522D1E81596F00B1BC53 /* CSMyTextMessageTableViewCell.swift in Sources */,
				4EE752491E8159BE00B1BC53 /* CSYourImageMessageTableViewCell.swift in Sources */,
				4EE751AF1E81578200B1BC53 /* CSTypingModel.swift in Sources */,
				4EE752A91E815A3600B1BC53 /* CSAudioPreviewView.swift in Sources */,
				4EE751EA1E81580800B1BC53 /* CSSocketController.swift in Sources */,
				4EE752341E81598300B1BC53 /* CSSeenByTableViewCell.swift in Sources */,
				4EE751B91E8157B500B1BC53 /* CSChatViewController.swift in Sources */,
				4EE752CA1E815A3600B1BC53 /* CSStickerView.swift in Sources */,
				4EE7520D1E81590700B1BC53 /* CSStickerCategoryCollectionViewCell.swift in Sources */,
				4EE751BE1E8157C500B1BC53 /* CSDisplayMap.swift in Sources */,
				4EE751EE1E81580800B1BC53 /* NSNotification+Spika.swift in Sources */,
				4EE751AA1E81578200B1BC53 /* CSResponseModel.swift in Sources */,
				4EE751FE1E8158F800B1BC53 /* CSYourStickerMessageCell.swift in Sources */,
				4EE752A61E815A3600B1BC53 /* SE2AudioPlayerView.swift in Sources */,
				4EE751E31E81580800B1BC53 /* CSApiManager.swift in Sources */,
				4EE752131E81590700B1BC53 /* CSStickerPageCollectionViewCell.swift in Sources */,
				4E5F0AB01E655DF800107A34 /* ViewController.swift in Sources */,
				4E5F0AAF1E655DF800107A34 /* AppDelegate.swift in Sources */,
				4EE751AE1E81578200B1BC53 /* CSStickerPageModel.swift in Sources */,
				4EE752AF1E815A3600B1BC53 /* CSBasePreviewView.swift in Sources */,
				4EE752B01E815A3600B1BC53 /* ChatSettingsViewDelegate.swift in Sources */,
				4EE751A31E81578200B1BC53 /* CSFileDetailsModel.swift in Sources */,
				4EE751F31E81589500B1BC53 /* CSCellClickedDelegate.swift in Sources */,
				4EE752B51E815A3600B1BC53 /* CSCustomView.swift in Sources */,
				4EE752CF1E815A3600B1BC53 /* CSVideoPreviewView.swift in Sources */,
				4E5F0B1A1E66057F00107A34 /* CSMyStickerMessageCell.swift in Sources */,
				4EE752C81E815A3600B1BC53 /* CSStickerDelegate.swift in Sources */,
				4EE752BC1E815A3600B1BC53 /* CSMenuViewDelegate.swift in Sources */,
				4EE751BF1E8157C500B1BC53 /* CSMapViewController.swift in Sources */,
				4EE751E81E81580800B1BC53 /* CSDownloadManager.swift in Sources */,
				4EE7523B1E81599700B1BC53 /* CSUserInfoTableViewCell.swift in Sources */,
				4EE751B61E8157A900B1BC53 /* UIAlertController+APIError.swift in Sources */,
				4EE752B21E815A3600B1BC53 /* CSChatSettingsView.swift in Sources */,
				4EE751B41E8157A000B1BC53 /* CSBaseViewController.swift in Sources */,
				4EE752501E8159D300B1BC53 /* CSYourMediaMessageTableViewCell.swift in Sources */,
				4EE752CD1E815A3600B1BC53 /* CSTitleView.swift in Sources */,
				4EE752101E81590700B1BC53 /* CSStickerCollectionViewCell.swift in Sources */,
				4EE751E61E81580800B1BC53 /* CSConfig.swift in Sources */,
				4EE752261E81595C00B1BC53 /* CSMyMediaMessageTableViewCell.swift in Sources */,
				4EE751A91E81578200B1BC53 /* CSModel.swift in Sources */,
				4EE751CF1E8157EF00B1BC53 /* CSUploadVideoPreviewViewController.swift in Sources */,
				4EE752C01E815A3600B1BC53 /* CSNotificationOverlayView.swift in Sources */,
				4EE752B71E815A3600B1BC53 /* CSImagePreviewView.swift in Sources */,
				4EE751B01E81578200B1BC53 /* CSUserModel.swift in Sources */,
				4EE751E51E81580800B1BC53 /* CSChatErrorCodes.swift in Sources */,
				4EE751C71E8157DA00B1BC53 /* CSRecordAudioViewController.swift in Sources */,
				4EE752421E8159B700B1BC53 /* CSUsersTableViewCell.swift in Sources */,
				4EE751A41E81578200B1BC53 /* CSFileModel.swift in Sources */,
				4EE751ED1E81580800B1BC53 /* Date+Formatter.swift in Sources */,
				4EE751A71E81578200B1BC53 /* CSLoginResult.swift in Sources */,
				4E5F0AE71E657D3200107A34 /* SocketEventHandler.swift in Sources */,
				4EE751E91E81580800B1BC53 /* CSEmitJsonCreator.swift in Sources */,
				4EE751A51E81578200B1BC53 /* CSGetMessages.swift in Sources */,
				4EE751E71E81580800B1BC53 /* CSCustomConfig.swift in Sources */,
				4EE751EF1E81580800B1BC53 /* UIColor+Alpha.swift in Sources */,
				4EE752BE1E815A3600B1BC53 /* CSNotificationOverlayQueue.swift in Sources */,
				4EE751F01E81580800B1BC53 /* UIDevice+Version.swift in Sources */,
				4EE751EC1E81580800B1BC53 /* CSUtils.swift in Sources */,
				4EE751A61E81578200B1BC53 /* CSLocationModel.swift in Sources */,
				4EE751AB1E81578200B1BC53 /* CSSeenByModel.swift in Sources */,
				4EE752C31E815A3600B1BC53 /* CSProgressLoadingView.swift in Sources */,
				4EE752191E81592500B1BC53 /* CSBaseTableViewCell.swift in Sources */,
				4EE751B21E81579000B1BC53 /* JSONValueTransformer+CustomTransformer.swift in Sources */,
				4EE752571E8159DD00B1BC53 /* CSYourTextMessageTableViewCell.swift in Sources */,
				4EE751AD1E81578200B1BC53 /* CSStickerModel.swift in Sources */,
				4EE752AC1E815A3600B1BC53 /* CSAvatarView.swift in Sources */,
				4EE751EB1E81580800B1BC53 /* CSUploadManager.swift in Sources */,
			);
			runOnlyForDeploymentPostprocessing = 0;
		};
/* End PBXSourcesBuildPhase section */

/* Begin PBXVariantGroup section */
		EAC6BE451C1703D80038CCB6 /* LaunchScreen.storyboard */ = {
			isa = PBXVariantGroup;
			children = (
				EAC6BE461C1703D80038CCB6 /* Base */,
			);
			name = LaunchScreen.storyboard;
			sourceTree = "<group>";
		};
		EAC6BE471C1703D80038CCB6 /* Main.storyboard */ = {
			isa = PBXVariantGroup;
			children = (
				EAC6BE481C1703D80038CCB6 /* Base */,
			);
			name = Main.storyboard;
			sourceTree = "<group>";
		};
		EAF767EB1C4FAF2E00EB126E /* CSChatErrorCodes.strings */ = {
			isa = PBXVariantGroup;
			children = (
				EAF767EA1C4FAF2E00EB126E /* en */,
				EAF767ED1C4FB7F700EB126E /* hr */,
			);
			name = CSChatErrorCodes.strings;
			sourceTree = "<group>";
		};
		EAF767F21C4FD6B900EB126E /* CSChatLocalization.strings */ = {
			isa = PBXVariantGroup;
			children = (
				EAF767F11C4FD6B900EB126E /* en */,
				EAF767F31C4FD6BB00EB126E /* hr */,
			);
			name = CSChatLocalization.strings;
			sourceTree = "<group>";
		};
/* End PBXVariantGroup section */

/* Begin XCBuildConfiguration section */
		EAC6BE3B1C16F8460038CCB6 /* Debug */ = {
			isa = XCBuildConfiguration;
			buildSettings = {
				ALWAYS_SEARCH_USER_PATHS = NO;
				CLANG_ANALYZER_LOCALIZABILITY_NONLOCALIZED = YES;
				CLANG_CXX_LANGUAGE_STANDARD = "gnu++0x";
				CLANG_CXX_LIBRARY = "libc++";
				CLANG_ENABLE_MODULES = YES;
				CLANG_ENABLE_OBJC_ARC = YES;
				CLANG_WARN_BOOL_CONVERSION = YES;
				CLANG_WARN_CONSTANT_CONVERSION = YES;
				CLANG_WARN_DIRECT_OBJC_ISA_USAGE = YES_ERROR;
				CLANG_WARN_EMPTY_BODY = YES;
				CLANG_WARN_ENUM_CONVERSION = YES;
				CLANG_WARN_INFINITE_RECURSION = YES;
				CLANG_WARN_INT_CONVERSION = YES;
				CLANG_WARN_OBJC_ROOT_CLASS = YES_ERROR;
				CLANG_WARN_SUSPICIOUS_MOVE = YES;
				CLANG_WARN_UNREACHABLE_CODE = YES;
				CLANG_WARN__DUPLICATE_METHOD_MATCH = YES;
				CODE_SIGN_IDENTITY = "iPhone Developer: Ken Yasue (WD4936TY3H)";
				"CODE_SIGN_IDENTITY[sdk=iphoneos*]" = "iPhone Developer: Ken Yasue (WD4936TY3H)";
				COPY_PHASE_STRIP = NO;
				DEBUG_INFORMATION_FORMAT = dwarf;
				ENABLE_STRICT_OBJC_MSGSEND = YES;
				ENABLE_TESTABILITY = YES;
				GCC_C_LANGUAGE_STANDARD = gnu99;
				GCC_DYNAMIC_NO_PIC = NO;
				GCC_NO_COMMON_BLOCKS = YES;
				GCC_OPTIMIZATION_LEVEL = 0;
				GCC_PREPROCESSOR_DEFINITIONS = (
					"DEBUG=1",
					"$(inherited)",
				);
				GCC_WARN_64_TO_32_BIT_CONVERSION = YES;
				GCC_WARN_ABOUT_RETURN_TYPE = YES_ERROR;
				GCC_WARN_UNDECLARED_SELECTOR = YES;
				GCC_WARN_UNINITIALIZED_AUTOS = YES_AGGRESSIVE;
				GCC_WARN_UNUSED_FUNCTION = YES;
				GCC_WARN_UNUSED_VARIABLE = YES;
				IPHONEOS_DEPLOYMENT_TARGET = 10.2;
				MTL_ENABLE_DEBUG_INFO = YES;
				ONLY_ACTIVE_ARCH = YES;
				SDKROOT = iphoneos;
			};
			name = Debug;
		};
		EAC6BE3C1C16F8460038CCB6 /* Release */ = {
			isa = XCBuildConfiguration;
			buildSettings = {
				ALWAYS_SEARCH_USER_PATHS = NO;
				CLANG_ANALYZER_LOCALIZABILITY_NONLOCALIZED = YES;
				CLANG_CXX_LANGUAGE_STANDARD = "gnu++0x";
				CLANG_CXX_LIBRARY = "libc++";
				CLANG_ENABLE_MODULES = YES;
				CLANG_ENABLE_OBJC_ARC = YES;
				CLANG_WARN_BOOL_CONVERSION = YES;
				CLANG_WARN_CONSTANT_CONVERSION = YES;
				CLANG_WARN_DIRECT_OBJC_ISA_USAGE = YES_ERROR;
				CLANG_WARN_EMPTY_BODY = YES;
				CLANG_WARN_ENUM_CONVERSION = YES;
				CLANG_WARN_INFINITE_RECURSION = YES;
				CLANG_WARN_INT_CONVERSION = YES;
				CLANG_WARN_OBJC_ROOT_CLASS = YES_ERROR;
				CLANG_WARN_SUSPICIOUS_MOVE = YES;
				CLANG_WARN_UNREACHABLE_CODE = YES;
				CLANG_WARN__DUPLICATE_METHOD_MATCH = YES;
				CODE_SIGN_IDENTITY = "iPhone Developer";
				"CODE_SIGN_IDENTITY[sdk=iphoneos*]" = "iPhone Developer";
				COPY_PHASE_STRIP = NO;
				DEBUG_INFORMATION_FORMAT = "dwarf-with-dsym";
				ENABLE_NS_ASSERTIONS = NO;
				ENABLE_STRICT_OBJC_MSGSEND = YES;
				GCC_C_LANGUAGE_STANDARD = gnu99;
				GCC_NO_COMMON_BLOCKS = YES;
				GCC_WARN_64_TO_32_BIT_CONVERSION = YES;
				GCC_WARN_ABOUT_RETURN_TYPE = YES_ERROR;
				GCC_WARN_UNDECLARED_SELECTOR = YES;
				GCC_WARN_UNINITIALIZED_AUTOS = YES_AGGRESSIVE;
				GCC_WARN_UNUSED_FUNCTION = YES;
				GCC_WARN_UNUSED_VARIABLE = YES;
				IPHONEOS_DEPLOYMENT_TARGET = 10.2;
				MTL_ENABLE_DEBUG_INFO = NO;
				SDKROOT = iphoneos;
				SWIFT_OPTIMIZATION_LEVEL = "-Owholemodule";
				VALIDATE_PRODUCT = YES;
			};
			name = Release;
		};
		EAC6BE3E1C16F8460038CCB6 /* Debug */ = {
			isa = XCBuildConfiguration;
			baseConfigurationReference = 61CC48AE25EC9843EE5AEC4A /* Pods-Spika.debug.xcconfig */;
			buildSettings = {
				ALWAYS_EMBED_SWIFT_STANDARD_LIBRARIES = YES;
				ASSETCATALOG_COMPILER_APPICON_NAME = AppIcon;
				CLANG_ENABLE_MODULES = YES;
				CODE_SIGN_IDENTITY = "iPhone Developer: Mislav Bagovic (96YEKUB6MR)";
				"CODE_SIGN_IDENTITY[sdk=iphoneos*]" = "iPhone Developer";
				DEVELOPMENT_TEAM = 7S572U2C68;
				INFOPLIST_FILE = "$(SRCROOT)/SpikaExample/Info.plist";
				IPHONEOS_DEPLOYMENT_TARGET = 8.0;
				LD_RUNPATH_SEARCH_PATHS = "$(inherited) @executable_path/Frameworks";
				PRODUCT_BUNDLE_IDENTIFIER = ru.turing.spika;
				PRODUCT_NAME = "$(TARGET_NAME)";
				PROVISIONING_PROFILE = "";
				SWIFT_OBJC_BRIDGING_HEADER = "";
				SWIFT_OPTIMIZATION_LEVEL = "-Onone";
				SWIFT_VERSION = 3.0;
				TARGETED_DEVICE_FAMILY = "1,2";
			};
			name = Debug;
		};
		EAC6BE3F1C16F8460038CCB6 /* Release */ = {
			isa = XCBuildConfiguration;
			baseConfigurationReference = 1E24982593672E2BE1DCF485 /* Pods-Spika.release.xcconfig */;
			buildSettings = {
				ALWAYS_EMBED_SWIFT_STANDARD_LIBRARIES = YES;
				ASSETCATALOG_COMPILER_APPICON_NAME = AppIcon;
				CLANG_ENABLE_MODULES = YES;
				CODE_SIGN_IDENTITY = "iPhone Developer: Mislav Bagovic (96YEKUB6MR)";
				"CODE_SIGN_IDENTITY[sdk=iphoneos*]" = "iPhone Developer";
				DEVELOPMENT_TEAM = 7S572U2C68;
				INFOPLIST_FILE = "$(SRCROOT)/SpikaExample/Info.plist";
				IPHONEOS_DEPLOYMENT_TARGET = 8.0;
				LD_RUNPATH_SEARCH_PATHS = "$(inherited) @executable_path/Frameworks";
				PRODUCT_BUNDLE_IDENTIFIER = ru.turing.spika;
				PRODUCT_NAME = "$(TARGET_NAME)";
				PROVISIONING_PROFILE = "";
				SWIFT_OBJC_BRIDGING_HEADER = "";
				SWIFT_VERSION = 3.0;
				TARGETED_DEVICE_FAMILY = "1,2";
			};
			name = Release;
		};
/* End XCBuildConfiguration section */

/* Begin XCConfigurationList section */
		EAC6BE211C16F8460038CCB6 /* Build configuration list for PBXProject "Spika" */ = {
			isa = XCConfigurationList;
			buildConfigurations = (
				EAC6BE3B1C16F8460038CCB6 /* Debug */,
				EAC6BE3C1C16F8460038CCB6 /* Release */,
			);
			defaultConfigurationIsVisible = 0;
			defaultConfigurationName = Release;
		};
		EAC6BE3D1C16F8460038CCB6 /* Build configuration list for PBXNativeTarget "Spika" */ = {
			isa = XCConfigurationList;
			buildConfigurations = (
				EAC6BE3E1C16F8460038CCB6 /* Debug */,
				EAC6BE3F1C16F8460038CCB6 /* Release */,
			);
			defaultConfigurationIsVisible = 0;
			defaultConfigurationName = Release;
		};
/* End XCConfigurationList section */
	};
	rootObject = EAC6BE1E1C16F8460038CCB6 /* Project object */;
}
